Microsoft Visual Studio Solution File, Format Version 11.00
# Visual Studio 2010
Project("{FAE04EC0-301F-11D3-BF4B-00C04F79EFBC}") = "ILGenerator", "ILGenerator\ILGenerator.csproj", "{08156C78-403A-4112-AD81-8646AC51CD2F}"
EndProject
Project("{FAE04EC0-301F-11D3-BF4B-00C04F79EFBC}") = "MetadataHelper", "MetadataHelper\MetadataHelper.csproj", "{4A34A3C5-6176-49D7-A4C5-B2B671247F8F}"
EndProject
Project("{FAE04EC0-301F-11D3-BF4B-00C04F79EFBC}") = "MetadataModel", "MetadataModel\MetadataModel.csproj", "{33CAB640-0D03-43DF-81BD-22CDC6C0A597}"
EndProject
Project("{FAE04EC0-301F-11D3-BF4B-00C04F79EFBC}") = "Microsoft.Contracts", "Microsoft.Contracts\Microsoft.Contracts.csproj", "{B114E5FF-F2A2-4BE7-8AF1-936FC87030F0}"
EndProject
Project("{FAE04EC0-301F-11D3-BF4B-00C04F79EFBC}") = "MutableMetadataModel", "MutableMetadataModel\MutableMetadataModel.csproj", "{319E151C-8F33-49E7-81C9-30F02F9BA90A}"
EndProject
Project("{FAE04EC0-301F-11D3-BF4B-00C04F79EFBC}") = "PdbReader", "PdbReader\PdbReader.csproj", "{A6A31B03-7C3D-4DE6-AA73-BE88116BC40A}"
EndProject
Project("{FAE04EC0-301F-11D3-BF4B-00C04F79EFBC}") = "PdbWriter", "PdbWriter\PdbWriter.csproj", "{6D83F687-ABB5-40B3-915E-CA53DA0EB7F3}"
EndProject
Project("{FAE04EC0-301F-11D3-BF4B-00C04F79EFBC}") = "PeReader", "PeReader\PeReader.csproj", "{34B9A0CE-DF18-4CBC-8F7A-90C2B74338D5}"
EndProject
Project("{FAE04EC0-301F-11D3-BF4B-00C04F79EFBC}") = "PeWriter", "PeWriter\PeWriter.csproj", "{304A8B0B-851B-4AA6-A17D-5F87F39C5E5C}"
EndProject
Project("{FAE04EC0-301F-11D3-BF4B-00C04F79EFBC}") = "SourceModel", "SourceModel\SourceModel.csproj", "{4B0054FD-124A-4037-9965-BDB55E6BF389}"
EndProject
Project("{FAE04EC0-301F-11D3-BF4B-00C04F79EFBC}") = "Afterthought", "Afterthought\Afterthought.csproj", "{0857EBD2-0AE9-4FE2-B9D9-E3D5F924F0F0}"
EndProject
Project("{FAE04EC0-301F-11D3-BF4B-00C04F79EFBC}") = "Afterthought.UnitTest", "Afterthought.UnitTest\Afterthought.UnitTest.csproj", "{DAFABCD1-7355-4FC2-AE43-A1AB15E035BD}"
EndProject
Project("{2150E333-8FDC-42A3-9474-1A3956D46DE8}") = "Solution Items", "Solution Items", "{117576C5-77C6-4851-B271-5B0AAB147E7F}"
	ProjectSection(SolutionItems) = preProject
		Afterthought.vsmdi = Afterthought.vsmdi
		License.txt = License.txt
		Local.testsettings = Local.testsettings
		README.md = README.md
		TraceAndTestImpact.testsettings = TraceAndTestImpact.testsettings
	EndProjectSection
EndProject
Project("{FAE04EC0-301F-11D3-BF4B-00C04F79EFBC}") = "Afterthought.UnitTest.Target", "Afterthought.UnitTest.Target\Afterthought.UnitTest.Target.csproj", "{F8EDDA64-66A0-433B-9DC2-A6D9CF9AEB84}"
EndProject
Project("{FAE04EC0-301F-11D3-BF4B-00C04F79EFBC}") = "Afterthought.Amender", "Afterthought.Amender\Afterthought.Amender.csproj", "{FF39EADC-9D3C-40EB-A0EA-60C76C560D54}"
EndProject
Global
	GlobalSection(TeamFoundationVersionControl) = preSolution
		SccNumberOfProjects = 15
		SccEnterpriseProvider = {4CA58AB2-18FA-4F8D-95D4-32DDF27D184C}
		SccTeamFoundationServer = http://vc3-cae-tfs-01.vc3.com:8080/tfs/defaultcollection
		SccLocalPath0 = .
		SccProjectUniqueName1 = Afterthought\\Afterthought.csproj
		SccProjectName1 = Afterthought
		SccLocalPath1 = Afterthought
		SccProjectUniqueName2 = ILGenerator\\ILGenerator.csproj
		SccProjectName2 = ILGenerator
		SccLocalPath2 = ILGenerator
		SccProjectUniqueName3 = MetadataHelper\\MetadataHelper.csproj
		SccProjectName3 = MetadataHelper
		SccLocalPath3 = MetadataHelper
		SccProjectUniqueName4 = MetadataModel\\MetadataModel.csproj
		SccProjectName4 = MetadataModel
		SccLocalPath4 = MetadataModel
		SccProjectUniqueName5 = Microsoft.Contracts\\Microsoft.Contracts.csproj
		SccProjectName5 = Microsoft.Contracts
		SccLocalPath5 = Microsoft.Contracts
		SccProjectUniqueName6 = MutableMetadataModel\\MutableMetadataModel.csproj
		SccProjectName6 = MutableMetadataModel
		SccLocalPath6 = MutableMetadataModel
		SccProjectUniqueName7 = PdbReader\\PdbReader.csproj
		SccProjectName7 = PdbReader
		SccLocalPath7 = PdbReader
		SccProjectUniqueName8 = PdbWriter\\PdbWriter.csproj
		SccProjectName8 = PdbWriter
		SccLocalPath8 = PdbWriter
		SccProjectUniqueName9 = PeReader\\PeReader.csproj
		SccProjectName9 = PeReader
		SccLocalPath9 = PeReader
		SccProjectUniqueName10 = PeWriter\\PeWriter.csproj
		SccProjectName10 = PeWriter
		SccLocalPath10 = PeWriter
		SccProjectUniqueName11 = SourceModel\\SourceModel.csproj
		SccProjectName11 = SourceModel
		SccLocalPath11 = SourceModel
		SccProjectUniqueName12 = Afterthought.UnitTest\\Afterthought.UnitTest.csproj
		SccProjectName12 = Afterthought.UnitTest
		SccLocalPath12 = Afterthought.UnitTest
		SccProjectUniqueName13 = Afterthought.UnitTest.Target\\Afterthought.UnitTest.Target.csproj
		SccProjectName13 = Afterthought.UnitTest.Target
		SccLocalPath13 = Afterthought.UnitTest.Target
		SccProjectUniqueName14 = Afterthought.Amender\\Afterthought.Amender.csproj
		SccProjectName14 = Afterthought.Amender
		SccLocalPath14 = Afterthought.Amender
	EndGlobalSection
	GlobalSection(TestCaseManagementSettings) = postSolution
		CategoryFile = Afterthought.vsmdi
	EndGlobalSection
	GlobalSection(SolutionConfigurationPlatforms) = preSolution
		CompilerOnly|Any CPU = CompilerOnly|Any CPU
		CompilerOnly|Mixed Platforms = CompilerOnly|Mixed Platforms
		CompilerOnly|Win32 = CompilerOnly|Win32
		CompilerOnly|x86 = CompilerOnly|x86
		Debug|Any CPU = Debug|Any CPU
		Debug|Mixed Platforms = Debug|Mixed Platforms
		Debug|Win32 = Debug|Win32
		Debug|x86 = Debug|x86
		FastpathSim|Any CPU = FastpathSim|Any CPU
		FastpathSim|Mixed Platforms = FastpathSim|Mixed Platforms
		FastpathSim|Win32 = FastpathSim|Win32
		FastpathSim|x86 = FastpathSim|x86
		NightlyDebug|Any CPU = NightlyDebug|Any CPU
		NightlyDebug|Mixed Platforms = NightlyDebug|Mixed Platforms
		NightlyDebug|Win32 = NightlyDebug|Win32
		NightlyDebug|x86 = NightlyDebug|x86
		NightlyRelease|Any CPU = NightlyRelease|Any CPU
		NightlyRelease|Mixed Platforms = NightlyRelease|Mixed Platforms
		NightlyRelease|Win32 = NightlyRelease|Win32
		NightlyRelease|x86 = NightlyRelease|x86
		Release|Any CPU = Release|Any CPU
		Release|Mixed Platforms = Release|Mixed Platforms
		Release|Win32 = Release|Win32
		Release|x86 = Release|x86
	EndGlobalSection
	GlobalSection(ProjectConfigurationPlatforms) = postSolution
		{08156C78-403A-4112-AD81-8646AC51CD2F}.CompilerOnly|Any CPU.ActiveCfg = CompilerOnly|Any CPU
		{08156C78-403A-4112-AD81-8646AC51CD2F}.CompilerOnly|Any CPU.Build.0 = CompilerOnly|Any CPU
		{08156C78-403A-4112-AD81-8646AC51CD2F}.CompilerOnly|Mixed Platforms.ActiveCfg = CompilerOnly|Any CPU
		{08156C78-403A-4112-AD81-8646AC51CD2F}.CompilerOnly|Mixed Platforms.Build.0 = CompilerOnly|Any CPU
		{08156C78-403A-4112-AD81-8646AC51CD2F}.CompilerOnly|Win32.ActiveCfg = CompilerOnly|Any CPU
		{08156C78-403A-4112-AD81-8646AC51CD2F}.CompilerOnly|x86.ActiveCfg = CompilerOnly|Any CPU
		{08156C78-403A-4112-AD81-8646AC51CD2F}.Debug|Any CPU.ActiveCfg = Debug|Any CPU
		{08156C78-403A-4112-AD81-8646AC51CD2F}.Debug|Any CPU.Build.0 = Debug|Any CPU
		{08156C78-403A-4112-AD81-8646AC51CD2F}.Debug|Mixed Platforms.ActiveCfg = Debug|Any CPU
		{08156C78-403A-4112-AD81-8646AC51CD2F}.Debug|Mixed Platforms.Build.0 = Debug|Any CPU
		{08156C78-403A-4112-AD81-8646AC51CD2F}.Debug|Win32.ActiveCfg = Debug|Any CPU
		{08156C78-403A-4112-AD81-8646AC51CD2F}.Debug|x86.ActiveCfg = Debug|Any CPU
		{08156C78-403A-4112-AD81-8646AC51CD2F}.FastpathSim|Any CPU.ActiveCfg = CompilerOnly|Any CPU
		{08156C78-403A-4112-AD81-8646AC51CD2F}.FastpathSim|Any CPU.Build.0 = CompilerOnly|Any CPU
		{08156C78-403A-4112-AD81-8646AC51CD2F}.FastpathSim|Mixed Platforms.ActiveCfg = CompilerOnly|Any CPU
		{08156C78-403A-4112-AD81-8646AC51CD2F}.FastpathSim|Mixed Platforms.Build.0 = CompilerOnly|Any CPU
		{08156C78-403A-4112-AD81-8646AC51CD2F}.FastpathSim|Win32.ActiveCfg = CompilerOnly|Any CPU
		{08156C78-403A-4112-AD81-8646AC51CD2F}.FastpathSim|x86.ActiveCfg = CompilerOnly|Any CPU
		{08156C78-403A-4112-AD81-8646AC51CD2F}.NightlyDebug|Any CPU.ActiveCfg = Debug|Any CPU
		{08156C78-403A-4112-AD81-8646AC51CD2F}.NightlyDebug|Any CPU.Build.0 = Debug|Any CPU
		{08156C78-403A-4112-AD81-8646AC51CD2F}.NightlyDebug|Mixed Platforms.ActiveCfg = Debug|Any CPU
		{08156C78-403A-4112-AD81-8646AC51CD2F}.NightlyDebug|Mixed Platforms.Build.0 = Debug|Any CPU
		{08156C78-403A-4112-AD81-8646AC51CD2F}.NightlyDebug|Win32.ActiveCfg = Debug|Any CPU
		{08156C78-403A-4112-AD81-8646AC51CD2F}.NightlyDebug|x86.ActiveCfg = Debug|Any CPU
		{08156C78-403A-4112-AD81-8646AC51CD2F}.NightlyRelease|Any CPU.ActiveCfg = Release|Any CPU
		{08156C78-403A-4112-AD81-8646AC51CD2F}.NightlyRelease|Any CPU.Build.0 = Release|Any CPU
		{08156C78-403A-4112-AD81-8646AC51CD2F}.NightlyRelease|Mixed Platforms.ActiveCfg = Release|Any CPU
		{08156C78-403A-4112-AD81-8646AC51CD2F}.NightlyRelease|Mixed Platforms.Build.0 = Release|Any CPU
		{08156C78-403A-4112-AD81-8646AC51CD2F}.NightlyRelease|Win32.ActiveCfg = Release|Any CPU
		{08156C78-403A-4112-AD81-8646AC51CD2F}.NightlyRelease|x86.ActiveCfg = Release|Any CPU
		{08156C78-403A-4112-AD81-8646AC51CD2F}.Release|Any CPU.ActiveCfg = Release|Any CPU
		{08156C78-403A-4112-AD81-8646AC51CD2F}.Release|Any CPU.Build.0 = Release|Any CPU
		{08156C78-403A-4112-AD81-8646AC51CD2F}.Release|Mixed Platforms.ActiveCfg = Release|Any CPU
		{08156C78-403A-4112-AD81-8646AC51CD2F}.Release|Mixed Platforms.Build.0 = Release|Any CPU
		{08156C78-403A-4112-AD81-8646AC51CD2F}.Release|Win32.ActiveCfg = Release|Any CPU
		{08156C78-403A-4112-AD81-8646AC51CD2F}.Release|x86.ActiveCfg = Release|Any CPU
		{4A34A3C5-6176-49D7-A4C5-B2B671247F8F}.CompilerOnly|Any CPU.ActiveCfg = CompilerOnly|Any CPU
		{4A34A3C5-6176-49D7-A4C5-B2B671247F8F}.CompilerOnly|Any CPU.Build.0 = CompilerOnly|Any CPU
		{4A34A3C5-6176-49D7-A4C5-B2B671247F8F}.CompilerOnly|Mixed Platforms.ActiveCfg = CompilerOnly|Any CPU
		{4A34A3C5-6176-49D7-A4C5-B2B671247F8F}.CompilerOnly|Mixed Platforms.Build.0 = CompilerOnly|Any CPU
		{4A34A3C5-6176-49D7-A4C5-B2B671247F8F}.CompilerOnly|Win32.ActiveCfg = CompilerOnly|Any CPU
		{4A34A3C5-6176-49D7-A4C5-B2B671247F8F}.CompilerOnly|x86.ActiveCfg = CompilerOnly|Any CPU
		{4A34A3C5-6176-49D7-A4C5-B2B671247F8F}.Debug|Any CPU.ActiveCfg = Debug|Any CPU
		{4A34A3C5-6176-49D7-A4C5-B2B671247F8F}.Debug|Any CPU.Build.0 = Debug|Any CPU
		{4A34A3C5-6176-49D7-A4C5-B2B671247F8F}.Debug|Mixed Platforms.ActiveCfg = Debug|Any CPU
		{4A34A3C5-6176-49D7-A4C5-B2B671247F8F}.Debug|Mixed Platforms.Build.0 = Debug|Any CPU
		{4A34A3C5-6176-49D7-A4C5-B2B671247F8F}.Debug|Win32.ActiveCfg = Debug|Any CPU
		{4A34A3C5-6176-49D7-A4C5-B2B671247F8F}.Debug|x86.ActiveCfg = Debug|Any CPU
		{4A34A3C5-6176-49D7-A4C5-B2B671247F8F}.FastpathSim|Any CPU.ActiveCfg = CompilerOnly|Any CPU
		{4A34A3C5-6176-49D7-A4C5-B2B671247F8F}.FastpathSim|Any CPU.Build.0 = CompilerOnly|Any CPU
		{4A34A3C5-6176-49D7-A4C5-B2B671247F8F}.FastpathSim|Mixed Platforms.ActiveCfg = CompilerOnly|Any CPU
		{4A34A3C5-6176-49D7-A4C5-B2B671247F8F}.FastpathSim|Mixed Platforms.Build.0 = CompilerOnly|Any CPU
		{4A34A3C5-6176-49D7-A4C5-B2B671247F8F}.FastpathSim|Win32.ActiveCfg = CompilerOnly|Any CPU
		{4A34A3C5-6176-49D7-A4C5-B2B671247F8F}.FastpathSim|x86.ActiveCfg = CompilerOnly|Any CPU
		{4A34A3C5-6176-49D7-A4C5-B2B671247F8F}.NightlyDebug|Any CPU.ActiveCfg = NightlyDebug|Any CPU
		{4A34A3C5-6176-49D7-A4C5-B2B671247F8F}.NightlyDebug|Any CPU.Build.0 = NightlyDebug|Any CPU
		{4A34A3C5-6176-49D7-A4C5-B2B671247F8F}.NightlyDebug|Mixed Platforms.ActiveCfg = NightlyDebug|Any CPU
		{4A34A3C5-6176-49D7-A4C5-B2B671247F8F}.NightlyDebug|Mixed Platforms.Build.0 = NightlyDebug|Any CPU
		{4A34A3C5-6176-49D7-A4C5-B2B671247F8F}.NightlyDebug|Win32.ActiveCfg = NightlyDebug|Any CPU
		{4A34A3C5-6176-49D7-A4C5-B2B671247F8F}.NightlyDebug|x86.ActiveCfg = NightlyDebug|Any CPU
		{4A34A3C5-6176-49D7-A4C5-B2B671247F8F}.NightlyRelease|Any CPU.ActiveCfg = NightlyRelease|Any CPU
		{4A34A3C5-6176-49D7-A4C5-B2B671247F8F}.NightlyRelease|Any CPU.Build.0 = NightlyRelease|Any CPU
		{4A34A3C5-6176-49D7-A4C5-B2B671247F8F}.NightlyRelease|Mixed Platforms.ActiveCfg = NightlyRelease|Any CPU
		{4A34A3C5-6176-49D7-A4C5-B2B671247F8F}.NightlyRelease|Mixed Platforms.Build.0 = NightlyRelease|Any CPU
		{4A34A3C5-6176-49D7-A4C5-B2B671247F8F}.NightlyRelease|Win32.ActiveCfg = NightlyRelease|Any CPU
		{4A34A3C5-6176-49D7-A4C5-B2B671247F8F}.NightlyRelease|x86.ActiveCfg = NightlyRelease|Any CPU
		{4A34A3C5-6176-49D7-A4C5-B2B671247F8F}.Release|Any CPU.ActiveCfg = Release|Any CPU
		{4A34A3C5-6176-49D7-A4C5-B2B671247F8F}.Release|Any CPU.Build.0 = Release|Any CPU
		{4A34A3C5-6176-49D7-A4C5-B2B671247F8F}.Release|Mixed Platforms.ActiveCfg = Release|Any CPU
		{4A34A3C5-6176-49D7-A4C5-B2B671247F8F}.Release|Mixed Platforms.Build.0 = Release|Any CPU
		{4A34A3C5-6176-49D7-A4C5-B2B671247F8F}.Release|Win32.ActiveCfg = Release|Any CPU
		{4A34A3C5-6176-49D7-A4C5-B2B671247F8F}.Release|x86.ActiveCfg = Release|Any CPU
		{33CAB640-0D03-43DF-81BD-22CDC6C0A597}.CompilerOnly|Any CPU.ActiveCfg = CompilerOnly|Any CPU
		{33CAB640-0D03-43DF-81BD-22CDC6C0A597}.CompilerOnly|Any CPU.Build.0 = CompilerOnly|Any CPU
		{33CAB640-0D03-43DF-81BD-22CDC6C0A597}.CompilerOnly|Mixed Platforms.ActiveCfg = CompilerOnly|Any CPU
		{33CAB640-0D03-43DF-81BD-22CDC6C0A597}.CompilerOnly|Mixed Platforms.Build.0 = CompilerOnly|Any CPU
		{33CAB640-0D03-43DF-81BD-22CDC6C0A597}.CompilerOnly|Win32.ActiveCfg = CompilerOnly|Any CPU
		{33CAB640-0D03-43DF-81BD-22CDC6C0A597}.CompilerOnly|x86.ActiveCfg = CompilerOnly|Any CPU
		{33CAB640-0D03-43DF-81BD-22CDC6C0A597}.Debug|Any CPU.ActiveCfg = Debug|Any CPU
		{33CAB640-0D03-43DF-81BD-22CDC6C0A597}.Debug|Any CPU.Build.0 = Debug|Any CPU
		{33CAB640-0D03-43DF-81BD-22CDC6C0A597}.Debug|Mixed Platforms.ActiveCfg = Debug|Any CPU
		{33CAB640-0D03-43DF-81BD-22CDC6C0A597}.Debug|Mixed Platforms.Build.0 = Debug|Any CPU
		{33CAB640-0D03-43DF-81BD-22CDC6C0A597}.Debug|Win32.ActiveCfg = Debug|Any CPU
		{33CAB640-0D03-43DF-81BD-22CDC6C0A597}.Debug|x86.ActiveCfg = Debug|Any CPU
		{33CAB640-0D03-43DF-81BD-22CDC6C0A597}.FastpathSim|Any CPU.ActiveCfg = CompilerOnly|Any CPU
		{33CAB640-0D03-43DF-81BD-22CDC6C0A597}.FastpathSim|Any CPU.Build.0 = CompilerOnly|Any CPU
		{33CAB640-0D03-43DF-81BD-22CDC6C0A597}.FastpathSim|Mixed Platforms.ActiveCfg = CompilerOnly|Any CPU
		{33CAB640-0D03-43DF-81BD-22CDC6C0A597}.FastpathSim|Mixed Platforms.Build.0 = CompilerOnly|Any CPU
		{33CAB640-0D03-43DF-81BD-22CDC6C0A597}.FastpathSim|Win32.ActiveCfg = CompilerOnly|Any CPU
		{33CAB640-0D03-43DF-81BD-22CDC6C0A597}.FastpathSim|x86.ActiveCfg = CompilerOnly|Any CPU
		{33CAB640-0D03-43DF-81BD-22CDC6C0A597}.NightlyDebug|Any CPU.ActiveCfg = NightlyDebug|Any CPU
		{33CAB640-0D03-43DF-81BD-22CDC6C0A597}.NightlyDebug|Any CPU.Build.0 = NightlyDebug|Any CPU
		{33CAB640-0D03-43DF-81BD-22CDC6C0A597}.NightlyDebug|Mixed Platforms.ActiveCfg = NightlyDebug|Any CPU
		{33CAB640-0D03-43DF-81BD-22CDC6C0A597}.NightlyDebug|Mixed Platforms.Build.0 = NightlyDebug|Any CPU
		{33CAB640-0D03-43DF-81BD-22CDC6C0A597}.NightlyDebug|Win32.ActiveCfg = NightlyDebug|Any CPU
		{33CAB640-0D03-43DF-81BD-22CDC6C0A597}.NightlyDebug|x86.ActiveCfg = NightlyDebug|Any CPU
		{33CAB640-0D03-43DF-81BD-22CDC6C0A597}.NightlyRelease|Any CPU.ActiveCfg = NightlyRelease|Any CPU
		{33CAB640-0D03-43DF-81BD-22CDC6C0A597}.NightlyRelease|Any CPU.Build.0 = NightlyRelease|Any CPU
		{33CAB640-0D03-43DF-81BD-22CDC6C0A597}.NightlyRelease|Mixed Platforms.ActiveCfg = NightlyRelease|Any CPU
		{33CAB640-0D03-43DF-81BD-22CDC6C0A597}.NightlyRelease|Mixed Platforms.Build.0 = NightlyRelease|Any CPU
		{33CAB640-0D03-43DF-81BD-22CDC6C0A597}.NightlyRelease|Win32.ActiveCfg = NightlyRelease|Any CPU
		{33CAB640-0D03-43DF-81BD-22CDC6C0A597}.NightlyRelease|x86.ActiveCfg = NightlyRelease|Any CPU
		{33CAB640-0D03-43DF-81BD-22CDC6C0A597}.Release|Any CPU.ActiveCfg = Release|Any CPU
		{33CAB640-0D03-43DF-81BD-22CDC6C0A597}.Release|Any CPU.Build.0 = Release|Any CPU
		{33CAB640-0D03-43DF-81BD-22CDC6C0A597}.Release|Mixed Platforms.ActiveCfg = Release|Any CPU
		{33CAB640-0D03-43DF-81BD-22CDC6C0A597}.Release|Mixed Platforms.Build.0 = Release|Any CPU
		{33CAB640-0D03-43DF-81BD-22CDC6C0A597}.Release|Win32.ActiveCfg = Release|Any CPU
		{33CAB640-0D03-43DF-81BD-22CDC6C0A597}.Release|x86.ActiveCfg = Release|Any CPU
		{B114E5FF-F2A2-4BE7-8AF1-936FC87030F0}.CompilerOnly|Any CPU.ActiveCfg = FastpathSim|Any CPU
		{B114E5FF-F2A2-4BE7-8AF1-936FC87030F0}.CompilerOnly|Any CPU.Build.0 = FastpathSim|Any CPU
		{B114E5FF-F2A2-4BE7-8AF1-936FC87030F0}.CompilerOnly|Mixed Platforms.ActiveCfg = FastpathSim|Any CPU
		{B114E5FF-F2A2-4BE7-8AF1-936FC87030F0}.CompilerOnly|Mixed Platforms.Build.0 = FastpathSim|Any CPU
		{B114E5FF-F2A2-4BE7-8AF1-936FC87030F0}.CompilerOnly|Win32.ActiveCfg = FastpathSim|Any CPU
		{B114E5FF-F2A2-4BE7-8AF1-936FC87030F0}.CompilerOnly|x86.ActiveCfg = FastpathSim|Any CPU
		{B114E5FF-F2A2-4BE7-8AF1-936FC87030F0}.Debug|Any CPU.ActiveCfg = Debug|Any CPU
		{B114E5FF-F2A2-4BE7-8AF1-936FC87030F0}.Debug|Any CPU.Build.0 = Debug|Any CPU
		{B114E5FF-F2A2-4BE7-8AF1-936FC87030F0}.Debug|Mixed Platforms.ActiveCfg = Debug|Any CPU
		{B114E5FF-F2A2-4BE7-8AF1-936FC87030F0}.Debug|Mixed Platforms.Build.0 = Debug|Any CPU
		{B114E5FF-F2A2-4BE7-8AF1-936FC87030F0}.Debug|Win32.ActiveCfg = Debug|Any CPU
		{B114E5FF-F2A2-4BE7-8AF1-936FC87030F0}.Debug|x86.ActiveCfg = Debug|Any CPU
		{B114E5FF-F2A2-4BE7-8AF1-936FC87030F0}.FastpathSim|Any CPU.ActiveCfg = FastpathSim|Any CPU
		{B114E5FF-F2A2-4BE7-8AF1-936FC87030F0}.FastpathSim|Any CPU.Build.0 = FastpathSim|Any CPU
		{B114E5FF-F2A2-4BE7-8AF1-936FC87030F0}.FastpathSim|Mixed Platforms.ActiveCfg = FastpathSim|Any CPU
		{B114E5FF-F2A2-4BE7-8AF1-936FC87030F0}.FastpathSim|Mixed Platforms.Build.0 = FastpathSim|Any CPU
		{B114E5FF-F2A2-4BE7-8AF1-936FC87030F0}.FastpathSim|Win32.ActiveCfg = FastpathSim|Any CPU
		{B114E5FF-F2A2-4BE7-8AF1-936FC87030F0}.FastpathSim|x86.ActiveCfg = FastpathSim|Any CPU
		{B114E5FF-F2A2-4BE7-8AF1-936FC87030F0}.NightlyDebug|Any CPU.ActiveCfg = Debug|Any CPU
		{B114E5FF-F2A2-4BE7-8AF1-936FC87030F0}.NightlyDebug|Any CPU.Build.0 = Debug|Any CPU
		{B114E5FF-F2A2-4BE7-8AF1-936FC87030F0}.NightlyDebug|Mixed Platforms.ActiveCfg = Debug|Any CPU
		{B114E5FF-F2A2-4BE7-8AF1-936FC87030F0}.NightlyDebug|Mixed Platforms.Build.0 = Debug|Any CPU
		{B114E5FF-F2A2-4BE7-8AF1-936FC87030F0}.NightlyDebug|Win32.ActiveCfg = Debug|Any CPU
		{B114E5FF-F2A2-4BE7-8AF1-936FC87030F0}.NightlyDebug|x86.ActiveCfg = Debug|Any CPU
		{B114E5FF-F2A2-4BE7-8AF1-936FC87030F0}.NightlyRelease|Any CPU.ActiveCfg = Release|Any CPU
		{B114E5FF-F2A2-4BE7-8AF1-936FC87030F0}.NightlyRelease|Any CPU.Build.0 = Release|Any CPU
		{B114E5FF-F2A2-4BE7-8AF1-936FC87030F0}.NightlyRelease|Mixed Platforms.ActiveCfg = Release|Any CPU
		{B114E5FF-F2A2-4BE7-8AF1-936FC87030F0}.NightlyRelease|Mixed Platforms.Build.0 = Release|Any CPU
		{B114E5FF-F2A2-4BE7-8AF1-936FC87030F0}.NightlyRelease|Win32.ActiveCfg = Release|Any CPU
		{B114E5FF-F2A2-4BE7-8AF1-936FC87030F0}.NightlyRelease|x86.ActiveCfg = Release|Any CPU
		{B114E5FF-F2A2-4BE7-8AF1-936FC87030F0}.Release|Any CPU.ActiveCfg = Release|Any CPU
		{B114E5FF-F2A2-4BE7-8AF1-936FC87030F0}.Release|Any CPU.Build.0 = Release|Any CPU
		{B114E5FF-F2A2-4BE7-8AF1-936FC87030F0}.Release|Mixed Platforms.ActiveCfg = Release|Any CPU
		{B114E5FF-F2A2-4BE7-8AF1-936FC87030F0}.Release|Mixed Platforms.Build.0 = Release|Any CPU
		{B114E5FF-F2A2-4BE7-8AF1-936FC87030F0}.Release|Win32.ActiveCfg = Release|Any CPU
		{B114E5FF-F2A2-4BE7-8AF1-936FC87030F0}.Release|x86.ActiveCfg = Release|Any CPU
		{319E151C-8F33-49E7-81C9-30F02F9BA90A}.CompilerOnly|Any CPU.ActiveCfg = CompilerOnly|Any CPU
		{319E151C-8F33-49E7-81C9-30F02F9BA90A}.CompilerOnly|Any CPU.Build.0 = CompilerOnly|Any CPU
		{319E151C-8F33-49E7-81C9-30F02F9BA90A}.CompilerOnly|Mixed Platforms.ActiveCfg = CompilerOnly|Any CPU
		{319E151C-8F33-49E7-81C9-30F02F9BA90A}.CompilerOnly|Mixed Platforms.Build.0 = CompilerOnly|Any CPU
		{319E151C-8F33-49E7-81C9-30F02F9BA90A}.CompilerOnly|Win32.ActiveCfg = CompilerOnly|Any CPU
		{319E151C-8F33-49E7-81C9-30F02F9BA90A}.CompilerOnly|x86.ActiveCfg = CompilerOnly|Any CPU
		{319E151C-8F33-49E7-81C9-30F02F9BA90A}.Debug|Any CPU.ActiveCfg = Debug|Any CPU
		{319E151C-8F33-49E7-81C9-30F02F9BA90A}.Debug|Any CPU.Build.0 = Debug|Any CPU
		{319E151C-8F33-49E7-81C9-30F02F9BA90A}.Debug|Mixed Platforms.ActiveCfg = Debug|Any CPU
		{319E151C-8F33-49E7-81C9-30F02F9BA90A}.Debug|Mixed Platforms.Build.0 = Debug|Any CPU
		{319E151C-8F33-49E7-81C9-30F02F9BA90A}.Debug|Win32.ActiveCfg = Debug|Any CPU
		{319E151C-8F33-49E7-81C9-30F02F9BA90A}.Debug|x86.ActiveCfg = Debug|Any CPU
		{319E151C-8F33-49E7-81C9-30F02F9BA90A}.FastpathSim|Any CPU.ActiveCfg = CompilerOnly|Any CPU
		{319E151C-8F33-49E7-81C9-30F02F9BA90A}.FastpathSim|Any CPU.Build.0 = CompilerOnly|Any CPU
		{319E151C-8F33-49E7-81C9-30F02F9BA90A}.FastpathSim|Mixed Platforms.ActiveCfg = CompilerOnly|Any CPU
		{319E151C-8F33-49E7-81C9-30F02F9BA90A}.FastpathSim|Mixed Platforms.Build.0 = CompilerOnly|Any CPU
		{319E151C-8F33-49E7-81C9-30F02F9BA90A}.FastpathSim|Win32.ActiveCfg = CompilerOnly|Any CPU
		{319E151C-8F33-49E7-81C9-30F02F9BA90A}.FastpathSim|x86.ActiveCfg = CompilerOnly|Any CPU
		{319E151C-8F33-49E7-81C9-30F02F9BA90A}.NightlyDebug|Any CPU.ActiveCfg = NightlyDebug|Any CPU
		{319E151C-8F33-49E7-81C9-30F02F9BA90A}.NightlyDebug|Any CPU.Build.0 = NightlyDebug|Any CPU
		{319E151C-8F33-49E7-81C9-30F02F9BA90A}.NightlyDebug|Mixed Platforms.ActiveCfg = NightlyDebug|Any CPU
		{319E151C-8F33-49E7-81C9-30F02F9BA90A}.NightlyDebug|Mixed Platforms.Build.0 = NightlyDebug|Any CPU
		{319E151C-8F33-49E7-81C9-30F02F9BA90A}.NightlyDebug|Win32.ActiveCfg = NightlyDebug|Any CPU
		{319E151C-8F33-49E7-81C9-30F02F9BA90A}.NightlyDebug|x86.ActiveCfg = NightlyDebug|Any CPU
		{319E151C-8F33-49E7-81C9-30F02F9BA90A}.NightlyRelease|Any CPU.ActiveCfg = NightlyRelease|Any CPU
		{319E151C-8F33-49E7-81C9-30F02F9BA90A}.NightlyRelease|Any CPU.Build.0 = NightlyRelease|Any CPU
		{319E151C-8F33-49E7-81C9-30F02F9BA90A}.NightlyRelease|Mixed Platforms.ActiveCfg = NightlyRelease|Any CPU
		{319E151C-8F33-49E7-81C9-30F02F9BA90A}.NightlyRelease|Mixed Platforms.Build.0 = NightlyRelease|Any CPU
		{319E151C-8F33-49E7-81C9-30F02F9BA90A}.NightlyRelease|Win32.ActiveCfg = NightlyRelease|Any CPU
		{319E151C-8F33-49E7-81C9-30F02F9BA90A}.NightlyRelease|x86.ActiveCfg = NightlyRelease|Any CPU
		{319E151C-8F33-49E7-81C9-30F02F9BA90A}.Release|Any CPU.ActiveCfg = Release|Any CPU
		{319E151C-8F33-49E7-81C9-30F02F9BA90A}.Release|Any CPU.Build.0 = Release|Any CPU
		{319E151C-8F33-49E7-81C9-30F02F9BA90A}.Release|Mixed Platforms.ActiveCfg = Release|Any CPU
		{319E151C-8F33-49E7-81C9-30F02F9BA90A}.Release|Mixed Platforms.Build.0 = Release|Any CPU
		{319E151C-8F33-49E7-81C9-30F02F9BA90A}.Release|Win32.ActiveCfg = Release|Any CPU
		{319E151C-8F33-49E7-81C9-30F02F9BA90A}.Release|x86.ActiveCfg = Release|Any CPU
		{A6A31B03-7C3D-4DE6-AA73-BE88116BC40A}.CompilerOnly|Any CPU.ActiveCfg = Release|Any CPU
		{A6A31B03-7C3D-4DE6-AA73-BE88116BC40A}.CompilerOnly|Any CPU.Build.0 = Release|Any CPU
		{A6A31B03-7C3D-4DE6-AA73-BE88116BC40A}.CompilerOnly|Mixed Platforms.ActiveCfg = Release|Any CPU
		{A6A31B03-7C3D-4DE6-AA73-BE88116BC40A}.CompilerOnly|Mixed Platforms.Build.0 = Release|Any CPU
		{A6A31B03-7C3D-4DE6-AA73-BE88116BC40A}.CompilerOnly|Win32.ActiveCfg = Release|Any CPU
		{A6A31B03-7C3D-4DE6-AA73-BE88116BC40A}.CompilerOnly|x86.ActiveCfg = Release|Any CPU
		{A6A31B03-7C3D-4DE6-AA73-BE88116BC40A}.Debug|Any CPU.ActiveCfg = Debug|Any CPU
		{A6A31B03-7C3D-4DE6-AA73-BE88116BC40A}.Debug|Any CPU.Build.0 = Debug|Any CPU
		{A6A31B03-7C3D-4DE6-AA73-BE88116BC40A}.Debug|Mixed Platforms.ActiveCfg = Debug|Any CPU
		{A6A31B03-7C3D-4DE6-AA73-BE88116BC40A}.Debug|Mixed Platforms.Build.0 = Debug|Any CPU
		{A6A31B03-7C3D-4DE6-AA73-BE88116BC40A}.Debug|Win32.ActiveCfg = Debug|Any CPU
		{A6A31B03-7C3D-4DE6-AA73-BE88116BC40A}.Debug|x86.ActiveCfg = Debug|Any CPU
		{A6A31B03-7C3D-4DE6-AA73-BE88116BC40A}.FastpathSim|Any CPU.ActiveCfg = Release|Any CPU
		{A6A31B03-7C3D-4DE6-AA73-BE88116BC40A}.FastpathSim|Any CPU.Build.0 = Release|Any CPU
		{A6A31B03-7C3D-4DE6-AA73-BE88116BC40A}.FastpathSim|Mixed Platforms.ActiveCfg = Release|Any CPU
		{A6A31B03-7C3D-4DE6-AA73-BE88116BC40A}.FastpathSim|Mixed Platforms.Build.0 = Release|Any CPU
		{A6A31B03-7C3D-4DE6-AA73-BE88116BC40A}.FastpathSim|Win32.ActiveCfg = Release|Any CPU
		{A6A31B03-7C3D-4DE6-AA73-BE88116BC40A}.FastpathSim|x86.ActiveCfg = Release|Any CPU
		{A6A31B03-7C3D-4DE6-AA73-BE88116BC40A}.NightlyDebug|Any CPU.ActiveCfg = Debug|Any CPU
		{A6A31B03-7C3D-4DE6-AA73-BE88116BC40A}.NightlyDebug|Any CPU.Build.0 = Debug|Any CPU
		{A6A31B03-7C3D-4DE6-AA73-BE88116BC40A}.NightlyDebug|Mixed Platforms.ActiveCfg = Debug|Any CPU
		{A6A31B03-7C3D-4DE6-AA73-BE88116BC40A}.NightlyDebug|Mixed Platforms.Build.0 = Debug|Any CPU
		{A6A31B03-7C3D-4DE6-AA73-BE88116BC40A}.NightlyDebug|Win32.ActiveCfg = Debug|Any CPU
		{A6A31B03-7C3D-4DE6-AA73-BE88116BC40A}.NightlyDebug|x86.ActiveCfg = Debug|Any CPU
		{A6A31B03-7C3D-4DE6-AA73-BE88116BC40A}.NightlyRelease|Any CPU.ActiveCfg = Release|Any CPU
		{A6A31B03-7C3D-4DE6-AA73-BE88116BC40A}.NightlyRelease|Any CPU.Build.0 = Release|Any CPU
		{A6A31B03-7C3D-4DE6-AA73-BE88116BC40A}.NightlyRelease|Mixed Platforms.ActiveCfg = Release|Any CPU
		{A6A31B03-7C3D-4DE6-AA73-BE88116BC40A}.NightlyRelease|Mixed Platforms.Build.0 = Release|Any CPU
		{A6A31B03-7C3D-4DE6-AA73-BE88116BC40A}.NightlyRelease|Win32.ActiveCfg = Release|Any CPU
		{A6A31B03-7C3D-4DE6-AA73-BE88116BC40A}.NightlyRelease|x86.ActiveCfg = Release|Any CPU
		{A6A31B03-7C3D-4DE6-AA73-BE88116BC40A}.Release|Any CPU.ActiveCfg = Release|Any CPU
		{A6A31B03-7C3D-4DE6-AA73-BE88116BC40A}.Release|Any CPU.Build.0 = Release|Any CPU
		{A6A31B03-7C3D-4DE6-AA73-BE88116BC40A}.Release|Mixed Platforms.ActiveCfg = Release|Any CPU
		{A6A31B03-7C3D-4DE6-AA73-BE88116BC40A}.Release|Mixed Platforms.Build.0 = Release|Any CPU
		{A6A31B03-7C3D-4DE6-AA73-BE88116BC40A}.Release|Win32.ActiveCfg = Release|Any CPU
		{A6A31B03-7C3D-4DE6-AA73-BE88116BC40A}.Release|x86.ActiveCfg = Release|Any CPU
		{6D83F687-ABB5-40B3-915E-CA53DA0EB7F3}.CompilerOnly|Any CPU.ActiveCfg = Release|Any CPU
		{6D83F687-ABB5-40B3-915E-CA53DA0EB7F3}.CompilerOnly|Any CPU.Build.0 = Release|Any CPU
		{6D83F687-ABB5-40B3-915E-CA53DA0EB7F3}.CompilerOnly|Mixed Platforms.ActiveCfg = Release|Any CPU
		{6D83F687-ABB5-40B3-915E-CA53DA0EB7F3}.CompilerOnly|Mixed Platforms.Build.0 = Release|Any CPU
		{6D83F687-ABB5-40B3-915E-CA53DA0EB7F3}.CompilerOnly|Win32.ActiveCfg = Release|Any CPU
		{6D83F687-ABB5-40B3-915E-CA53DA0EB7F3}.CompilerOnly|x86.ActiveCfg = Release|Any CPU
		{6D83F687-ABB5-40B3-915E-CA53DA0EB7F3}.Debug|Any CPU.ActiveCfg = Debug|Any CPU
		{6D83F687-ABB5-40B3-915E-CA53DA0EB7F3}.Debug|Any CPU.Build.0 = Debug|Any CPU
		{6D83F687-ABB5-40B3-915E-CA53DA0EB7F3}.Debug|Mixed Platforms.ActiveCfg = Debug|Any CPU
		{6D83F687-ABB5-40B3-915E-CA53DA0EB7F3}.Debug|Mixed Platforms.Build.0 = Debug|Any CPU
		{6D83F687-ABB5-40B3-915E-CA53DA0EB7F3}.Debug|Win32.ActiveCfg = Debug|Any CPU
		{6D83F687-ABB5-40B3-915E-CA53DA0EB7F3}.Debug|x86.ActiveCfg = Debug|Any CPU
		{6D83F687-ABB5-40B3-915E-CA53DA0EB7F3}.FastpathSim|Any CPU.ActiveCfg = Release|Any CPU
		{6D83F687-ABB5-40B3-915E-CA53DA0EB7F3}.FastpathSim|Any CPU.Build.0 = Release|Any CPU
		{6D83F687-ABB5-40B3-915E-CA53DA0EB7F3}.FastpathSim|Mixed Platforms.ActiveCfg = Release|Any CPU
		{6D83F687-ABB5-40B3-915E-CA53DA0EB7F3}.FastpathSim|Mixed Platforms.Build.0 = Release|Any CPU
		{6D83F687-ABB5-40B3-915E-CA53DA0EB7F3}.FastpathSim|Win32.ActiveCfg = Release|Any CPU
		{6D83F687-ABB5-40B3-915E-CA53DA0EB7F3}.FastpathSim|x86.ActiveCfg = Release|Any CPU
		{6D83F687-ABB5-40B3-915E-CA53DA0EB7F3}.NightlyDebug|Any CPU.ActiveCfg = Debug|Any CPU
		{6D83F687-ABB5-40B3-915E-CA53DA0EB7F3}.NightlyDebug|Any CPU.Build.0 = Debug|Any CPU
		{6D83F687-ABB5-40B3-915E-CA53DA0EB7F3}.NightlyDebug|Mixed Platforms.ActiveCfg = Debug|Any CPU
		{6D83F687-ABB5-40B3-915E-CA53DA0EB7F3}.NightlyDebug|Mixed Platforms.Build.0 = Debug|Any CPU
		{6D83F687-ABB5-40B3-915E-CA53DA0EB7F3}.NightlyDebug|Win32.ActiveCfg = Debug|Any CPU
		{6D83F687-ABB5-40B3-915E-CA53DA0EB7F3}.NightlyDebug|x86.ActiveCfg = Debug|Any CPU
		{6D83F687-ABB5-40B3-915E-CA53DA0EB7F3}.NightlyRelease|Any CPU.ActiveCfg = Release|Any CPU
		{6D83F687-ABB5-40B3-915E-CA53DA0EB7F3}.NightlyRelease|Any CPU.Build.0 = Release|Any CPU
		{6D83F687-ABB5-40B3-915E-CA53DA0EB7F3}.NightlyRelease|Mixed Platforms.ActiveCfg = Release|Any CPU
		{6D83F687-ABB5-40B3-915E-CA53DA0EB7F3}.NightlyRelease|Mixed Platforms.Build.0 = Release|Any CPU
		{6D83F687-ABB5-40B3-915E-CA53DA0EB7F3}.NightlyRelease|Win32.ActiveCfg = Release|Any CPU
		{6D83F687-ABB5-40B3-915E-CA53DA0EB7F3}.NightlyRelease|x86.ActiveCfg = Release|Any CPU
		{6D83F687-ABB5-40B3-915E-CA53DA0EB7F3}.Release|Any CPU.ActiveCfg = Release|Any CPU
		{6D83F687-ABB5-40B3-915E-CA53DA0EB7F3}.Release|Any CPU.Build.0 = Release|Any CPU
		{6D83F687-ABB5-40B3-915E-CA53DA0EB7F3}.Release|Mixed Platforms.ActiveCfg = Release|Any CPU
		{6D83F687-ABB5-40B3-915E-CA53DA0EB7F3}.Release|Mixed Platforms.Build.0 = Release|Any CPU
		{6D83F687-ABB5-40B3-915E-CA53DA0EB7F3}.Release|Win32.ActiveCfg = Release|Any CPU
		{6D83F687-ABB5-40B3-915E-CA53DA0EB7F3}.Release|x86.ActiveCfg = Release|Any CPU
		{34B9A0CE-DF18-4CBC-8F7A-90C2B74338D5}.CompilerOnly|Any CPU.ActiveCfg = CompilerOnly|Any CPU
		{34B9A0CE-DF18-4CBC-8F7A-90C2B74338D5}.CompilerOnly|Any CPU.Build.0 = CompilerOnly|Any CPU
		{34B9A0CE-DF18-4CBC-8F7A-90C2B74338D5}.CompilerOnly|Mixed Platforms.ActiveCfg = CompilerOnly|Any CPU
		{34B9A0CE-DF18-4CBC-8F7A-90C2B74338D5}.CompilerOnly|Mixed Platforms.Build.0 = CompilerOnly|Any CPU
		{34B9A0CE-DF18-4CBC-8F7A-90C2B74338D5}.CompilerOnly|Win32.ActiveCfg = CompilerOnly|Any CPU
		{34B9A0CE-DF18-4CBC-8F7A-90C2B74338D5}.CompilerOnly|x86.ActiveCfg = CompilerOnly|Any CPU
		{34B9A0CE-DF18-4CBC-8F7A-90C2B74338D5}.Debug|Any CPU.ActiveCfg = Debug|Any CPU
		{34B9A0CE-DF18-4CBC-8F7A-90C2B74338D5}.Debug|Any CPU.Build.0 = Debug|Any CPU
		{34B9A0CE-DF18-4CBC-8F7A-90C2B74338D5}.Debug|Mixed Platforms.ActiveCfg = Debug|Any CPU
		{34B9A0CE-DF18-4CBC-8F7A-90C2B74338D5}.Debug|Mixed Platforms.Build.0 = Debug|Any CPU
		{34B9A0CE-DF18-4CBC-8F7A-90C2B74338D5}.Debug|Win32.ActiveCfg = Debug|Any CPU
		{34B9A0CE-DF18-4CBC-8F7A-90C2B74338D5}.Debug|x86.ActiveCfg = Debug|Any CPU
		{34B9A0CE-DF18-4CBC-8F7A-90C2B74338D5}.FastpathSim|Any CPU.ActiveCfg = CompilerOnly|Any CPU
		{34B9A0CE-DF18-4CBC-8F7A-90C2B74338D5}.FastpathSim|Any CPU.Build.0 = CompilerOnly|Any CPU
		{34B9A0CE-DF18-4CBC-8F7A-90C2B74338D5}.FastpathSim|Mixed Platforms.ActiveCfg = CompilerOnly|Any CPU
		{34B9A0CE-DF18-4CBC-8F7A-90C2B74338D5}.FastpathSim|Mixed Platforms.Build.0 = CompilerOnly|Any CPU
		{34B9A0CE-DF18-4CBC-8F7A-90C2B74338D5}.FastpathSim|Win32.ActiveCfg = CompilerOnly|Any CPU
		{34B9A0CE-DF18-4CBC-8F7A-90C2B74338D5}.FastpathSim|x86.ActiveCfg = CompilerOnly|Any CPU
		{34B9A0CE-DF18-4CBC-8F7A-90C2B74338D5}.NightlyDebug|Any CPU.ActiveCfg = Debug|Any CPU
		{34B9A0CE-DF18-4CBC-8F7A-90C2B74338D5}.NightlyDebug|Any CPU.Build.0 = Debug|Any CPU
		{34B9A0CE-DF18-4CBC-8F7A-90C2B74338D5}.NightlyDebug|Mixed Platforms.ActiveCfg = Debug|Any CPU
		{34B9A0CE-DF18-4CBC-8F7A-90C2B74338D5}.NightlyDebug|Mixed Platforms.Build.0 = Debug|Any CPU
		{34B9A0CE-DF18-4CBC-8F7A-90C2B74338D5}.NightlyDebug|Win32.ActiveCfg = Debug|Any CPU
		{34B9A0CE-DF18-4CBC-8F7A-90C2B74338D5}.NightlyDebug|x86.ActiveCfg = Debug|Any CPU
		{34B9A0CE-DF18-4CBC-8F7A-90C2B74338D5}.NightlyRelease|Any CPU.ActiveCfg = Release|Any CPU
		{34B9A0CE-DF18-4CBC-8F7A-90C2B74338D5}.NightlyRelease|Any CPU.Build.0 = Release|Any CPU
		{34B9A0CE-DF18-4CBC-8F7A-90C2B74338D5}.NightlyRelease|Mixed Platforms.ActiveCfg = Release|Any CPU
		{34B9A0CE-DF18-4CBC-8F7A-90C2B74338D5}.NightlyRelease|Mixed Platforms.Build.0 = Release|Any CPU
		{34B9A0CE-DF18-4CBC-8F7A-90C2B74338D5}.NightlyRelease|Win32.ActiveCfg = Release|Any CPU
		{34B9A0CE-DF18-4CBC-8F7A-90C2B74338D5}.NightlyRelease|x86.ActiveCfg = Release|Any CPU
		{34B9A0CE-DF18-4CBC-8F7A-90C2B74338D5}.Release|Any CPU.ActiveCfg = Release|Any CPU
		{34B9A0CE-DF18-4CBC-8F7A-90C2B74338D5}.Release|Any CPU.Build.0 = Release|Any CPU
		{34B9A0CE-DF18-4CBC-8F7A-90C2B74338D5}.Release|Mixed Platforms.ActiveCfg = Release|Any CPU
		{34B9A0CE-DF18-4CBC-8F7A-90C2B74338D5}.Release|Mixed Platforms.Build.0 = Release|Any CPU
		{34B9A0CE-DF18-4CBC-8F7A-90C2B74338D5}.Release|Win32.ActiveCfg = Release|Any CPU
		{34B9A0CE-DF18-4CBC-8F7A-90C2B74338D5}.Release|x86.ActiveCfg = Release|Any CPU
		{304A8B0B-851B-4AA6-A17D-5F87F39C5E5C}.CompilerOnly|Any CPU.ActiveCfg = Release|Any CPU
		{304A8B0B-851B-4AA6-A17D-5F87F39C5E5C}.CompilerOnly|Any CPU.Build.0 = Release|Any CPU
		{304A8B0B-851B-4AA6-A17D-5F87F39C5E5C}.CompilerOnly|Mixed Platforms.ActiveCfg = Release|Any CPU
		{304A8B0B-851B-4AA6-A17D-5F87F39C5E5C}.CompilerOnly|Mixed Platforms.Build.0 = Release|Any CPU
		{304A8B0B-851B-4AA6-A17D-5F87F39C5E5C}.CompilerOnly|Win32.ActiveCfg = Release|Any CPU
		{304A8B0B-851B-4AA6-A17D-5F87F39C5E5C}.CompilerOnly|x86.ActiveCfg = Release|Any CPU
		{304A8B0B-851B-4AA6-A17D-5F87F39C5E5C}.Debug|Any CPU.ActiveCfg = Debug|Any CPU
		{304A8B0B-851B-4AA6-A17D-5F87F39C5E5C}.Debug|Any CPU.Build.0 = Debug|Any CPU
		{304A8B0B-851B-4AA6-A17D-5F87F39C5E5C}.Debug|Mixed Platforms.ActiveCfg = Debug|Any CPU
		{304A8B0B-851B-4AA6-A17D-5F87F39C5E5C}.Debug|Mixed Platforms.Build.0 = Debug|Any CPU
		{304A8B0B-851B-4AA6-A17D-5F87F39C5E5C}.Debug|Win32.ActiveCfg = Debug|Any CPU
		{304A8B0B-851B-4AA6-A17D-5F87F39C5E5C}.Debug|x86.ActiveCfg = Debug|Any CPU
		{304A8B0B-851B-4AA6-A17D-5F87F39C5E5C}.FastpathSim|Any CPU.ActiveCfg = Release|Any CPU
		{304A8B0B-851B-4AA6-A17D-5F87F39C5E5C}.FastpathSim|Any CPU.Build.0 = Release|Any CPU
		{304A8B0B-851B-4AA6-A17D-5F87F39C5E5C}.FastpathSim|Mixed Platforms.ActiveCfg = Release|Any CPU
		{304A8B0B-851B-4AA6-A17D-5F87F39C5E5C}.FastpathSim|Mixed Platforms.Build.0 = Release|Any CPU
		{304A8B0B-851B-4AA6-A17D-5F87F39C5E5C}.FastpathSim|Win32.ActiveCfg = Release|Any CPU
		{304A8B0B-851B-4AA6-A17D-5F87F39C5E5C}.FastpathSim|x86.ActiveCfg = Release|Any CPU
		{304A8B0B-851B-4AA6-A17D-5F87F39C5E5C}.NightlyDebug|Any CPU.ActiveCfg = Debug|Any CPU
		{304A8B0B-851B-4AA6-A17D-5F87F39C5E5C}.NightlyDebug|Any CPU.Build.0 = Debug|Any CPU
		{304A8B0B-851B-4AA6-A17D-5F87F39C5E5C}.NightlyDebug|Mixed Platforms.ActiveCfg = Debug|Any CPU
		{304A8B0B-851B-4AA6-A17D-5F87F39C5E5C}.NightlyDebug|Mixed Platforms.Build.0 = Debug|Any CPU
		{304A8B0B-851B-4AA6-A17D-5F87F39C5E5C}.NightlyDebug|Win32.ActiveCfg = Debug|Any CPU
		{304A8B0B-851B-4AA6-A17D-5F87F39C5E5C}.NightlyDebug|x86.ActiveCfg = Debug|Any CPU
		{304A8B0B-851B-4AA6-A17D-5F87F39C5E5C}.NightlyRelease|Any CPU.ActiveCfg = Release|Any CPU
		{304A8B0B-851B-4AA6-A17D-5F87F39C5E5C}.NightlyRelease|Any CPU.Build.0 = Release|Any CPU
		{304A8B0B-851B-4AA6-A17D-5F87F39C5E5C}.NightlyRelease|Mixed Platforms.ActiveCfg = Release|Any CPU
		{304A8B0B-851B-4AA6-A17D-5F87F39C5E5C}.NightlyRelease|Mixed Platforms.Build.0 = Release|Any CPU
		{304A8B0B-851B-4AA6-A17D-5F87F39C5E5C}.NightlyRelease|Win32.ActiveCfg = Release|Any CPU
		{304A8B0B-851B-4AA6-A17D-5F87F39C5E5C}.NightlyRelease|x86.ActiveCfg = Release|Any CPU
		{304A8B0B-851B-4AA6-A17D-5F87F39C5E5C}.Release|Any CPU.ActiveCfg = Release|Any CPU
		{304A8B0B-851B-4AA6-A17D-5F87F39C5E5C}.Release|Any CPU.Build.0 = Release|Any CPU
		{304A8B0B-851B-4AA6-A17D-5F87F39C5E5C}.Release|Mixed Platforms.ActiveCfg = Release|Any CPU
		{304A8B0B-851B-4AA6-A17D-5F87F39C5E5C}.Release|Mixed Platforms.Build.0 = Release|Any CPU
		{304A8B0B-851B-4AA6-A17D-5F87F39C5E5C}.Release|Win32.ActiveCfg = Release|Any CPU
		{304A8B0B-851B-4AA6-A17D-5F87F39C5E5C}.Release|x86.ActiveCfg = Release|Any CPU
		{4B0054FD-124A-4037-9965-BDB55E6BF389}.CompilerOnly|Any CPU.ActiveCfg = CompilerOnly|Any CPU
		{4B0054FD-124A-4037-9965-BDB55E6BF389}.CompilerOnly|Any CPU.Build.0 = CompilerOnly|Any CPU
		{4B0054FD-124A-4037-9965-BDB55E6BF389}.CompilerOnly|Mixed Platforms.ActiveCfg = CompilerOnly|Any CPU
		{4B0054FD-124A-4037-9965-BDB55E6BF389}.CompilerOnly|Mixed Platforms.Build.0 = CompilerOnly|Any CPU
		{4B0054FD-124A-4037-9965-BDB55E6BF389}.CompilerOnly|Win32.ActiveCfg = CompilerOnly|Any CPU
		{4B0054FD-124A-4037-9965-BDB55E6BF389}.CompilerOnly|x86.ActiveCfg = CompilerOnly|Any CPU
		{4B0054FD-124A-4037-9965-BDB55E6BF389}.Debug|Any CPU.ActiveCfg = Debug|Any CPU
		{4B0054FD-124A-4037-9965-BDB55E6BF389}.Debug|Any CPU.Build.0 = Debug|Any CPU
		{4B0054FD-124A-4037-9965-BDB55E6BF389}.Debug|Mixed Platforms.ActiveCfg = Debug|Any CPU
		{4B0054FD-124A-4037-9965-BDB55E6BF389}.Debug|Mixed Platforms.Build.0 = Debug|Any CPU
		{4B0054FD-124A-4037-9965-BDB55E6BF389}.Debug|Win32.ActiveCfg = Debug|Any CPU
		{4B0054FD-124A-4037-9965-BDB55E6BF389}.Debug|x86.ActiveCfg = Debug|Any CPU
		{4B0054FD-124A-4037-9965-BDB55E6BF389}.FastpathSim|Any CPU.ActiveCfg = CompilerOnly|Any CPU
		{4B0054FD-124A-4037-9965-BDB55E6BF389}.FastpathSim|Any CPU.Build.0 = CompilerOnly|Any CPU
		{4B0054FD-124A-4037-9965-BDB55E6BF389}.FastpathSim|Mixed Platforms.ActiveCfg = CompilerOnly|Any CPU
		{4B0054FD-124A-4037-9965-BDB55E6BF389}.FastpathSim|Mixed Platforms.Build.0 = CompilerOnly|Any CPU
		{4B0054FD-124A-4037-9965-BDB55E6BF389}.FastpathSim|Win32.ActiveCfg = CompilerOnly|Any CPU
		{4B0054FD-124A-4037-9965-BDB55E6BF389}.FastpathSim|x86.ActiveCfg = CompilerOnly|Any CPU
		{4B0054FD-124A-4037-9965-BDB55E6BF389}.NightlyDebug|Any CPU.ActiveCfg = Debug|Any CPU
		{4B0054FD-124A-4037-9965-BDB55E6BF389}.NightlyDebug|Any CPU.Build.0 = Debug|Any CPU
		{4B0054FD-124A-4037-9965-BDB55E6BF389}.NightlyDebug|Mixed Platforms.ActiveCfg = Debug|Any CPU
		{4B0054FD-124A-4037-9965-BDB55E6BF389}.NightlyDebug|Mixed Platforms.Build.0 = Debug|Any CPU
		{4B0054FD-124A-4037-9965-BDB55E6BF389}.NightlyDebug|Win32.ActiveCfg = Debug|Any CPU
		{4B0054FD-124A-4037-9965-BDB55E6BF389}.NightlyDebug|x86.ActiveCfg = Debug|Any CPU
		{4B0054FD-124A-4037-9965-BDB55E6BF389}.NightlyRelease|Any CPU.ActiveCfg = Release|Any CPU
		{4B0054FD-124A-4037-9965-BDB55E6BF389}.NightlyRelease|Any CPU.Build.0 = Release|Any CPU
		{4B0054FD-124A-4037-9965-BDB55E6BF389}.NightlyRelease|Mixed Platforms.ActiveCfg = Release|Any CPU
		{4B0054FD-124A-4037-9965-BDB55E6BF389}.NightlyRelease|Mixed Platforms.Build.0 = Release|Any CPU
		{4B0054FD-124A-4037-9965-BDB55E6BF389}.NightlyRelease|Win32.ActiveCfg = Release|Any CPU
		{4B0054FD-124A-4037-9965-BDB55E6BF389}.NightlyRelease|x86.ActiveCfg = Release|Any CPU
		{4B0054FD-124A-4037-9965-BDB55E6BF389}.Release|Any CPU.ActiveCfg = Release|Any CPU
		{4B0054FD-124A-4037-9965-BDB55E6BF389}.Release|Any CPU.Build.0 = Release|Any CPU
		{4B0054FD-124A-4037-9965-BDB55E6BF389}.Release|Mixed Platforms.ActiveCfg = Release|Any CPU
		{4B0054FD-124A-4037-9965-BDB55E6BF389}.Release|Mixed Platforms.Build.0 = Release|Any CPU
		{4B0054FD-124A-4037-9965-BDB55E6BF389}.Release|Win32.ActiveCfg = Release|Any CPU
		{4B0054FD-124A-4037-9965-BDB55E6BF389}.Release|x86.ActiveCfg = Release|Any CPU
		{0857EBD2-0AE9-4FE2-B9D9-E3D5F924F0F0}.CompilerOnly|Any CPU.ActiveCfg = Release|x86
		{0857EBD2-0AE9-4FE2-B9D9-E3D5F924F0F0}.CompilerOnly|Mixed Platforms.ActiveCfg = Release|x86
		{0857EBD2-0AE9-4FE2-B9D9-E3D5F924F0F0}.CompilerOnly|Mixed Platforms.Build.0 = Release|x86
		{0857EBD2-0AE9-4FE2-B9D9-E3D5F924F0F0}.CompilerOnly|Win32.ActiveCfg = Release|x86
		{0857EBD2-0AE9-4FE2-B9D9-E3D5F924F0F0}.CompilerOnly|x86.ActiveCfg = Release|x86
		{0857EBD2-0AE9-4FE2-B9D9-E3D5F924F0F0}.CompilerOnly|x86.Build.0 = Release|x86
		{0857EBD2-0AE9-4FE2-B9D9-E3D5F924F0F0}.Debug|Any CPU.ActiveCfg = Debug|x86
		{0857EBD2-0AE9-4FE2-B9D9-E3D5F924F0F0}.Debug|Mixed Platforms.ActiveCfg = Debug|x86
		{0857EBD2-0AE9-4FE2-B9D9-E3D5F924F0F0}.Debug|Mixed Platforms.Build.0 = Debug|x86
		{0857EBD2-0AE9-4FE2-B9D9-E3D5F924F0F0}.Debug|Win32.ActiveCfg = Debug|x86
		{0857EBD2-0AE9-4FE2-B9D9-E3D5F924F0F0}.Debug|x86.ActiveCfg = Debug|x86
		{0857EBD2-0AE9-4FE2-B9D9-E3D5F924F0F0}.Debug|x86.Build.0 = Debug|x86
		{0857EBD2-0AE9-4FE2-B9D9-E3D5F924F0F0}.FastpathSim|Any CPU.ActiveCfg = Release|x86
		{0857EBD2-0AE9-4FE2-B9D9-E3D5F924F0F0}.FastpathSim|Mixed Platforms.ActiveCfg = Release|x86
		{0857EBD2-0AE9-4FE2-B9D9-E3D5F924F0F0}.FastpathSim|Mixed Platforms.Build.0 = Release|x86
		{0857EBD2-0AE9-4FE2-B9D9-E3D5F924F0F0}.FastpathSim|Win32.ActiveCfg = Release|x86
		{0857EBD2-0AE9-4FE2-B9D9-E3D5F924F0F0}.FastpathSim|x86.ActiveCfg = Release|x86
		{0857EBD2-0AE9-4FE2-B9D9-E3D5F924F0F0}.FastpathSim|x86.Build.0 = Release|x86
		{0857EBD2-0AE9-4FE2-B9D9-E3D5F924F0F0}.NightlyDebug|Any CPU.ActiveCfg = Debug|x86
		{0857EBD2-0AE9-4FE2-B9D9-E3D5F924F0F0}.NightlyDebug|Mixed Platforms.ActiveCfg = Debug|x86
		{0857EBD2-0AE9-4FE2-B9D9-E3D5F924F0F0}.NightlyDebug|Mixed Platforms.Build.0 = Debug|x86
		{0857EBD2-0AE9-4FE2-B9D9-E3D5F924F0F0}.NightlyDebug|Win32.ActiveCfg = Debug|x86
		{0857EBD2-0AE9-4FE2-B9D9-E3D5F924F0F0}.NightlyDebug|x86.ActiveCfg = Debug|x86
		{0857EBD2-0AE9-4FE2-B9D9-E3D5F924F0F0}.NightlyDebug|x86.Build.0 = Debug|x86
		{0857EBD2-0AE9-4FE2-B9D9-E3D5F924F0F0}.NightlyRelease|Any CPU.ActiveCfg = Release|x86
		{0857EBD2-0AE9-4FE2-B9D9-E3D5F924F0F0}.NightlyRelease|Mixed Platforms.ActiveCfg = Release|x86
		{0857EBD2-0AE9-4FE2-B9D9-E3D5F924F0F0}.NightlyRelease|Mixed Platforms.Build.0 = Release|x86
		{0857EBD2-0AE9-4FE2-B9D9-E3D5F924F0F0}.NightlyRelease|Win32.ActiveCfg = Release|x86
		{0857EBD2-0AE9-4FE2-B9D9-E3D5F924F0F0}.NightlyRelease|x86.ActiveCfg = Release|x86
		{0857EBD2-0AE9-4FE2-B9D9-E3D5F924F0F0}.NightlyRelease|x86.Build.0 = Release|x86
		{0857EBD2-0AE9-4FE2-B9D9-E3D5F924F0F0}.Release|Any CPU.ActiveCfg = Release|x86
		{0857EBD2-0AE9-4FE2-B9D9-E3D5F924F0F0}.Release|Mixed Platforms.ActiveCfg = Release|x86
		{0857EBD2-0AE9-4FE2-B9D9-E3D5F924F0F0}.Release|Mixed Platforms.Build.0 = Release|x86
		{0857EBD2-0AE9-4FE2-B9D9-E3D5F924F0F0}.Release|Win32.ActiveCfg = Release|x86
		{0857EBD2-0AE9-4FE2-B9D9-E3D5F924F0F0}.Release|x86.ActiveCfg = Release|x86
		{0857EBD2-0AE9-4FE2-B9D9-E3D5F924F0F0}.Release|x86.Build.0 = Release|x86
		{DAFABCD1-7355-4FC2-AE43-A1AB15E035BD}.CompilerOnly|Any CPU.ActiveCfg = Release|Any CPU
		{DAFABCD1-7355-4FC2-AE43-A1AB15E035BD}.CompilerOnly|Any CPU.Build.0 = Release|Any CPU
		{DAFABCD1-7355-4FC2-AE43-A1AB15E035BD}.CompilerOnly|Mixed Platforms.ActiveCfg = Release|Any CPU
		{DAFABCD1-7355-4FC2-AE43-A1AB15E035BD}.CompilerOnly|Mixed Platforms.Build.0 = Release|Any CPU
		{DAFABCD1-7355-4FC2-AE43-A1AB15E035BD}.CompilerOnly|Win32.ActiveCfg = Release|Any CPU
		{DAFABCD1-7355-4FC2-AE43-A1AB15E035BD}.CompilerOnly|x86.ActiveCfg = Release|Any CPU
		{DAFABCD1-7355-4FC2-AE43-A1AB15E035BD}.Debug|Any CPU.ActiveCfg = Debug|Any CPU
		{DAFABCD1-7355-4FC2-AE43-A1AB15E035BD}.Debug|Any CPU.Build.0 = Debug|Any CPU
		{DAFABCD1-7355-4FC2-AE43-A1AB15E035BD}.Debug|Mixed Platforms.ActiveCfg = Debug|Any CPU
		{DAFABCD1-7355-4FC2-AE43-A1AB15E035BD}.Debug|Mixed Platforms.Build.0 = Debug|Any CPU
		{DAFABCD1-7355-4FC2-AE43-A1AB15E035BD}.Debug|Win32.ActiveCfg = Debug|Any CPU
		{DAFABCD1-7355-4FC2-AE43-A1AB15E035BD}.Debug|x86.ActiveCfg = Debug|Any CPU
		{DAFABCD1-7355-4FC2-AE43-A1AB15E035BD}.FastpathSim|Any CPU.ActiveCfg = Release|Any CPU
		{DAFABCD1-7355-4FC2-AE43-A1AB15E035BD}.FastpathSim|Any CPU.Build.0 = Release|Any CPU
		{DAFABCD1-7355-4FC2-AE43-A1AB15E035BD}.FastpathSim|Mixed Platforms.ActiveCfg = Release|Any CPU
		{DAFABCD1-7355-4FC2-AE43-A1AB15E035BD}.FastpathSim|Mixed Platforms.Build.0 = Release|Any CPU
		{DAFABCD1-7355-4FC2-AE43-A1AB15E035BD}.FastpathSim|Win32.ActiveCfg = Release|Any CPU
		{DAFABCD1-7355-4FC2-AE43-A1AB15E035BD}.FastpathSim|x86.ActiveCfg = Release|Any CPU
		{DAFABCD1-7355-4FC2-AE43-A1AB15E035BD}.NightlyDebug|Any CPU.ActiveCfg = Debug|Any CPU
		{DAFABCD1-7355-4FC2-AE43-A1AB15E035BD}.NightlyDebug|Any CPU.Build.0 = Debug|Any CPU
		{DAFABCD1-7355-4FC2-AE43-A1AB15E035BD}.NightlyDebug|Mixed Platforms.ActiveCfg = Debug|Any CPU
		{DAFABCD1-7355-4FC2-AE43-A1AB15E035BD}.NightlyDebug|Mixed Platforms.Build.0 = Debug|Any CPU
		{DAFABCD1-7355-4FC2-AE43-A1AB15E035BD}.NightlyDebug|Win32.ActiveCfg = Debug|Any CPU
		{DAFABCD1-7355-4FC2-AE43-A1AB15E035BD}.NightlyDebug|x86.ActiveCfg = Debug|Any CPU
		{DAFABCD1-7355-4FC2-AE43-A1AB15E035BD}.NightlyRelease|Any CPU.ActiveCfg = Release|Any CPU
		{DAFABCD1-7355-4FC2-AE43-A1AB15E035BD}.NightlyRelease|Any CPU.Build.0 = Release|Any CPU
		{DAFABCD1-7355-4FC2-AE43-A1AB15E035BD}.NightlyRelease|Mixed Platforms.ActiveCfg = Release|Any CPU
		{DAFABCD1-7355-4FC2-AE43-A1AB15E035BD}.NightlyRelease|Mixed Platforms.Build.0 = Release|Any CPU
		{DAFABCD1-7355-4FC2-AE43-A1AB15E035BD}.NightlyRelease|Win32.ActiveCfg = Release|Any CPU
		{DAFABCD1-7355-4FC2-AE43-A1AB15E035BD}.NightlyRelease|x86.ActiveCfg = Release|Any CPU
		{DAFABCD1-7355-4FC2-AE43-A1AB15E035BD}.Release|Any CPU.ActiveCfg = Release|Any CPU
		{DAFABCD1-7355-4FC2-AE43-A1AB15E035BD}.Release|Any CPU.Build.0 = Release|Any CPU
		{DAFABCD1-7355-4FC2-AE43-A1AB15E035BD}.Release|Mixed Platforms.ActiveCfg = Release|Any CPU
		{DAFABCD1-7355-4FC2-AE43-A1AB15E035BD}.Release|Mixed Platforms.Build.0 = Release|Any CPU
		{DAFABCD1-7355-4FC2-AE43-A1AB15E035BD}.Release|Win32.ActiveCfg = Release|Any CPU
		{DAFABCD1-7355-4FC2-AE43-A1AB15E035BD}.Release|x86.ActiveCfg = Release|Any CPU
		{F8EDDA64-66A0-433B-9DC2-A6D9CF9AEB84}.CompilerOnly|Any CPU.ActiveCfg = Release|Any CPU
		{F8EDDA64-66A0-433B-9DC2-A6D9CF9AEB84}.CompilerOnly|Any CPU.Build.0 = Release|Any CPU
		{F8EDDA64-66A0-433B-9DC2-A6D9CF9AEB84}.CompilerOnly|Mixed Platforms.ActiveCfg = Release|Any CPU
		{F8EDDA64-66A0-433B-9DC2-A6D9CF9AEB84}.CompilerOnly|Mixed Platforms.Build.0 = Release|Any CPU
		{F8EDDA64-66A0-433B-9DC2-A6D9CF9AEB84}.CompilerOnly|Win32.ActiveCfg = Release|Any CPU
		{F8EDDA64-66A0-433B-9DC2-A6D9CF9AEB84}.CompilerOnly|x86.ActiveCfg = Release|Any CPU
		{F8EDDA64-66A0-433B-9DC2-A6D9CF9AEB84}.Debug|Any CPU.ActiveCfg = Debug|Any CPU
		{F8EDDA64-66A0-433B-9DC2-A6D9CF9AEB84}.Debug|Any CPU.Build.0 = Debug|Any CPU
		{F8EDDA64-66A0-433B-9DC2-A6D9CF9AEB84}.Debug|Mixed Platforms.ActiveCfg = Debug|Any CPU
		{F8EDDA64-66A0-433B-9DC2-A6D9CF9AEB84}.Debug|Mixed Platforms.Build.0 = Debug|Any CPU
		{F8EDDA64-66A0-433B-9DC2-A6D9CF9AEB84}.Debug|Win32.ActiveCfg = Debug|Any CPU
		{F8EDDA64-66A0-433B-9DC2-A6D9CF9AEB84}.Debug|x86.ActiveCfg = Debug|Any CPU
		{F8EDDA64-66A0-433B-9DC2-A6D9CF9AEB84}.FastpathSim|Any CPU.ActiveCfg = Release|Any CPU
		{F8EDDA64-66A0-433B-9DC2-A6D9CF9AEB84}.FastpathSim|Any CPU.Build.0 = Release|Any CPU
		{F8EDDA64-66A0-433B-9DC2-A6D9CF9AEB84}.FastpathSim|Mixed Platforms.ActiveCfg = Release|Any CPU
		{F8EDDA64-66A0-433B-9DC2-A6D9CF9AEB84}.FastpathSim|Mixed Platforms.Build.0 = Release|Any CPU
		{F8EDDA64-66A0-433B-9DC2-A6D9CF9AEB84}.FastpathSim|Win32.ActiveCfg = Release|Any CPU
		{F8EDDA64-66A0-433B-9DC2-A6D9CF9AEB84}.FastpathSim|x86.ActiveCfg = Release|Any CPU
		{F8EDDA64-66A0-433B-9DC2-A6D9CF9AEB84}.NightlyDebug|Any CPU.ActiveCfg = Debug|Any CPU
		{F8EDDA64-66A0-433B-9DC2-A6D9CF9AEB84}.NightlyDebug|Any CPU.Build.0 = Debug|Any CPU
		{F8EDDA64-66A0-433B-9DC2-A6D9CF9AEB84}.NightlyDebug|Mixed Platforms.ActiveCfg = Debug|Any CPU
		{F8EDDA64-66A0-433B-9DC2-A6D9CF9AEB84}.NightlyDebug|Mixed Platforms.Build.0 = Debug|Any CPU
		{F8EDDA64-66A0-433B-9DC2-A6D9CF9AEB84}.NightlyDebug|Win32.ActiveCfg = Debug|Any CPU
		{F8EDDA64-66A0-433B-9DC2-A6D9CF9AEB84}.NightlyDebug|x86.ActiveCfg = Debug|Any CPU
		{F8EDDA64-66A0-433B-9DC2-A6D9CF9AEB84}.NightlyRelease|Any CPU.ActiveCfg = Release|Any CPU
		{F8EDDA64-66A0-433B-9DC2-A6D9CF9AEB84}.NightlyRelease|Any CPU.Build.0 = Release|Any CPU
		{F8EDDA64-66A0-433B-9DC2-A6D9CF9AEB84}.NightlyRelease|Mixed Platforms.ActiveCfg = Release|Any CPU
		{F8EDDA64-66A0-433B-9DC2-A6D9CF9AEB84}.NightlyRelease|Mixed Platforms.Build.0 = Release|Any CPU
		{F8EDDA64-66A0-433B-9DC2-A6D9CF9AEB84}.NightlyRelease|Win32.ActiveCfg = Release|Any CPU
		{F8EDDA64-66A0-433B-9DC2-A6D9CF9AEB84}.NightlyRelease|x86.ActiveCfg = Release|Any CPU
		{F8EDDA64-66A0-433B-9DC2-A6D9CF9AEB84}.Release|Any CPU.ActiveCfg = Release|Any CPU
		{F8EDDA64-66A0-433B-9DC2-A6D9CF9AEB84}.Release|Any CPU.Build.0 = Release|Any CPU
		{F8EDDA64-66A0-433B-9DC2-A6D9CF9AEB84}.Release|Mixed Platforms.ActiveCfg = Release|Any CPU
		{F8EDDA64-66A0-433B-9DC2-A6D9CF9AEB84}.Release|Mixed Platforms.Build.0 = Release|Any CPU
		{F8EDDA64-66A0-433B-9DC2-A6D9CF9AEB84}.Release|Win32.ActiveCfg = Release|Any CPU
		{F8EDDA64-66A0-433B-9DC2-A6D9CF9AEB84}.Release|x86.ActiveCfg = Release|Any CPU
		{FF39EADC-9D3C-40EB-A0EA-60C76C560D54}.CompilerOnly|Any CPU.ActiveCfg = Release|x86
		{FF39EADC-9D3C-40EB-A0EA-60C76C560D54}.CompilerOnly|Mixed Platforms.ActiveCfg = Release|x86
		{FF39EADC-9D3C-40EB-A0EA-60C76C560D54}.CompilerOnly|Mixed Platforms.Build.0 = Release|x86
		{FF39EADC-9D3C-40EB-A0EA-60C76C560D54}.CompilerOnly|Win32.ActiveCfg = Release|x86
		{FF39EADC-9D3C-40EB-A0EA-60C76C560D54}.CompilerOnly|x86.ActiveCfg = Release|x86
		{FF39EADC-9D3C-40EB-A0EA-60C76C560D54}.CompilerOnly|x86.Build.0 = Release|x86
		{FF39EADC-9D3C-40EB-A0EA-60C76C560D54}.Debug|Any CPU.ActiveCfg = Debug|x86
		{FF39EADC-9D3C-40EB-A0EA-60C76C560D54}.Debug|Mixed Platforms.ActiveCfg = Debug|x86
		{FF39EADC-9D3C-40EB-A0EA-60C76C560D54}.Debug|Mixed Platforms.Build.0 = Debug|x86
		{FF39EADC-9D3C-40EB-A0EA-60C76C560D54}.Debug|Win32.ActiveCfg = Debug|x86
		{FF39EADC-9D3C-40EB-A0EA-60C76C560D54}.Debug|x86.ActiveCfg = Debug|x86
		{FF39EADC-9D3C-40EB-A0EA-60C76C560D54}.Debug|x86.Build.0 = Debug|x86
		{FF39EADC-9D3C-40EB-A0EA-60C76C560D54}.FastpathSim|Any CPU.ActiveCfg = Release|x86
		{FF39EADC-9D3C-40EB-A0EA-60C76C560D54}.FastpathSim|Mixed Platforms.ActiveCfg = Release|x86
		{FF39EADC-9D3C-40EB-A0EA-60C76C560D54}.FastpathSim|Mixed Platforms.Build.0 = Release|x86
		{FF39EADC-9D3C-40EB-A0EA-60C76C560D54}.FastpathSim|Win32.ActiveCfg = Release|x86
		{FF39EADC-9D3C-40EB-A0EA-60C76C560D54}.FastpathSim|x86.ActiveCfg = Release|x86
		{FF39EADC-9D3C-40EB-A0EA-60C76C560D54}.FastpathSim|x86.Build.0 = Release|x86
		{FF39EADC-9D3C-40EB-A0EA-60C76C560D54}.NightlyDebug|Any CPU.ActiveCfg = Debug|x86
		{FF39EADC-9D3C-40EB-A0EA-60C76C560D54}.NightlyDebug|Mixed Platforms.ActiveCfg = Debug|x86
		{FF39EADC-9D3C-40EB-A0EA-60C76C560D54}.NightlyDebug|Mixed Platforms.Build.0 = Debug|x86
		{FF39EADC-9D3C-40EB-A0EA-60C76C560D54}.NightlyDebug|Win32.ActiveCfg = Debug|x86
		{FF39EADC-9D3C-40EB-A0EA-60C76C560D54}.NightlyDebug|x86.ActiveCfg = Debug|x86
		{FF39EADC-9D3C-40EB-A0EA-60C76C560D54}.NightlyDebug|x86.Build.0 = Debug|x86
		{FF39EADC-9D3C-40EB-A0EA-60C76C560D54}.NightlyRelease|Any CPU.ActiveCfg = Release|x86
		{FF39EADC-9D3C-40EB-A0EA-60C76C560D54}.NightlyRelease|Mixed Platforms.ActiveCfg = Release|x86
		{FF39EADC-9D3C-40EB-A0EA-60C76C560D54}.NightlyRelease|Mixed Platforms.Build.0 = Release|x86
		{FF39EADC-9D3C-40EB-A0EA-60C76C560D54}.NightlyRelease|Win32.ActiveCfg = Release|x86
		{FF39EADC-9D3C-40EB-A0EA-60C76C560D54}.NightlyRelease|x86.ActiveCfg = Release|x86
		{FF39EADC-9D3C-40EB-A0EA-60C76C560D54}.NightlyRelease|x86.Build.0 = Release|x86
		{FF39EADC-9D3C-40EB-A0EA-60C76C560D54}.Release|Any CPU.ActiveCfg = Release|x86
		{FF39EADC-9D3C-40EB-A0EA-60C76C560D54}.Release|Mixed Platforms.ActiveCfg = Release|x86
		{FF39EADC-9D3C-40EB-A0EA-60C76C560D54}.Release|Mixed Platforms.Build.0 = Release|x86
		{FF39EADC-9D3C-40EB-A0EA-60C76C560D54}.Release|Win32.ActiveCfg = Release|x86
		{FF39EADC-9D3C-40EB-A0EA-60C76C560D54}.Release|x86.ActiveCfg = Release|x86
		{FF39EADC-9D3C-40EB-A0EA-60C76C560D54}.Release|x86.Build.0 = Release|x86
	EndGlobalSection
	GlobalSection(SolutionProperties) = preSolution
		HideSolutionNode = FALSE
	EndGlobalSection
EndGlobal
