Microsoft Visual Studio Solution File, Format Version 11.00
# Visual Studio 2010
Project("{FAE04EC0-301F-11D3-BF4B-00C04F79EFBC}") = "ILGenerator", "Microsoft.CCI\ILGenerator\ILGenerator.csproj", "{08156C78-403A-4112-AD81-8646AC51CD2F}"
EndProject
Project("{FAE04EC0-301F-11D3-BF4B-00C04F79EFBC}") = "MetadataHelper", "Microsoft.CCI\MetadataHelper\MetadataHelper.csproj", "{4A34A3C5-6176-49D7-A4C5-B2B671247F8F}"
EndProject
Project("{FAE04EC0-301F-11D3-BF4B-00C04F79EFBC}") = "MetadataModel", "Microsoft.CCI\MetadataModel\MetadataModel.csproj", "{33CAB640-0D03-43DF-81BD-22CDC6C0A597}"
EndProject
Project("{FAE04EC0-301F-11D3-BF4B-00C04F79EFBC}") = "Microsoft.Contracts", "Microsoft.CCI\Microsoft.Contracts\Microsoft.Contracts.csproj", "{B114E5FF-F2A2-4BE7-8AF1-936FC87030F0}"
EndProject
Project("{FAE04EC0-301F-11D3-BF4B-00C04F79EFBC}") = "MutableMetadataModel", "Microsoft.CCI\MutableMetadataModel\MutableMetadataModel.csproj", "{319E151C-8F33-49E7-81C9-30F02F9BA90A}"
EndProject
Project("{FAE04EC0-301F-11D3-BF4B-00C04F79EFBC}") = "PdbReader", "Microsoft.CCI\PdbReader\PdbReader.csproj", "{A6A31B03-7C3D-4DE6-AA73-BE88116BC40A}"
EndProject
Project("{FAE04EC0-301F-11D3-BF4B-00C04F79EFBC}") = "PdbWriter", "Microsoft.CCI\PdbWriter\PdbWriter.csproj", "{6D83F687-ABB5-40B3-915E-CA53DA0EB7F3}"
EndProject
Project("{FAE04EC0-301F-11D3-BF4B-00C04F79EFBC}") = "PeReader", "Microsoft.CCI\PeReader\PeReader.csproj", "{34B9A0CE-DF18-4CBC-8F7A-90C2B74338D5}"
EndProject
Project("{FAE04EC0-301F-11D3-BF4B-00C04F79EFBC}") = "PeWriter", "Microsoft.CCI\PeWriter\PeWriter.csproj", "{304A8B0B-851B-4AA6-A17D-5F87F39C5E5C}"
EndProject
Project("{FAE04EC0-301F-11D3-BF4B-00C04F79EFBC}") = "SourceModel", "Microsoft.CCI\SourceModel\SourceModel.csproj", "{4B0054FD-124A-4037-9965-BDB55E6BF389}"
EndProject
Project("{FAE04EC0-301F-11D3-BF4B-00C04F79EFBC}") = "Afterthought", "Afterthought\Afterthought.csproj", "{0857EBD2-0AE9-4FE2-B9D9-E3D5F924F0F0}"
EndProject
Project("{FAE04EC0-301F-11D3-BF4B-00C04F79EFBC}") = "Afterthought.UnitTest", "Afterthought.UnitTest\Afterthought.UnitTest.csproj", "{DAFABCD1-7355-4FC2-AE43-A1AB15E035BD}"
EndProject
Project("{2150E333-8FDC-42A3-9474-1A3956D46DE8}") = "Solution Items", "Solution Items", "{117576C5-77C6-4851-B271-5B0AAB147E7F}"
	ProjectSection(SolutionItems) = preProject
		.gitignore = .gitignore
		Afterthought.vsmdi = Afterthought.vsmdi
		License.txt = License.txt
		Local.testsettings = Local.testsettings
		TraceAndTestImpact.testsettings = TraceAndTestImpact.testsettings
		vc3os-sm.png = vc3os-sm.png
	EndProjectSection
EndProject
Project("{FAE04EC0-301F-11D3-BF4B-00C04F79EFBC}") = "Afterthought.UnitTest.Target", "Afterthought.UnitTest.Target\Afterthought.UnitTest.Target.csproj", "{F8EDDA64-66A0-433B-9DC2-A6D9CF9AEB84}"
EndProject
Project("{FAE04EC0-301F-11D3-BF4B-00C04F79EFBC}") = "Afterthought.Amender", "Afterthought.Amender\Afterthought.Amender.csproj", "{FF39EADC-9D3C-40EB-A0EA-60C76C560D54}"
EndProject
Project("{2150E333-8FDC-42A3-9474-1A3956D46DE8}") = "Microsoft.CCI", "Microsoft.CCI", "{0CDA2B39-B891-49AE-B67F-59E70534EE2B}"
EndProject
Project("{FAE04EC0-301F-11D3-BF4B-00C04F79EFBC}") = "Logging", "Examples\Logging\Logging\Logging.csproj", "{DCF621B2-47A4-490A-897D-C3593E2FB9C1}"
EndProject
Project("{2150E333-8FDC-42A3-9474-1A3956D46DE8}") = "Examples", "Examples", "{B709D2A5-9303-401B-AF1B-0313C050FBC5}"
EndProject
Project("{2150E333-8FDC-42A3-9474-1A3956D46DE8}") = "Logging", "Logging", "{0DD0DE4A-10AC-4A3F-A3C6-4C96B902D819}"
	ProjectSection(SolutionItems) = preProject
		Readme.txt = Readme.txt
	EndProjectSection
EndProject
Project("{FAE04EC0-301F-11D3-BF4B-00C04F79EFBC}") = "Logging.Amender", "Examples\Logging\Logging.Amender\Logging.Amender.csproj", "{E8818AD9-D332-4B6D-B33F-0C0B942647A0}"
EndProject
Project("{FAE04EC0-301F-11D3-BF4B-00C04F79EFBC}") = "Logging.UnitTest", "Examples\Logging\Logging.UnitTest\Logging.UnitTest.csproj", "{AE704B90-7AC9-4567-B9BC-EB2C60EFD8AF}"
EndProject
Project("{FAE04EC0-301F-11D3-BF4B-00C04F79EFBC}") = "Logging.UnitTest.Target", "Examples\Logging\Logging.UnitTest.Target\Logging.UnitTest.Target.csproj", "{980DEA7F-BE8A-4287-ACF1-1494602BBB8B}"
EndProject
Project("{2150E333-8FDC-42A3-9474-1A3956D46DE8}") = "NotifyPropertyChanged", "NotifyPropertyChanged", "{CE2C2FFD-7195-4F8B-911A-42445EBAFFB9}"
EndProject
Project("{FAE04EC0-301F-11D3-BF4B-00C04F79EFBC}") = "NotifyPropertyChanged", "Examples\NotifyPropertyChanged\NotifyPropertyChanged\NotifyPropertyChanged.csproj", "{91D3E48E-0CFC-4F86-8B1C-456428095B1C}"
EndProject
Project("{FAE04EC0-301F-11D3-BF4B-00C04F79EFBC}") = "NotifyPropertyChanged.UnitTest.Target", "Examples\NotifyPropertyChanged\NotifyPropertyChanged.UnitTest.Target\NotifyPropertyChanged.UnitTest.Target.csproj", "{C17FACB4-07E2-43F9-BFFE-7891F65928CF}"
EndProject
Project("{FAE04EC0-301F-11D3-BF4B-00C04F79EFBC}") = "NotifyPropertyChanged.UnitTest", "Examples\NotifyPropertyChanged\NotifyPropertyChanged.UnitTest\NotifyPropertyChanged.UnitTest.csproj", "{CB0A7510-EEB3-4402-9EEE-A04E16B20D3D}"
EndProject
Project("{2150E333-8FDC-42A3-9474-1A3956D46DE8}") = "EntityFramework", "EntityFramework", "{6AC26EC8-2CA8-431C-89F2-954A2DD6B4D4}"
EndProject
Project("{FAE04EC0-301F-11D3-BF4B-00C04F79EFBC}") = "EntityFramework", "Examples\EntityFramework\EntityFramework\EntityFramework.csproj", "{C934A124-5208-4BF9-A1F0-B514287AD541}"
EndProject
Global
	GlobalSection(TestCaseManagementSettings) = postSolution
		CategoryFile = Afterthought.vsmdi
	EndGlobalSection
	GlobalSection(SolutionConfigurationPlatforms) = preSolution
		CompilerOnly|Any CPU = CompilerOnly|Any CPU
		CompilerOnly|Mixed Platforms = CompilerOnly|Mixed Platforms
		CompilerOnly|Win32 = CompilerOnly|Win32
		CompilerOnly|x86 = CompilerOnly|x86
		Debug|Any CPU = Debug|Any CPU
		Debug|Mixed Platforms = Debug|Mixed Platforms
		Debug|Win32 = Debug|Win32
		Debug|x86 = Debug|x86
		FastpathSim|Any CPU = FastpathSim|Any CPU
		FastpathSim|Mixed Platforms = FastpathSim|Mixed Platforms
		FastpathSim|Win32 = FastpathSim|Win32
		FastpathSim|x86 = FastpathSim|x86
		NightlyDebug|Any CPU = NightlyDebug|Any CPU
		NightlyDebug|Mixed Platforms = NightlyDebug|Mixed Platforms
		NightlyDebug|Win32 = NightlyDebug|Win32
		NightlyDebug|x86 = NightlyDebug|x86
		NightlyRelease|Any CPU = NightlyRelease|Any CPU
		NightlyRelease|Mixed Platforms = NightlyRelease|Mixed Platforms
		NightlyRelease|Win32 = NightlyRelease|Win32
		NightlyRelease|x86 = NightlyRelease|x86
		Release|Any CPU = Release|Any CPU
		Release|Mixed Platforms = Release|Mixed Platforms
		Release|Win32 = Release|Win32
		Release|x86 = Release|x86
	EndGlobalSection
	GlobalSection(ProjectConfigurationPlatforms) = postSolution
		{08156C78-403A-4112-AD81-8646AC51CD2F}.CompilerOnly|Any CPU.ActiveCfg = CompilerOnly|Any CPU
		{08156C78-403A-4112-AD81-8646AC51CD2F}.CompilerOnly|Any CPU.Build.0 = CompilerOnly|Any CPU
		{08156C78-403A-4112-AD81-8646AC51CD2F}.CompilerOnly|Mixed Platforms.ActiveCfg = CompilerOnly|Any CPU
		{08156C78-403A-4112-AD81-8646AC51CD2F}.CompilerOnly|Mixed Platforms.Build.0 = CompilerOnly|Any CPU
		{08156C78-403A-4112-AD81-8646AC51CD2F}.CompilerOnly|Win32.ActiveCfg = CompilerOnly|Any CPU
		{08156C78-403A-4112-AD81-8646AC51CD2F}.CompilerOnly|x86.ActiveCfg = CompilerOnly|Any CPU
		{08156C78-403A-4112-AD81-8646AC51CD2F}.Debug|Any CPU.ActiveCfg = Debug|Any CPU
		{08156C78-403A-4112-AD81-8646AC51CD2F}.Debug|Any CPU.Build.0 = Debug|Any CPU
		{08156C78-403A-4112-AD81-8646AC51CD2F}.Debug|Mixed Platforms.ActiveCfg = Debug|Any CPU
		{08156C78-403A-4112-AD81-8646AC51CD2F}.Debug|Mixed Platforms.Build.0 = Debug|Any CPU
		{08156C78-403A-4112-AD81-8646AC51CD2F}.Debug|Win32.ActiveCfg = Debug|Any CPU
		{08156C78-403A-4112-AD81-8646AC51CD2F}.Debug|x86.ActiveCfg = Debug|Any CPU
		{08156C78-403A-4112-AD81-8646AC51CD2F}.FastpathSim|Any CPU.ActiveCfg = CompilerOnly|Any CPU
		{08156C78-403A-4112-AD81-8646AC51CD2F}.FastpathSim|Any CPU.Build.0 = CompilerOnly|Any CPU
		{08156C78-403A-4112-AD81-8646AC51CD2F}.FastpathSim|Mixed Platforms.ActiveCfg = CompilerOnly|Any CPU
		{08156C78-403A-4112-AD81-8646AC51CD2F}.FastpathSim|Mixed Platforms.Build.0 = CompilerOnly|Any CPU
		{08156C78-403A-4112-AD81-8646AC51CD2F}.FastpathSim|Win32.ActiveCfg = CompilerOnly|Any CPU
		{08156C78-403A-4112-AD81-8646AC51CD2F}.FastpathSim|x86.ActiveCfg = CompilerOnly|Any CPU
		{08156C78-403A-4112-AD81-8646AC51CD2F}.NightlyDebug|Any CPU.ActiveCfg = Debug|Any CPU
		{08156C78-403A-4112-AD81-8646AC51CD2F}.NightlyDebug|Any CPU.Build.0 = Debug|Any CPU
		{08156C78-403A-4112-AD81-8646AC51CD2F}.NightlyDebug|Mixed Platforms.ActiveCfg = Debug|Any CPU
		{08156C78-403A-4112-AD81-8646AC51CD2F}.NightlyDebug|Mixed Platforms.Build.0 = Debug|Any CPU
		{08156C78-403A-4112-AD81-8646AC51CD2F}.NightlyDebug|Win32.ActiveCfg = Debug|Any CPU
		{08156C78-403A-4112-AD81-8646AC51CD2F}.NightlyDebug|x86.ActiveCfg = Debug|Any CPU
		{08156C78-403A-4112-AD81-8646AC51CD2F}.NightlyRelease|Any CPU.ActiveCfg = Release|Any CPU
		{08156C78-403A-4112-AD81-8646AC51CD2F}.NightlyRelease|Any CPU.Build.0 = Release|Any CPU
		{08156C78-403A-4112-AD81-8646AC51CD2F}.NightlyRelease|Mixed Platforms.ActiveCfg = Release|Any CPU
		{08156C78-403A-4112-AD81-8646AC51CD2F}.NightlyRelease|Mixed Platforms.Build.0 = Release|Any CPU
		{08156C78-403A-4112-AD81-8646AC51CD2F}.NightlyRelease|Win32.ActiveCfg = Release|Any CPU
		{08156C78-403A-4112-AD81-8646AC51CD2F}.NightlyRelease|x86.ActiveCfg = Release|Any CPU
		{08156C78-403A-4112-AD81-8646AC51CD2F}.Release|Any CPU.ActiveCfg = Release|Any CPU
		{08156C78-403A-4112-AD81-8646AC51CD2F}.Release|Any CPU.Build.0 = Release|Any CPU
		{08156C78-403A-4112-AD81-8646AC51CD2F}.Release|Mixed Platforms.ActiveCfg = Release|Any CPU
		{08156C78-403A-4112-AD81-8646AC51CD2F}.Release|Mixed Platforms.Build.0 = Release|Any CPU
		{08156C78-403A-4112-AD81-8646AC51CD2F}.Release|Win32.ActiveCfg = Release|Any CPU
		{08156C78-403A-4112-AD81-8646AC51CD2F}.Release|x86.ActiveCfg = Release|Any CPU
		{4A34A3C5-6176-49D7-A4C5-B2B671247F8F}.CompilerOnly|Any CPU.ActiveCfg = CompilerOnly|Any CPU
		{4A34A3C5-6176-49D7-A4C5-B2B671247F8F}.CompilerOnly|Any CPU.Build.0 = CompilerOnly|Any CPU
		{4A34A3C5-6176-49D7-A4C5-B2B671247F8F}.CompilerOnly|Mixed Platforms.ActiveCfg = CompilerOnly|Any CPU
		{4A34A3C5-6176-49D7-A4C5-B2B671247F8F}.CompilerOnly|Mixed Platforms.Build.0 = CompilerOnly|Any CPU
		{4A34A3C5-6176-49D7-A4C5-B2B671247F8F}.CompilerOnly|Win32.ActiveCfg = CompilerOnly|Any CPU
		{4A34A3C5-6176-49D7-A4C5-B2B671247F8F}.CompilerOnly|x86.ActiveCfg = CompilerOnly|Any CPU
		{4A34A3C5-6176-49D7-A4C5-B2B671247F8F}.Debug|Any CPU.ActiveCfg = Debug|Any CPU
		{4A34A3C5-6176-49D7-A4C5-B2B671247F8F}.Debug|Any CPU.Build.0 = Debug|Any CPU
		{4A34A3C5-6176-49D7-A4C5-B2B671247F8F}.Debug|Mixed Platforms.ActiveCfg = Debug|Any CPU
		{4A34A3C5-6176-49D7-A4C5-B2B671247F8F}.Debug|Mixed Platforms.Build.0 = Debug|Any CPU
		{4A34A3C5-6176-49D7-A4C5-B2B671247F8F}.Debug|Win32.ActiveCfg = Debug|Any CPU
		{4A34A3C5-6176-49D7-A4C5-B2B671247F8F}.Debug|x86.ActiveCfg = Debug|Any CPU
		{4A34A3C5-6176-49D7-A4C5-B2B671247F8F}.FastpathSim|Any CPU.ActiveCfg = CompilerOnly|Any CPU
		{4A34A3C5-6176-49D7-A4C5-B2B671247F8F}.FastpathSim|Any CPU.Build.0 = CompilerOnly|Any CPU
		{4A34A3C5-6176-49D7-A4C5-B2B671247F8F}.FastpathSim|Mixed Platforms.ActiveCfg = CompilerOnly|Any CPU
		{4A34A3C5-6176-49D7-A4C5-B2B671247F8F}.FastpathSim|Mixed Platforms.Build.0 = CompilerOnly|Any CPU
		{4A34A3C5-6176-49D7-A4C5-B2B671247F8F}.FastpathSim|Win32.ActiveCfg = CompilerOnly|Any CPU
		{4A34A3C5-6176-49D7-A4C5-B2B671247F8F}.FastpathSim|x86.ActiveCfg = CompilerOnly|Any CPU
		{4A34A3C5-6176-49D7-A4C5-B2B671247F8F}.NightlyDebug|Any CPU.ActiveCfg = NightlyDebug|Any CPU
		{4A34A3C5-6176-49D7-A4C5-B2B671247F8F}.NightlyDebug|Any CPU.Build.0 = NightlyDebug|Any CPU
		{4A34A3C5-6176-49D7-A4C5-B2B671247F8F}.NightlyDebug|Mixed Platforms.ActiveCfg = NightlyDebug|Any CPU
		{4A34A3C5-6176-49D7-A4C5-B2B671247F8F}.NightlyDebug|Mixed Platforms.Build.0 = NightlyDebug|Any CPU
		{4A34A3C5-6176-49D7-A4C5-B2B671247F8F}.NightlyDebug|Win32.ActiveCfg = NightlyDebug|Any CPU
		{4A34A3C5-6176-49D7-A4C5-B2B671247F8F}.NightlyDebug|x86.ActiveCfg = NightlyDebug|Any CPU
		{4A34A3C5-6176-49D7-A4C5-B2B671247F8F}.NightlyRelease|Any CPU.ActiveCfg = NightlyRelease|Any CPU
		{4A34A3C5-6176-49D7-A4C5-B2B671247F8F}.NightlyRelease|Any CPU.Build.0 = NightlyRelease|Any CPU
		{4A34A3C5-6176-49D7-A4C5-B2B671247F8F}.NightlyRelease|Mixed Platforms.ActiveCfg = NightlyRelease|Any CPU
		{4A34A3C5-6176-49D7-A4C5-B2B671247F8F}.NightlyRelease|Mixed Platforms.Build.0 = NightlyRelease|Any CPU
		{4A34A3C5-6176-49D7-A4C5-B2B671247F8F}.NightlyRelease|Win32.ActiveCfg = NightlyRelease|Any CPU
		{4A34A3C5-6176-49D7-A4C5-B2B671247F8F}.NightlyRelease|x86.ActiveCfg = NightlyRelease|Any CPU
		{4A34A3C5-6176-49D7-A4C5-B2B671247F8F}.Release|Any CPU.ActiveCfg = Release|Any CPU
		{4A34A3C5-6176-49D7-A4C5-B2B671247F8F}.Release|Any CPU.Build.0 = Release|Any CPU
		{4A34A3C5-6176-49D7-A4C5-B2B671247F8F}.Release|Mixed Platforms.ActiveCfg = Release|Any CPU
		{4A34A3C5-6176-49D7-A4C5-B2B671247F8F}.Release|Mixed Platforms.Build.0 = Release|Any CPU
		{4A34A3C5-6176-49D7-A4C5-B2B671247F8F}.Release|Win32.ActiveCfg = Release|Any CPU
		{4A34A3C5-6176-49D7-A4C5-B2B671247F8F}.Release|x86.ActiveCfg = Release|Any CPU
		{33CAB640-0D03-43DF-81BD-22CDC6C0A597}.CompilerOnly|Any CPU.ActiveCfg = CompilerOnly|Any CPU
		{33CAB640-0D03-43DF-81BD-22CDC6C0A597}.CompilerOnly|Any CPU.Build.0 = CompilerOnly|Any CPU
		{33CAB640-0D03-43DF-81BD-22CDC6C0A597}.CompilerOnly|Mixed Platforms.ActiveCfg = CompilerOnly|Any CPU
		{33CAB640-0D03-43DF-81BD-22CDC6C0A597}.CompilerOnly|Mixed Platforms.Build.0 = CompilerOnly|Any CPU
		{33CAB640-0D03-43DF-81BD-22CDC6C0A597}.CompilerOnly|Win32.ActiveCfg = CompilerOnly|Any CPU
		{33CAB640-0D03-43DF-81BD-22CDC6C0A597}.CompilerOnly|x86.ActiveCfg = CompilerOnly|Any CPU
		{33CAB640-0D03-43DF-81BD-22CDC6C0A597}.Debug|Any CPU.ActiveCfg = Debug|Any CPU
		{33CAB640-0D03-43DF-81BD-22CDC6C0A597}.Debug|Any CPU.Build.0 = Debug|Any CPU
		{33CAB640-0D03-43DF-81BD-22CDC6C0A597}.Debug|Mixed Platforms.ActiveCfg = Debug|Any CPU
		{33CAB640-0D03-43DF-81BD-22CDC6C0A597}.Debug|Mixed Platforms.Build.0 = Debug|Any CPU
		{33CAB640-0D03-43DF-81BD-22CDC6C0A597}.Debug|Win32.ActiveCfg = Debug|Any CPU
		{33CAB640-0D03-43DF-81BD-22CDC6C0A597}.Debug|x86.ActiveCfg = Debug|Any CPU
		{33CAB640-0D03-43DF-81BD-22CDC6C0A597}.FastpathSim|Any CPU.ActiveCfg = CompilerOnly|Any CPU
		{33CAB640-0D03-43DF-81BD-22CDC6C0A597}.FastpathSim|Any CPU.Build.0 = CompilerOnly|Any CPU
		{33CAB640-0D03-43DF-81BD-22CDC6C0A597}.FastpathSim|Mixed Platforms.ActiveCfg = CompilerOnly|Any CPU
		{33CAB640-0D03-43DF-81BD-22CDC6C0A597}.FastpathSim|Mixed Platforms.Build.0 = CompilerOnly|Any CPU
		{33CAB640-0D03-43DF-81BD-22CDC6C0A597}.FastpathSim|Win32.ActiveCfg = CompilerOnly|Any CPU
		{33CAB640-0D03-43DF-81BD-22CDC6C0A597}.FastpathSim|x86.ActiveCfg = CompilerOnly|Any CPU
		{33CAB640-0D03-43DF-81BD-22CDC6C0A597}.NightlyDebug|Any CPU.ActiveCfg = NightlyDebug|Any CPU
		{33CAB640-0D03-43DF-81BD-22CDC6C0A597}.NightlyDebug|Any CPU.Build.0 = NightlyDebug|Any CPU
		{33CAB640-0D03-43DF-81BD-22CDC6C0A597}.NightlyDebug|Mixed Platforms.ActiveCfg = NightlyDebug|Any CPU
		{33CAB640-0D03-43DF-81BD-22CDC6C0A597}.NightlyDebug|Mixed Platforms.Build.0 = NightlyDebug|Any CPU
		{33CAB640-0D03-43DF-81BD-22CDC6C0A597}.NightlyDebug|Win32.ActiveCfg = NightlyDebug|Any CPU
		{33CAB640-0D03-43DF-81BD-22CDC6C0A597}.NightlyDebug|x86.ActiveCfg = NightlyDebug|Any CPU
		{33CAB640-0D03-43DF-81BD-22CDC6C0A597}.NightlyRelease|Any CPU.ActiveCfg = NightlyRelease|Any CPU
		{33CAB640-0D03-43DF-81BD-22CDC6C0A597}.NightlyRelease|Any CPU.Build.0 = NightlyRelease|Any CPU
		{33CAB640-0D03-43DF-81BD-22CDC6C0A597}.NightlyRelease|Mixed Platforms.ActiveCfg = NightlyRelease|Any CPU
		{33CAB640-0D03-43DF-81BD-22CDC6C0A597}.NightlyRelease|Mixed Platforms.Build.0 = NightlyRelease|Any CPU
		{33CAB640-0D03-43DF-81BD-22CDC6C0A597}.NightlyRelease|Win32.ActiveCfg = NightlyRelease|Any CPU
		{33CAB640-0D03-43DF-81BD-22CDC6C0A597}.NightlyRelease|x86.ActiveCfg = NightlyRelease|Any CPU
		{33CAB640-0D03-43DF-81BD-22CDC6C0A597}.Release|Any CPU.ActiveCfg = Release|Any CPU
		{33CAB640-0D03-43DF-81BD-22CDC6C0A597}.Release|Any CPU.Build.0 = Release|Any CPU
		{33CAB640-0D03-43DF-81BD-22CDC6C0A597}.Release|Mixed Platforms.ActiveCfg = Release|Any CPU
		{33CAB640-0D03-43DF-81BD-22CDC6C0A597}.Release|Mixed Platforms.Build.0 = Release|Any CPU
		{33CAB640-0D03-43DF-81BD-22CDC6C0A597}.Release|Win32.ActiveCfg = Release|Any CPU
		{33CAB640-0D03-43DF-81BD-22CDC6C0A597}.Release|x86.ActiveCfg = Release|Any CPU
		{B114E5FF-F2A2-4BE7-8AF1-936FC87030F0}.CompilerOnly|Any CPU.ActiveCfg = FastpathSim|Any CPU
		{B114E5FF-F2A2-4BE7-8AF1-936FC87030F0}.CompilerOnly|Any CPU.Build.0 = FastpathSim|Any CPU
		{B114E5FF-F2A2-4BE7-8AF1-936FC87030F0}.CompilerOnly|Mixed Platforms.ActiveCfg = FastpathSim|Any CPU
		{B114E5FF-F2A2-4BE7-8AF1-936FC87030F0}.CompilerOnly|Mixed Platforms.Build.0 = FastpathSim|Any CPU
		{B114E5FF-F2A2-4BE7-8AF1-936FC87030F0}.CompilerOnly|Win32.ActiveCfg = FastpathSim|Any CPU
		{B114E5FF-F2A2-4BE7-8AF1-936FC87030F0}.CompilerOnly|x86.ActiveCfg = FastpathSim|Any CPU
		{B114E5FF-F2A2-4BE7-8AF1-936FC87030F0}.Debug|Any CPU.ActiveCfg = Debug|Any CPU
		{B114E5FF-F2A2-4BE7-8AF1-936FC87030F0}.Debug|Any CPU.Build.0 = Debug|Any CPU
		{B114E5FF-F2A2-4BE7-8AF1-936FC87030F0}.Debug|Mixed Platforms.ActiveCfg = Debug|Any CPU
		{B114E5FF-F2A2-4BE7-8AF1-936FC87030F0}.Debug|Mixed Platforms.Build.0 = Debug|Any CPU
		{B114E5FF-F2A2-4BE7-8AF1-936FC87030F0}.Debug|Win32.ActiveCfg = Debug|Any CPU
		{B114E5FF-F2A2-4BE7-8AF1-936FC87030F0}.Debug|x86.ActiveCfg = Debug|Any CPU
		{B114E5FF-F2A2-4BE7-8AF1-936FC87030F0}.FastpathSim|Any CPU.ActiveCfg = FastpathSim|Any CPU
		{B114E5FF-F2A2-4BE7-8AF1-936FC87030F0}.FastpathSim|Any CPU.Build.0 = FastpathSim|Any CPU
		{B114E5FF-F2A2-4BE7-8AF1-936FC87030F0}.FastpathSim|Mixed Platforms.ActiveCfg = FastpathSim|Any CPU
		{B114E5FF-F2A2-4BE7-8AF1-936FC87030F0}.FastpathSim|Mixed Platforms.Build.0 = FastpathSim|Any CPU
		{B114E5FF-F2A2-4BE7-8AF1-936FC87030F0}.FastpathSim|Win32.ActiveCfg = FastpathSim|Any CPU
		{B114E5FF-F2A2-4BE7-8AF1-936FC87030F0}.FastpathSim|x86.ActiveCfg = FastpathSim|Any CPU
		{B114E5FF-F2A2-4BE7-8AF1-936FC87030F0}.NightlyDebug|Any CPU.ActiveCfg = Debug|Any CPU
		{B114E5FF-F2A2-4BE7-8AF1-936FC87030F0}.NightlyDebug|Any CPU.Build.0 = Debug|Any CPU
		{B114E5FF-F2A2-4BE7-8AF1-936FC87030F0}.NightlyDebug|Mixed Platforms.ActiveCfg = Debug|Any CPU
		{B114E5FF-F2A2-4BE7-8AF1-936FC87030F0}.NightlyDebug|Mixed Platforms.Build.0 = Debug|Any CPU
		{B114E5FF-F2A2-4BE7-8AF1-936FC87030F0}.NightlyDebug|Win32.ActiveCfg = Debug|Any CPU
		{B114E5FF-F2A2-4BE7-8AF1-936FC87030F0}.NightlyDebug|x86.ActiveCfg = Debug|Any CPU
		{B114E5FF-F2A2-4BE7-8AF1-936FC87030F0}.NightlyRelease|Any CPU.ActiveCfg = Release|Any CPU
		{B114E5FF-F2A2-4BE7-8AF1-936FC87030F0}.NightlyRelease|Any CPU.Build.0 = Release|Any CPU
		{B114E5FF-F2A2-4BE7-8AF1-936FC87030F0}.NightlyRelease|Mixed Platforms.ActiveCfg = Release|Any CPU
		{B114E5FF-F2A2-4BE7-8AF1-936FC87030F0}.NightlyRelease|Mixed Platforms.Build.0 = Release|Any CPU
		{B114E5FF-F2A2-4BE7-8AF1-936FC87030F0}.NightlyRelease|Win32.ActiveCfg = Release|Any CPU
		{B114E5FF-F2A2-4BE7-8AF1-936FC87030F0}.NightlyRelease|x86.ActiveCfg = Release|Any CPU
		{B114E5FF-F2A2-4BE7-8AF1-936FC87030F0}.Release|Any CPU.ActiveCfg = Release|Any CPU
		{B114E5FF-F2A2-4BE7-8AF1-936FC87030F0}.Release|Any CPU.Build.0 = Release|Any CPU
		{B114E5FF-F2A2-4BE7-8AF1-936FC87030F0}.Release|Mixed Platforms.ActiveCfg = Release|Any CPU
		{B114E5FF-F2A2-4BE7-8AF1-936FC87030F0}.Release|Mixed Platforms.Build.0 = Release|Any CPU
		{B114E5FF-F2A2-4BE7-8AF1-936FC87030F0}.Release|Win32.ActiveCfg = Release|Any CPU
		{B114E5FF-F2A2-4BE7-8AF1-936FC87030F0}.Release|x86.ActiveCfg = Release|Any CPU
		{319E151C-8F33-49E7-81C9-30F02F9BA90A}.CompilerOnly|Any CPU.ActiveCfg = CompilerOnly|Any CPU
		{319E151C-8F33-49E7-81C9-30F02F9BA90A}.CompilerOnly|Any CPU.Build.0 = CompilerOnly|Any CPU
		{319E151C-8F33-49E7-81C9-30F02F9BA90A}.CompilerOnly|Mixed Platforms.ActiveCfg = CompilerOnly|Any CPU
		{319E151C-8F33-49E7-81C9-30F02F9BA90A}.CompilerOnly|Mixed Platforms.Build.0 = CompilerOnly|Any CPU
		{319E151C-8F33-49E7-81C9-30F02F9BA90A}.CompilerOnly|Win32.ActiveCfg = CompilerOnly|Any CPU
		{319E151C-8F33-49E7-81C9-30F02F9BA90A}.CompilerOnly|x86.ActiveCfg = CompilerOnly|Any CPU
		{319E151C-8F33-49E7-81C9-30F02F9BA90A}.Debug|Any CPU.ActiveCfg = Debug|Any CPU
		{319E151C-8F33-49E7-81C9-30F02F9BA90A}.Debug|Any CPU.Build.0 = Debug|Any CPU
		{319E151C-8F33-49E7-81C9-30F02F9BA90A}.Debug|Mixed Platforms.ActiveCfg = Debug|Any CPU
		{319E151C-8F33-49E7-81C9-30F02F9BA90A}.Debug|Mixed Platforms.Build.0 = Debug|Any CPU
		{319E151C-8F33-49E7-81C9-30F02F9BA90A}.Debug|Win32.ActiveCfg = Debug|Any CPU
		{319E151C-8F33-49E7-81C9-30F02F9BA90A}.Debug|x86.ActiveCfg = Debug|Any CPU
		{319E151C-8F33-49E7-81C9-30F02F9BA90A}.FastpathSim|Any CPU.ActiveCfg = CompilerOnly|Any CPU
		{319E151C-8F33-49E7-81C9-30F02F9BA90A}.FastpathSim|Any CPU.Build.0 = CompilerOnly|Any CPU
		{319E151C-8F33-49E7-81C9-30F02F9BA90A}.FastpathSim|Mixed Platforms.ActiveCfg = CompilerOnly|Any CPU
		{319E151C-8F33-49E7-81C9-30F02F9BA90A}.FastpathSim|Mixed Platforms.Build.0 = CompilerOnly|Any CPU
		{319E151C-8F33-49E7-81C9-30F02F9BA90A}.FastpathSim|Win32.ActiveCfg = CompilerOnly|Any CPU
		{319E151C-8F33-49E7-81C9-30F02F9BA90A}.FastpathSim|x86.ActiveCfg = CompilerOnly|Any CPU
		{319E151C-8F33-49E7-81C9-30F02F9BA90A}.NightlyDebug|Any CPU.ActiveCfg = NightlyDebug|Any CPU
		{319E151C-8F33-49E7-81C9-30F02F9BA90A}.NightlyDebug|Any CPU.Build.0 = NightlyDebug|Any CPU
		{319E151C-8F33-49E7-81C9-30F02F9BA90A}.NightlyDebug|Mixed Platforms.ActiveCfg = NightlyDebug|Any CPU
		{319E151C-8F33-49E7-81C9-30F02F9BA90A}.NightlyDebug|Mixed Platforms.Build.0 = NightlyDebug|Any CPU
		{319E151C-8F33-49E7-81C9-30F02F9BA90A}.NightlyDebug|Win32.ActiveCfg = NightlyDebug|Any CPU
		{319E151C-8F33-49E7-81C9-30F02F9BA90A}.NightlyDebug|x86.ActiveCfg = NightlyDebug|Any CPU
		{319E151C-8F33-49E7-81C9-30F02F9BA90A}.NightlyRelease|Any CPU.ActiveCfg = NightlyRelease|Any CPU
		{319E151C-8F33-49E7-81C9-30F02F9BA90A}.NightlyRelease|Any CPU.Build.0 = NightlyRelease|Any CPU
		{319E151C-8F33-49E7-81C9-30F02F9BA90A}.NightlyRelease|Mixed Platforms.ActiveCfg = NightlyRelease|Any CPU
		{319E151C-8F33-49E7-81C9-30F02F9BA90A}.NightlyRelease|Mixed Platforms.Build.0 = NightlyRelease|Any CPU
		{319E151C-8F33-49E7-81C9-30F02F9BA90A}.NightlyRelease|Win32.ActiveCfg = NightlyRelease|Any CPU
		{319E151C-8F33-49E7-81C9-30F02F9BA90A}.NightlyRelease|x86.ActiveCfg = NightlyRelease|Any CPU
		{319E151C-8F33-49E7-81C9-30F02F9BA90A}.Release|Any CPU.ActiveCfg = Release|Any CPU
		{319E151C-8F33-49E7-81C9-30F02F9BA90A}.Release|Any CPU.Build.0 = Release|Any CPU
		{319E151C-8F33-49E7-81C9-30F02F9BA90A}.Release|Mixed Platforms.ActiveCfg = Release|Any CPU
		{319E151C-8F33-49E7-81C9-30F02F9BA90A}.Release|Mixed Platforms.Build.0 = Release|Any CPU
		{319E151C-8F33-49E7-81C9-30F02F9BA90A}.Release|Win32.ActiveCfg = Release|Any CPU
		{319E151C-8F33-49E7-81C9-30F02F9BA90A}.Release|x86.ActiveCfg = Release|Any CPU
		{A6A31B03-7C3D-4DE6-AA73-BE88116BC40A}.CompilerOnly|Any CPU.ActiveCfg = Release|Any CPU
		{A6A31B03-7C3D-4DE6-AA73-BE88116BC40A}.CompilerOnly|Any CPU.Build.0 = Release|Any CPU
		{A6A31B03-7C3D-4DE6-AA73-BE88116BC40A}.CompilerOnly|Mixed Platforms.ActiveCfg = Release|Any CPU
		{A6A31B03-7C3D-4DE6-AA73-BE88116BC40A}.CompilerOnly|Mixed Platforms.Build.0 = Release|Any CPU
		{A6A31B03-7C3D-4DE6-AA73-BE88116BC40A}.CompilerOnly|Win32.ActiveCfg = Release|Any CPU
		{A6A31B03-7C3D-4DE6-AA73-BE88116BC40A}.CompilerOnly|x86.ActiveCfg = Release|Any CPU
		{A6A31B03-7C3D-4DE6-AA73-BE88116BC40A}.Debug|Any CPU.ActiveCfg = Debug|Any CPU
		{A6A31B03-7C3D-4DE6-AA73-BE88116BC40A}.Debug|Any CPU.Build.0 = Debug|Any CPU
		{A6A31B03-7C3D-4DE6-AA73-BE88116BC40A}.Debug|Mixed Platforms.ActiveCfg = Debug|Any CPU
		{A6A31B03-7C3D-4DE6-AA73-BE88116BC40A}.Debug|Mixed Platforms.Build.0 = Debug|Any CPU
		{A6A31B03-7C3D-4DE6-AA73-BE88116BC40A}.Debug|Win32.ActiveCfg = Debug|Any CPU
		{A6A31B03-7C3D-4DE6-AA73-BE88116BC40A}.Debug|x86.ActiveCfg = Debug|Any CPU
		{A6A31B03-7C3D-4DE6-AA73-BE88116BC40A}.FastpathSim|Any CPU.ActiveCfg = Release|Any CPU
		{A6A31B03-7C3D-4DE6-AA73-BE88116BC40A}.FastpathSim|Any CPU.Build.0 = Release|Any CPU
		{A6A31B03-7C3D-4DE6-AA73-BE88116BC40A}.FastpathSim|Mixed Platforms.ActiveCfg = Release|Any CPU
		{A6A31B03-7C3D-4DE6-AA73-BE88116BC40A}.FastpathSim|Mixed Platforms.Build.0 = Release|Any CPU
		{A6A31B03-7C3D-4DE6-AA73-BE88116BC40A}.FastpathSim|Win32.ActiveCfg = Release|Any CPU
		{A6A31B03-7C3D-4DE6-AA73-BE88116BC40A}.FastpathSim|x86.ActiveCfg = Release|Any CPU
		{A6A31B03-7C3D-4DE6-AA73-BE88116BC40A}.NightlyDebug|Any CPU.ActiveCfg = Debug|Any CPU
		{A6A31B03-7C3D-4DE6-AA73-BE88116BC40A}.NightlyDebug|Any CPU.Build.0 = Debug|Any CPU
		{A6A31B03-7C3D-4DE6-AA73-BE88116BC40A}.NightlyDebug|Mixed Platforms.ActiveCfg = Debug|Any CPU
		{A6A31B03-7C3D-4DE6-AA73-BE88116BC40A}.NightlyDebug|Mixed Platforms.Build.0 = Debug|Any CPU
		{A6A31B03-7C3D-4DE6-AA73-BE88116BC40A}.NightlyDebug|Win32.ActiveCfg = Debug|Any CPU
		{A6A31B03-7C3D-4DE6-AA73-BE88116BC40A}.NightlyDebug|x86.ActiveCfg = Debug|Any CPU
		{A6A31B03-7C3D-4DE6-AA73-BE88116BC40A}.NightlyRelease|Any CPU.ActiveCfg = Release|Any CPU
		{A6A31B03-7C3D-4DE6-AA73-BE88116BC40A}.NightlyRelease|Any CPU.Build.0 = Release|Any CPU
		{A6A31B03-7C3D-4DE6-AA73-BE88116BC40A}.NightlyRelease|Mixed Platforms.ActiveCfg = Release|Any CPU
		{A6A31B03-7C3D-4DE6-AA73-BE88116BC40A}.NightlyRelease|Mixed Platforms.Build.0 = Release|Any CPU
		{A6A31B03-7C3D-4DE6-AA73-BE88116BC40A}.NightlyRelease|Win32.ActiveCfg = Release|Any CPU
		{A6A31B03-7C3D-4DE6-AA73-BE88116BC40A}.NightlyRelease|x86.ActiveCfg = Release|Any CPU
		{A6A31B03-7C3D-4DE6-AA73-BE88116BC40A}.Release|Any CPU.ActiveCfg = Release|Any CPU
		{A6A31B03-7C3D-4DE6-AA73-BE88116BC40A}.Release|Any CPU.Build.0 = Release|Any CPU
		{A6A31B03-7C3D-4DE6-AA73-BE88116BC40A}.Release|Mixed Platforms.ActiveCfg = Release|Any CPU
		{A6A31B03-7C3D-4DE6-AA73-BE88116BC40A}.Release|Mixed Platforms.Build.0 = Release|Any CPU
		{A6A31B03-7C3D-4DE6-AA73-BE88116BC40A}.Release|Win32.ActiveCfg = Release|Any CPU
		{A6A31B03-7C3D-4DE6-AA73-BE88116BC40A}.Release|x86.ActiveCfg = Release|Any CPU
		{6D83F687-ABB5-40B3-915E-CA53DA0EB7F3}.CompilerOnly|Any CPU.ActiveCfg = Release|Any CPU
		{6D83F687-ABB5-40B3-915E-CA53DA0EB7F3}.CompilerOnly|Any CPU.Build.0 = Release|Any CPU
		{6D83F687-ABB5-40B3-915E-CA53DA0EB7F3}.CompilerOnly|Mixed Platforms.ActiveCfg = Release|Any CPU
		{6D83F687-ABB5-40B3-915E-CA53DA0EB7F3}.CompilerOnly|Mixed Platforms.Build.0 = Release|Any CPU
		{6D83F687-ABB5-40B3-915E-CA53DA0EB7F3}.CompilerOnly|Win32.ActiveCfg = Release|Any CPU
		{6D83F687-ABB5-40B3-915E-CA53DA0EB7F3}.CompilerOnly|x86.ActiveCfg = Release|Any CPU
		{6D83F687-ABB5-40B3-915E-CA53DA0EB7F3}.Debug|Any CPU.ActiveCfg = Debug|Any CPU
		{6D83F687-ABB5-40B3-915E-CA53DA0EB7F3}.Debug|Any CPU.Build.0 = Debug|Any CPU
		{6D83F687-ABB5-40B3-915E-CA53DA0EB7F3}.Debug|Mixed Platforms.ActiveCfg = Debug|Any CPU
		{6D83F687-ABB5-40B3-915E-CA53DA0EB7F3}.Debug|Mixed Platforms.Build.0 = Debug|Any CPU
		{6D83F687-ABB5-40B3-915E-CA53DA0EB7F3}.Debug|Win32.ActiveCfg = Debug|Any CPU
		{6D83F687-ABB5-40B3-915E-CA53DA0EB7F3}.Debug|x86.ActiveCfg = Debug|Any CPU
		{6D83F687-ABB5-40B3-915E-CA53DA0EB7F3}.FastpathSim|Any CPU.ActiveCfg = Release|Any CPU
		{6D83F687-ABB5-40B3-915E-CA53DA0EB7F3}.FastpathSim|Any CPU.Build.0 = Release|Any CPU
		{6D83F687-ABB5-40B3-915E-CA53DA0EB7F3}.FastpathSim|Mixed Platforms.ActiveCfg = Release|Any CPU
		{6D83F687-ABB5-40B3-915E-CA53DA0EB7F3}.FastpathSim|Mixed Platforms.Build.0 = Release|Any CPU
		{6D83F687-ABB5-40B3-915E-CA53DA0EB7F3}.FastpathSim|Win32.ActiveCfg = Release|Any CPU
		{6D83F687-ABB5-40B3-915E-CA53DA0EB7F3}.FastpathSim|x86.ActiveCfg = Release|Any CPU
		{6D83F687-ABB5-40B3-915E-CA53DA0EB7F3}.NightlyDebug|Any CPU.ActiveCfg = Debug|Any CPU
		{6D83F687-ABB5-40B3-915E-CA53DA0EB7F3}.NightlyDebug|Any CPU.Build.0 = Debug|Any CPU
		{6D83F687-ABB5-40B3-915E-CA53DA0EB7F3}.NightlyDebug|Mixed Platforms.ActiveCfg = Debug|Any CPU
		{6D83F687-ABB5-40B3-915E-CA53DA0EB7F3}.NightlyDebug|Mixed Platforms.Build.0 = Debug|Any CPU
		{6D83F687-ABB5-40B3-915E-CA53DA0EB7F3}.NightlyDebug|Win32.ActiveCfg = Debug|Any CPU
		{6D83F687-ABB5-40B3-915E-CA53DA0EB7F3}.NightlyDebug|x86.ActiveCfg = Debug|Any CPU
		{6D83F687-ABB5-40B3-915E-CA53DA0EB7F3}.NightlyRelease|Any CPU.ActiveCfg = Release|Any CPU
		{6D83F687-ABB5-40B3-915E-CA53DA0EB7F3}.NightlyRelease|Any CPU.Build.0 = Release|Any CPU
		{6D83F687-ABB5-40B3-915E-CA53DA0EB7F3}.NightlyRelease|Mixed Platforms.ActiveCfg = Release|Any CPU
		{6D83F687-ABB5-40B3-915E-CA53DA0EB7F3}.NightlyRelease|Mixed Platforms.Build.0 = Release|Any CPU
		{6D83F687-ABB5-40B3-915E-CA53DA0EB7F3}.NightlyRelease|Win32.ActiveCfg = Release|Any CPU
		{6D83F687-ABB5-40B3-915E-CA53DA0EB7F3}.NightlyRelease|x86.ActiveCfg = Release|Any CPU
		{6D83F687-ABB5-40B3-915E-CA53DA0EB7F3}.Release|Any CPU.ActiveCfg = Release|Any CPU
		{6D83F687-ABB5-40B3-915E-CA53DA0EB7F3}.Release|Any CPU.Build.0 = Release|Any CPU
		{6D83F687-ABB5-40B3-915E-CA53DA0EB7F3}.Release|Mixed Platforms.ActiveCfg = Release|Any CPU
		{6D83F687-ABB5-40B3-915E-CA53DA0EB7F3}.Release|Mixed Platforms.Build.0 = Release|Any CPU
		{6D83F687-ABB5-40B3-915E-CA53DA0EB7F3}.Release|Win32.ActiveCfg = Release|Any CPU
		{6D83F687-ABB5-40B3-915E-CA53DA0EB7F3}.Release|x86.ActiveCfg = Release|Any CPU
		{34B9A0CE-DF18-4CBC-8F7A-90C2B74338D5}.CompilerOnly|Any CPU.ActiveCfg = CompilerOnly|Any CPU
		{34B9A0CE-DF18-4CBC-8F7A-90C2B74338D5}.CompilerOnly|Any CPU.Build.0 = CompilerOnly|Any CPU
		{34B9A0CE-DF18-4CBC-8F7A-90C2B74338D5}.CompilerOnly|Mixed Platforms.ActiveCfg = CompilerOnly|Any CPU
		{34B9A0CE-DF18-4CBC-8F7A-90C2B74338D5}.CompilerOnly|Mixed Platforms.Build.0 = CompilerOnly|Any CPU
		{34B9A0CE-DF18-4CBC-8F7A-90C2B74338D5}.CompilerOnly|Win32.ActiveCfg = CompilerOnly|Any CPU
		{34B9A0CE-DF18-4CBC-8F7A-90C2B74338D5}.CompilerOnly|x86.ActiveCfg = CompilerOnly|Any CPU
		{34B9A0CE-DF18-4CBC-8F7A-90C2B74338D5}.Debug|Any CPU.ActiveCfg = Debug|Any CPU
		{34B9A0CE-DF18-4CBC-8F7A-90C2B74338D5}.Debug|Any CPU.Build.0 = Debug|Any CPU
		{34B9A0CE-DF18-4CBC-8F7A-90C2B74338D5}.Debug|Mixed Platforms.ActiveCfg = Debug|Any CPU
		{34B9A0CE-DF18-4CBC-8F7A-90C2B74338D5}.Debug|Mixed Platforms.Build.0 = Debug|Any CPU
		{34B9A0CE-DF18-4CBC-8F7A-90C2B74338D5}.Debug|Win32.ActiveCfg = Debug|Any CPU
		{34B9A0CE-DF18-4CBC-8F7A-90C2B74338D5}.Debug|x86.ActiveCfg = Debug|Any CPU
		{34B9A0CE-DF18-4CBC-8F7A-90C2B74338D5}.FastpathSim|Any CPU.ActiveCfg = CompilerOnly|Any CPU
		{34B9A0CE-DF18-4CBC-8F7A-90C2B74338D5}.FastpathSim|Any CPU.Build.0 = CompilerOnly|Any CPU
		{34B9A0CE-DF18-4CBC-8F7A-90C2B74338D5}.FastpathSim|Mixed Platforms.ActiveCfg = CompilerOnly|Any CPU
		{34B9A0CE-DF18-4CBC-8F7A-90C2B74338D5}.FastpathSim|Mixed Platforms.Build.0 = CompilerOnly|Any CPU
		{34B9A0CE-DF18-4CBC-8F7A-90C2B74338D5}.FastpathSim|Win32.ActiveCfg = CompilerOnly|Any CPU
		{34B9A0CE-DF18-4CBC-8F7A-90C2B74338D5}.FastpathSim|x86.ActiveCfg = CompilerOnly|Any CPU
		{34B9A0CE-DF18-4CBC-8F7A-90C2B74338D5}.NightlyDebug|Any CPU.ActiveCfg = Debug|Any CPU
		{34B9A0CE-DF18-4CBC-8F7A-90C2B74338D5}.NightlyDebug|Any CPU.Build.0 = Debug|Any CPU
		{34B9A0CE-DF18-4CBC-8F7A-90C2B74338D5}.NightlyDebug|Mixed Platforms.ActiveCfg = Debug|Any CPU
		{34B9A0CE-DF18-4CBC-8F7A-90C2B74338D5}.NightlyDebug|Mixed Platforms.Build.0 = Debug|Any CPU
		{34B9A0CE-DF18-4CBC-8F7A-90C2B74338D5}.NightlyDebug|Win32.ActiveCfg = Debug|Any CPU
		{34B9A0CE-DF18-4CBC-8F7A-90C2B74338D5}.NightlyDebug|x86.ActiveCfg = Debug|Any CPU
		{34B9A0CE-DF18-4CBC-8F7A-90C2B74338D5}.NightlyRelease|Any CPU.ActiveCfg = Release|Any CPU
		{34B9A0CE-DF18-4CBC-8F7A-90C2B74338D5}.NightlyRelease|Any CPU.Build.0 = Release|Any CPU
		{34B9A0CE-DF18-4CBC-8F7A-90C2B74338D5}.NightlyRelease|Mixed Platforms.ActiveCfg = Release|Any CPU
		{34B9A0CE-DF18-4CBC-8F7A-90C2B74338D5}.NightlyRelease|Mixed Platforms.Build.0 = Release|Any CPU
		{34B9A0CE-DF18-4CBC-8F7A-90C2B74338D5}.NightlyRelease|Win32.ActiveCfg = Release|Any CPU
		{34B9A0CE-DF18-4CBC-8F7A-90C2B74338D5}.NightlyRelease|x86.ActiveCfg = Release|Any CPU
		{34B9A0CE-DF18-4CBC-8F7A-90C2B74338D5}.Release|Any CPU.ActiveCfg = Release|Any CPU
		{34B9A0CE-DF18-4CBC-8F7A-90C2B74338D5}.Release|Any CPU.Build.0 = Release|Any CPU
		{34B9A0CE-DF18-4CBC-8F7A-90C2B74338D5}.Release|Mixed Platforms.ActiveCfg = Release|Any CPU
		{34B9A0CE-DF18-4CBC-8F7A-90C2B74338D5}.Release|Mixed Platforms.Build.0 = Release|Any CPU
		{34B9A0CE-DF18-4CBC-8F7A-90C2B74338D5}.Release|Win32.ActiveCfg = Release|Any CPU
		{34B9A0CE-DF18-4CBC-8F7A-90C2B74338D5}.Release|x86.ActiveCfg = Release|Any CPU
		{304A8B0B-851B-4AA6-A17D-5F87F39C5E5C}.CompilerOnly|Any CPU.ActiveCfg = Release|Any CPU
		{304A8B0B-851B-4AA6-A17D-5F87F39C5E5C}.CompilerOnly|Any CPU.Build.0 = Release|Any CPU
		{304A8B0B-851B-4AA6-A17D-5F87F39C5E5C}.CompilerOnly|Mixed Platforms.ActiveCfg = Release|Any CPU
		{304A8B0B-851B-4AA6-A17D-5F87F39C5E5C}.CompilerOnly|Mixed Platforms.Build.0 = Release|Any CPU
		{304A8B0B-851B-4AA6-A17D-5F87F39C5E5C}.CompilerOnly|Win32.ActiveCfg = Release|Any CPU
		{304A8B0B-851B-4AA6-A17D-5F87F39C5E5C}.CompilerOnly|x86.ActiveCfg = Release|Any CPU
		{304A8B0B-851B-4AA6-A17D-5F87F39C5E5C}.Debug|Any CPU.ActiveCfg = Debug|Any CPU
		{304A8B0B-851B-4AA6-A17D-5F87F39C5E5C}.Debug|Any CPU.Build.0 = Debug|Any CPU
		{304A8B0B-851B-4AA6-A17D-5F87F39C5E5C}.Debug|Mixed Platforms.ActiveCfg = Debug|Any CPU
		{304A8B0B-851B-4AA6-A17D-5F87F39C5E5C}.Debug|Mixed Platforms.Build.0 = Debug|Any CPU
		{304A8B0B-851B-4AA6-A17D-5F87F39C5E5C}.Debug|Win32.ActiveCfg = Debug|Any CPU
		{304A8B0B-851B-4AA6-A17D-5F87F39C5E5C}.Debug|x86.ActiveCfg = Debug|Any CPU
		{304A8B0B-851B-4AA6-A17D-5F87F39C5E5C}.FastpathSim|Any CPU.ActiveCfg = Release|Any CPU
		{304A8B0B-851B-4AA6-A17D-5F87F39C5E5C}.FastpathSim|Any CPU.Build.0 = Release|Any CPU
		{304A8B0B-851B-4AA6-A17D-5F87F39C5E5C}.FastpathSim|Mixed Platforms.ActiveCfg = Release|Any CPU
		{304A8B0B-851B-4AA6-A17D-5F87F39C5E5C}.FastpathSim|Mixed Platforms.Build.0 = Release|Any CPU
		{304A8B0B-851B-4AA6-A17D-5F87F39C5E5C}.FastpathSim|Win32.ActiveCfg = Release|Any CPU
		{304A8B0B-851B-4AA6-A17D-5F87F39C5E5C}.FastpathSim|x86.ActiveCfg = Release|Any CPU
		{304A8B0B-851B-4AA6-A17D-5F87F39C5E5C}.NightlyDebug|Any CPU.ActiveCfg = Debug|Any CPU
		{304A8B0B-851B-4AA6-A17D-5F87F39C5E5C}.NightlyDebug|Any CPU.Build.0 = Debug|Any CPU
		{304A8B0B-851B-4AA6-A17D-5F87F39C5E5C}.NightlyDebug|Mixed Platforms.ActiveCfg = Debug|Any CPU
		{304A8B0B-851B-4AA6-A17D-5F87F39C5E5C}.NightlyDebug|Mixed Platforms.Build.0 = Debug|Any CPU
		{304A8B0B-851B-4AA6-A17D-5F87F39C5E5C}.NightlyDebug|Win32.ActiveCfg = Debug|Any CPU
		{304A8B0B-851B-4AA6-A17D-5F87F39C5E5C}.NightlyDebug|x86.ActiveCfg = Debug|Any CPU
		{304A8B0B-851B-4AA6-A17D-5F87F39C5E5C}.NightlyRelease|Any CPU.ActiveCfg = Release|Any CPU
		{304A8B0B-851B-4AA6-A17D-5F87F39C5E5C}.NightlyRelease|Any CPU.Build.0 = Release|Any CPU
		{304A8B0B-851B-4AA6-A17D-5F87F39C5E5C}.NightlyRelease|Mixed Platforms.ActiveCfg = Release|Any CPU
		{304A8B0B-851B-4AA6-A17D-5F87F39C5E5C}.NightlyRelease|Mixed Platforms.Build.0 = Release|Any CPU
		{304A8B0B-851B-4AA6-A17D-5F87F39C5E5C}.NightlyRelease|Win32.ActiveCfg = Release|Any CPU
		{304A8B0B-851B-4AA6-A17D-5F87F39C5E5C}.NightlyRelease|x86.ActiveCfg = Release|Any CPU
		{304A8B0B-851B-4AA6-A17D-5F87F39C5E5C}.Release|Any CPU.ActiveCfg = Release|Any CPU
		{304A8B0B-851B-4AA6-A17D-5F87F39C5E5C}.Release|Any CPU.Build.0 = Release|Any CPU
		{304A8B0B-851B-4AA6-A17D-5F87F39C5E5C}.Release|Mixed Platforms.ActiveCfg = Release|Any CPU
		{304A8B0B-851B-4AA6-A17D-5F87F39C5E5C}.Release|Mixed Platforms.Build.0 = Release|Any CPU
		{304A8B0B-851B-4AA6-A17D-5F87F39C5E5C}.Release|Win32.ActiveCfg = Release|Any CPU
		{304A8B0B-851B-4AA6-A17D-5F87F39C5E5C}.Release|x86.ActiveCfg = Release|Any CPU
		{4B0054FD-124A-4037-9965-BDB55E6BF389}.CompilerOnly|Any CPU.ActiveCfg = CompilerOnly|Any CPU
		{4B0054FD-124A-4037-9965-BDB55E6BF389}.CompilerOnly|Any CPU.Build.0 = CompilerOnly|Any CPU
		{4B0054FD-124A-4037-9965-BDB55E6BF389}.CompilerOnly|Mixed Platforms.ActiveCfg = CompilerOnly|Any CPU
		{4B0054FD-124A-4037-9965-BDB55E6BF389}.CompilerOnly|Mixed Platforms.Build.0 = CompilerOnly|Any CPU
		{4B0054FD-124A-4037-9965-BDB55E6BF389}.CompilerOnly|Win32.ActiveCfg = CompilerOnly|Any CPU
		{4B0054FD-124A-4037-9965-BDB55E6BF389}.CompilerOnly|x86.ActiveCfg = CompilerOnly|Any CPU
		{4B0054FD-124A-4037-9965-BDB55E6BF389}.Debug|Any CPU.ActiveCfg = Debug|Any CPU
		{4B0054FD-124A-4037-9965-BDB55E6BF389}.Debug|Any CPU.Build.0 = Debug|Any CPU
		{4B0054FD-124A-4037-9965-BDB55E6BF389}.Debug|Mixed Platforms.ActiveCfg = Debug|Any CPU
		{4B0054FD-124A-4037-9965-BDB55E6BF389}.Debug|Mixed Platforms.Build.0 = Debug|Any CPU
		{4B0054FD-124A-4037-9965-BDB55E6BF389}.Debug|Win32.ActiveCfg = Debug|Any CPU
		{4B0054FD-124A-4037-9965-BDB55E6BF389}.Debug|x86.ActiveCfg = Debug|Any CPU
		{4B0054FD-124A-4037-9965-BDB55E6BF389}.FastpathSim|Any CPU.ActiveCfg = CompilerOnly|Any CPU
		{4B0054FD-124A-4037-9965-BDB55E6BF389}.FastpathSim|Any CPU.Build.0 = CompilerOnly|Any CPU
		{4B0054FD-124A-4037-9965-BDB55E6BF389}.FastpathSim|Mixed Platforms.ActiveCfg = CompilerOnly|Any CPU
		{4B0054FD-124A-4037-9965-BDB55E6BF389}.FastpathSim|Mixed Platforms.Build.0 = CompilerOnly|Any CPU
		{4B0054FD-124A-4037-9965-BDB55E6BF389}.FastpathSim|Win32.ActiveCfg = CompilerOnly|Any CPU
		{4B0054FD-124A-4037-9965-BDB55E6BF389}.FastpathSim|x86.ActiveCfg = CompilerOnly|Any CPU
		{4B0054FD-124A-4037-9965-BDB55E6BF389}.NightlyDebug|Any CPU.ActiveCfg = Debug|Any CPU
		{4B0054FD-124A-4037-9965-BDB55E6BF389}.NightlyDebug|Any CPU.Build.0 = Debug|Any CPU
		{4B0054FD-124A-4037-9965-BDB55E6BF389}.NightlyDebug|Mixed Platforms.ActiveCfg = Debug|Any CPU
		{4B0054FD-124A-4037-9965-BDB55E6BF389}.NightlyDebug|Mixed Platforms.Build.0 = Debug|Any CPU
		{4B0054FD-124A-4037-9965-BDB55E6BF389}.NightlyDebug|Win32.ActiveCfg = Debug|Any CPU
		{4B0054FD-124A-4037-9965-BDB55E6BF389}.NightlyDebug|x86.ActiveCfg = Debug|Any CPU
		{4B0054FD-124A-4037-9965-BDB55E6BF389}.NightlyRelease|Any CPU.ActiveCfg = Release|Any CPU
		{4B0054FD-124A-4037-9965-BDB55E6BF389}.NightlyRelease|Any CPU.Build.0 = Release|Any CPU
		{4B0054FD-124A-4037-9965-BDB55E6BF389}.NightlyRelease|Mixed Platforms.ActiveCfg = Release|Any CPU
		{4B0054FD-124A-4037-9965-BDB55E6BF389}.NightlyRelease|Mixed Platforms.Build.0 = Release|Any CPU
		{4B0054FD-124A-4037-9965-BDB55E6BF389}.NightlyRelease|Win32.ActiveCfg = Release|Any CPU
		{4B0054FD-124A-4037-9965-BDB55E6BF389}.NightlyRelease|x86.ActiveCfg = Release|Any CPU
		{4B0054FD-124A-4037-9965-BDB55E6BF389}.Release|Any CPU.ActiveCfg = Release|Any CPU
		{4B0054FD-124A-4037-9965-BDB55E6BF389}.Release|Any CPU.Build.0 = Release|Any CPU
		{4B0054FD-124A-4037-9965-BDB55E6BF389}.Release|Mixed Platforms.ActiveCfg = Release|Any CPU
		{4B0054FD-124A-4037-9965-BDB55E6BF389}.Release|Mixed Platforms.Build.0 = Release|Any CPU
		{4B0054FD-124A-4037-9965-BDB55E6BF389}.Release|Win32.ActiveCfg = Release|Any CPU
		{4B0054FD-124A-4037-9965-BDB55E6BF389}.Release|x86.ActiveCfg = Release|Any CPU
		{0857EBD2-0AE9-4FE2-B9D9-E3D5F924F0F0}.CompilerOnly|Any CPU.ActiveCfg = Release|x86
		{0857EBD2-0AE9-4FE2-B9D9-E3D5F924F0F0}.CompilerOnly|Mixed Platforms.ActiveCfg = Release|x86
		{0857EBD2-0AE9-4FE2-B9D9-E3D5F924F0F0}.CompilerOnly|Mixed Platforms.Build.0 = Release|x86
		{0857EBD2-0AE9-4FE2-B9D9-E3D5F924F0F0}.CompilerOnly|Win32.ActiveCfg = Release|x86
		{0857EBD2-0AE9-4FE2-B9D9-E3D5F924F0F0}.CompilerOnly|x86.ActiveCfg = Release|x86
		{0857EBD2-0AE9-4FE2-B9D9-E3D5F924F0F0}.CompilerOnly|x86.Build.0 = Release|x86
		{0857EBD2-0AE9-4FE2-B9D9-E3D5F924F0F0}.Debug|Any CPU.ActiveCfg = Debug|x86
		{0857EBD2-0AE9-4FE2-B9D9-E3D5F924F0F0}.Debug|Mixed Platforms.ActiveCfg = Debug|x86
		{0857EBD2-0AE9-4FE2-B9D9-E3D5F924F0F0}.Debug|Mixed Platforms.Build.0 = Debug|x86
		{0857EBD2-0AE9-4FE2-B9D9-E3D5F924F0F0}.Debug|Win32.ActiveCfg = Debug|x86
		{0857EBD2-0AE9-4FE2-B9D9-E3D5F924F0F0}.Debug|x86.ActiveCfg = Debug|x86
		{0857EBD2-0AE9-4FE2-B9D9-E3D5F924F0F0}.Debug|x86.Build.0 = Debug|x86
		{0857EBD2-0AE9-4FE2-B9D9-E3D5F924F0F0}.FastpathSim|Any CPU.ActiveCfg = Release|x86
		{0857EBD2-0AE9-4FE2-B9D9-E3D5F924F0F0}.FastpathSim|Mixed Platforms.ActiveCfg = Release|x86
		{0857EBD2-0AE9-4FE2-B9D9-E3D5F924F0F0}.FastpathSim|Mixed Platforms.Build.0 = Release|x86
		{0857EBD2-0AE9-4FE2-B9D9-E3D5F924F0F0}.FastpathSim|Win32.ActiveCfg = Release|x86
		{0857EBD2-0AE9-4FE2-B9D9-E3D5F924F0F0}.FastpathSim|x86.ActiveCfg = Release|x86
		{0857EBD2-0AE9-4FE2-B9D9-E3D5F924F0F0}.FastpathSim|x86.Build.0 = Release|x86
		{0857EBD2-0AE9-4FE2-B9D9-E3D5F924F0F0}.NightlyDebug|Any CPU.ActiveCfg = Debug|x86
		{0857EBD2-0AE9-4FE2-B9D9-E3D5F924F0F0}.NightlyDebug|Mixed Platforms.ActiveCfg = Debug|x86
		{0857EBD2-0AE9-4FE2-B9D9-E3D5F924F0F0}.NightlyDebug|Mixed Platforms.Build.0 = Debug|x86
		{0857EBD2-0AE9-4FE2-B9D9-E3D5F924F0F0}.NightlyDebug|Win32.ActiveCfg = Debug|x86
		{0857EBD2-0AE9-4FE2-B9D9-E3D5F924F0F0}.NightlyDebug|x86.ActiveCfg = Debug|x86
		{0857EBD2-0AE9-4FE2-B9D9-E3D5F924F0F0}.NightlyDebug|x86.Build.0 = Debug|x86
		{0857EBD2-0AE9-4FE2-B9D9-E3D5F924F0F0}.NightlyRelease|Any CPU.ActiveCfg = Release|x86
		{0857EBD2-0AE9-4FE2-B9D9-E3D5F924F0F0}.NightlyRelease|Mixed Platforms.ActiveCfg = Release|x86
		{0857EBD2-0AE9-4FE2-B9D9-E3D5F924F0F0}.NightlyRelease|Mixed Platforms.Build.0 = Release|x86
		{0857EBD2-0AE9-4FE2-B9D9-E3D5F924F0F0}.NightlyRelease|Win32.ActiveCfg = Release|x86
		{0857EBD2-0AE9-4FE2-B9D9-E3D5F924F0F0}.NightlyRelease|x86.ActiveCfg = Release|x86
		{0857EBD2-0AE9-4FE2-B9D9-E3D5F924F0F0}.NightlyRelease|x86.Build.0 = Release|x86
		{0857EBD2-0AE9-4FE2-B9D9-E3D5F924F0F0}.Release|Any CPU.ActiveCfg = Release|x86
		{0857EBD2-0AE9-4FE2-B9D9-E3D5F924F0F0}.Release|Mixed Platforms.ActiveCfg = Release|x86
		{0857EBD2-0AE9-4FE2-B9D9-E3D5F924F0F0}.Release|Mixed Platforms.Build.0 = Release|x86
		{0857EBD2-0AE9-4FE2-B9D9-E3D5F924F0F0}.Release|Win32.ActiveCfg = Release|x86
		{0857EBD2-0AE9-4FE2-B9D9-E3D5F924F0F0}.Release|x86.ActiveCfg = Release|x86
		{0857EBD2-0AE9-4FE2-B9D9-E3D5F924F0F0}.Release|x86.Build.0 = Release|x86
		{DAFABCD1-7355-4FC2-AE43-A1AB15E035BD}.CompilerOnly|Any CPU.ActiveCfg = Release|Any CPU
		{DAFABCD1-7355-4FC2-AE43-A1AB15E035BD}.CompilerOnly|Any CPU.Build.0 = Release|Any CPU
		{DAFABCD1-7355-4FC2-AE43-A1AB15E035BD}.CompilerOnly|Mixed Platforms.ActiveCfg = Release|Any CPU
		{DAFABCD1-7355-4FC2-AE43-A1AB15E035BD}.CompilerOnly|Mixed Platforms.Build.0 = Release|Any CPU
		{DAFABCD1-7355-4FC2-AE43-A1AB15E035BD}.CompilerOnly|Win32.ActiveCfg = Release|Any CPU
		{DAFABCD1-7355-4FC2-AE43-A1AB15E035BD}.CompilerOnly|x86.ActiveCfg = Release|Any CPU
		{DAFABCD1-7355-4FC2-AE43-A1AB15E035BD}.Debug|Any CPU.ActiveCfg = Debug|Any CPU
		{DAFABCD1-7355-4FC2-AE43-A1AB15E035BD}.Debug|Any CPU.Build.0 = Debug|Any CPU
		{DAFABCD1-7355-4FC2-AE43-A1AB15E035BD}.Debug|Mixed Platforms.ActiveCfg = Debug|Any CPU
		{DAFABCD1-7355-4FC2-AE43-A1AB15E035BD}.Debug|Mixed Platforms.Build.0 = Debug|Any CPU
		{DAFABCD1-7355-4FC2-AE43-A1AB15E035BD}.Debug|Win32.ActiveCfg = Debug|Any CPU
		{DAFABCD1-7355-4FC2-AE43-A1AB15E035BD}.Debug|x86.ActiveCfg = Debug|Any CPU
		{DAFABCD1-7355-4FC2-AE43-A1AB15E035BD}.FastpathSim|Any CPU.ActiveCfg = Release|Any CPU
		{DAFABCD1-7355-4FC2-AE43-A1AB15E035BD}.FastpathSim|Any CPU.Build.0 = Release|Any CPU
		{DAFABCD1-7355-4FC2-AE43-A1AB15E035BD}.FastpathSim|Mixed Platforms.ActiveCfg = Release|Any CPU
		{DAFABCD1-7355-4FC2-AE43-A1AB15E035BD}.FastpathSim|Mixed Platforms.Build.0 = Release|Any CPU
		{DAFABCD1-7355-4FC2-AE43-A1AB15E035BD}.FastpathSim|Win32.ActiveCfg = Release|Any CPU
		{DAFABCD1-7355-4FC2-AE43-A1AB15E035BD}.FastpathSim|x86.ActiveCfg = Release|Any CPU
		{DAFABCD1-7355-4FC2-AE43-A1AB15E035BD}.NightlyDebug|Any CPU.ActiveCfg = Debug|Any CPU
		{DAFABCD1-7355-4FC2-AE43-A1AB15E035BD}.NightlyDebug|Any CPU.Build.0 = Debug|Any CPU
		{DAFABCD1-7355-4FC2-AE43-A1AB15E035BD}.NightlyDebug|Mixed Platforms.ActiveCfg = Debug|Any CPU
		{DAFABCD1-7355-4FC2-AE43-A1AB15E035BD}.NightlyDebug|Mixed Platforms.Build.0 = Debug|Any CPU
		{DAFABCD1-7355-4FC2-AE43-A1AB15E035BD}.NightlyDebug|Win32.ActiveCfg = Debug|Any CPU
		{DAFABCD1-7355-4FC2-AE43-A1AB15E035BD}.NightlyDebug|x86.ActiveCfg = Debug|Any CPU
		{DAFABCD1-7355-4FC2-AE43-A1AB15E035BD}.NightlyRelease|Any CPU.ActiveCfg = Release|Any CPU
		{DAFABCD1-7355-4FC2-AE43-A1AB15E035BD}.NightlyRelease|Any CPU.Build.0 = Release|Any CPU
		{DAFABCD1-7355-4FC2-AE43-A1AB15E035BD}.NightlyRelease|Mixed Platforms.ActiveCfg = Release|Any CPU
		{DAFABCD1-7355-4FC2-AE43-A1AB15E035BD}.NightlyRelease|Mixed Platforms.Build.0 = Release|Any CPU
		{DAFABCD1-7355-4FC2-AE43-A1AB15E035BD}.NightlyRelease|Win32.ActiveCfg = Release|Any CPU
		{DAFABCD1-7355-4FC2-AE43-A1AB15E035BD}.NightlyRelease|x86.ActiveCfg = Release|Any CPU
		{DAFABCD1-7355-4FC2-AE43-A1AB15E035BD}.Release|Any CPU.ActiveCfg = Release|Any CPU
		{DAFABCD1-7355-4FC2-AE43-A1AB15E035BD}.Release|Any CPU.Build.0 = Release|Any CPU
		{DAFABCD1-7355-4FC2-AE43-A1AB15E035BD}.Release|Mixed Platforms.ActiveCfg = Release|Any CPU
		{DAFABCD1-7355-4FC2-AE43-A1AB15E035BD}.Release|Mixed Platforms.Build.0 = Release|Any CPU
		{DAFABCD1-7355-4FC2-AE43-A1AB15E035BD}.Release|Win32.ActiveCfg = Release|Any CPU
		{DAFABCD1-7355-4FC2-AE43-A1AB15E035BD}.Release|x86.ActiveCfg = Release|Any CPU
		{F8EDDA64-66A0-433B-9DC2-A6D9CF9AEB84}.CompilerOnly|Any CPU.ActiveCfg = Release|Any CPU
		{F8EDDA64-66A0-433B-9DC2-A6D9CF9AEB84}.CompilerOnly|Any CPU.Build.0 = Release|Any CPU
		{F8EDDA64-66A0-433B-9DC2-A6D9CF9AEB84}.CompilerOnly|Mixed Platforms.ActiveCfg = Release|Any CPU
		{F8EDDA64-66A0-433B-9DC2-A6D9CF9AEB84}.CompilerOnly|Mixed Platforms.Build.0 = Release|Any CPU
		{F8EDDA64-66A0-433B-9DC2-A6D9CF9AEB84}.CompilerOnly|Win32.ActiveCfg = Release|Any CPU
		{F8EDDA64-66A0-433B-9DC2-A6D9CF9AEB84}.CompilerOnly|x86.ActiveCfg = Release|Any CPU
		{F8EDDA64-66A0-433B-9DC2-A6D9CF9AEB84}.Debug|Any CPU.ActiveCfg = Debug|Any CPU
		{F8EDDA64-66A0-433B-9DC2-A6D9CF9AEB84}.Debug|Any CPU.Build.0 = Debug|Any CPU
		{F8EDDA64-66A0-433B-9DC2-A6D9CF9AEB84}.Debug|Mixed Platforms.ActiveCfg = Debug|Any CPU
		{F8EDDA64-66A0-433B-9DC2-A6D9CF9AEB84}.Debug|Mixed Platforms.Build.0 = Debug|Any CPU
		{F8EDDA64-66A0-433B-9DC2-A6D9CF9AEB84}.Debug|Win32.ActiveCfg = Debug|Any CPU
		{F8EDDA64-66A0-433B-9DC2-A6D9CF9AEB84}.Debug|x86.ActiveCfg = Debug|Any CPU
		{F8EDDA64-66A0-433B-9DC2-A6D9CF9AEB84}.FastpathSim|Any CPU.ActiveCfg = Release|Any CPU
		{F8EDDA64-66A0-433B-9DC2-A6D9CF9AEB84}.FastpathSim|Any CPU.Build.0 = Release|Any CPU
		{F8EDDA64-66A0-433B-9DC2-A6D9CF9AEB84}.FastpathSim|Mixed Platforms.ActiveCfg = Release|Any CPU
		{F8EDDA64-66A0-433B-9DC2-A6D9CF9AEB84}.FastpathSim|Mixed Platforms.Build.0 = Release|Any CPU
		{F8EDDA64-66A0-433B-9DC2-A6D9CF9AEB84}.FastpathSim|Win32.ActiveCfg = Release|Any CPU
		{F8EDDA64-66A0-433B-9DC2-A6D9CF9AEB84}.FastpathSim|x86.ActiveCfg = Release|Any CPU
		{F8EDDA64-66A0-433B-9DC2-A6D9CF9AEB84}.NightlyDebug|Any CPU.ActiveCfg = Debug|Any CPU
		{F8EDDA64-66A0-433B-9DC2-A6D9CF9AEB84}.NightlyDebug|Any CPU.Build.0 = Debug|Any CPU
		{F8EDDA64-66A0-433B-9DC2-A6D9CF9AEB84}.NightlyDebug|Mixed Platforms.ActiveCfg = Debug|Any CPU
		{F8EDDA64-66A0-433B-9DC2-A6D9CF9AEB84}.NightlyDebug|Mixed Platforms.Build.0 = Debug|Any CPU
		{F8EDDA64-66A0-433B-9DC2-A6D9CF9AEB84}.NightlyDebug|Win32.ActiveCfg = Debug|Any CPU
		{F8EDDA64-66A0-433B-9DC2-A6D9CF9AEB84}.NightlyDebug|x86.ActiveCfg = Debug|Any CPU
		{F8EDDA64-66A0-433B-9DC2-A6D9CF9AEB84}.NightlyRelease|Any CPU.ActiveCfg = Release|Any CPU
		{F8EDDA64-66A0-433B-9DC2-A6D9CF9AEB84}.NightlyRelease|Any CPU.Build.0 = Release|Any CPU
		{F8EDDA64-66A0-433B-9DC2-A6D9CF9AEB84}.NightlyRelease|Mixed Platforms.ActiveCfg = Release|Any CPU
		{F8EDDA64-66A0-433B-9DC2-A6D9CF9AEB84}.NightlyRelease|Mixed Platforms.Build.0 = Release|Any CPU
		{F8EDDA64-66A0-433B-9DC2-A6D9CF9AEB84}.NightlyRelease|Win32.ActiveCfg = Release|Any CPU
		{F8EDDA64-66A0-433B-9DC2-A6D9CF9AEB84}.NightlyRelease|x86.ActiveCfg = Release|Any CPU
		{F8EDDA64-66A0-433B-9DC2-A6D9CF9AEB84}.Release|Any CPU.ActiveCfg = Release|Any CPU
		{F8EDDA64-66A0-433B-9DC2-A6D9CF9AEB84}.Release|Any CPU.Build.0 = Release|Any CPU
		{F8EDDA64-66A0-433B-9DC2-A6D9CF9AEB84}.Release|Mixed Platforms.ActiveCfg = Release|Any CPU
		{F8EDDA64-66A0-433B-9DC2-A6D9CF9AEB84}.Release|Mixed Platforms.Build.0 = Release|Any CPU
		{F8EDDA64-66A0-433B-9DC2-A6D9CF9AEB84}.Release|Win32.ActiveCfg = Release|Any CPU
		{F8EDDA64-66A0-433B-9DC2-A6D9CF9AEB84}.Release|x86.ActiveCfg = Release|Any CPU
		{FF39EADC-9D3C-40EB-A0EA-60C76C560D54}.CompilerOnly|Any CPU.ActiveCfg = Release|x86
		{FF39EADC-9D3C-40EB-A0EA-60C76C560D54}.CompilerOnly|Mixed Platforms.ActiveCfg = Release|x86
		{FF39EADC-9D3C-40EB-A0EA-60C76C560D54}.CompilerOnly|Mixed Platforms.Build.0 = Release|x86
		{FF39EADC-9D3C-40EB-A0EA-60C76C560D54}.CompilerOnly|Win32.ActiveCfg = Release|x86
		{FF39EADC-9D3C-40EB-A0EA-60C76C560D54}.CompilerOnly|x86.ActiveCfg = Release|x86
		{FF39EADC-9D3C-40EB-A0EA-60C76C560D54}.CompilerOnly|x86.Build.0 = Release|x86
		{FF39EADC-9D3C-40EB-A0EA-60C76C560D54}.Debug|Any CPU.ActiveCfg = Debug|x86
		{FF39EADC-9D3C-40EB-A0EA-60C76C560D54}.Debug|Mixed Platforms.ActiveCfg = Debug|x86
		{FF39EADC-9D3C-40EB-A0EA-60C76C560D54}.Debug|Mixed Platforms.Build.0 = Debug|x86
		{FF39EADC-9D3C-40EB-A0EA-60C76C560D54}.Debug|Win32.ActiveCfg = Debug|x86
		{FF39EADC-9D3C-40EB-A0EA-60C76C560D54}.Debug|x86.ActiveCfg = Debug|x86
		{FF39EADC-9D3C-40EB-A0EA-60C76C560D54}.Debug|x86.Build.0 = Debug|x86
		{FF39EADC-9D3C-40EB-A0EA-60C76C560D54}.FastpathSim|Any CPU.ActiveCfg = Release|x86
		{FF39EADC-9D3C-40EB-A0EA-60C76C560D54}.FastpathSim|Mixed Platforms.ActiveCfg = Release|x86
		{FF39EADC-9D3C-40EB-A0EA-60C76C560D54}.FastpathSim|Mixed Platforms.Build.0 = Release|x86
		{FF39EADC-9D3C-40EB-A0EA-60C76C560D54}.FastpathSim|Win32.ActiveCfg = Release|x86
		{FF39EADC-9D3C-40EB-A0EA-60C76C560D54}.FastpathSim|x86.ActiveCfg = Release|x86
		{FF39EADC-9D3C-40EB-A0EA-60C76C560D54}.FastpathSim|x86.Build.0 = Release|x86
		{FF39EADC-9D3C-40EB-A0EA-60C76C560D54}.NightlyDebug|Any CPU.ActiveCfg = Debug|x86
		{FF39EADC-9D3C-40EB-A0EA-60C76C560D54}.NightlyDebug|Mixed Platforms.ActiveCfg = Debug|x86
		{FF39EADC-9D3C-40EB-A0EA-60C76C560D54}.NightlyDebug|Mixed Platforms.Build.0 = Debug|x86
		{FF39EADC-9D3C-40EB-A0EA-60C76C560D54}.NightlyDebug|Win32.ActiveCfg = Debug|x86
		{FF39EADC-9D3C-40EB-A0EA-60C76C560D54}.NightlyDebug|x86.ActiveCfg = Debug|x86
		{FF39EADC-9D3C-40EB-A0EA-60C76C560D54}.NightlyDebug|x86.Build.0 = Debug|x86
		{FF39EADC-9D3C-40EB-A0EA-60C76C560D54}.NightlyRelease|Any CPU.ActiveCfg = Release|x86
		{FF39EADC-9D3C-40EB-A0EA-60C76C560D54}.NightlyRelease|Mixed Platforms.ActiveCfg = Release|x86
		{FF39EADC-9D3C-40EB-A0EA-60C76C560D54}.NightlyRelease|Mixed Platforms.Build.0 = Release|x86
		{FF39EADC-9D3C-40EB-A0EA-60C76C560D54}.NightlyRelease|Win32.ActiveCfg = Release|x86
		{FF39EADC-9D3C-40EB-A0EA-60C76C560D54}.NightlyRelease|x86.ActiveCfg = Release|x86
		{FF39EADC-9D3C-40EB-A0EA-60C76C560D54}.NightlyRelease|x86.Build.0 = Release|x86
		{FF39EADC-9D3C-40EB-A0EA-60C76C560D54}.Release|Any CPU.ActiveCfg = Release|x86
		{FF39EADC-9D3C-40EB-A0EA-60C76C560D54}.Release|Mixed Platforms.ActiveCfg = Release|x86
		{FF39EADC-9D3C-40EB-A0EA-60C76C560D54}.Release|Mixed Platforms.Build.0 = Release|x86
		{FF39EADC-9D3C-40EB-A0EA-60C76C560D54}.Release|Win32.ActiveCfg = Release|x86
		{FF39EADC-9D3C-40EB-A0EA-60C76C560D54}.Release|x86.ActiveCfg = Release|x86
		{FF39EADC-9D3C-40EB-A0EA-60C76C560D54}.Release|x86.Build.0 = Release|x86
		{DCF621B2-47A4-490A-897D-C3593E2FB9C1}.CompilerOnly|Any CPU.ActiveCfg = Release|Any CPU
		{DCF621B2-47A4-490A-897D-C3593E2FB9C1}.CompilerOnly|Any CPU.Build.0 = Release|Any CPU
		{DCF621B2-47A4-490A-897D-C3593E2FB9C1}.CompilerOnly|Mixed Platforms.ActiveCfg = Release|Any CPU
		{DCF621B2-47A4-490A-897D-C3593E2FB9C1}.CompilerOnly|Mixed Platforms.Build.0 = Release|Any CPU
		{DCF621B2-47A4-490A-897D-C3593E2FB9C1}.CompilerOnly|Win32.ActiveCfg = Release|Any CPU
		{DCF621B2-47A4-490A-897D-C3593E2FB9C1}.CompilerOnly|x86.ActiveCfg = Release|Any CPU
		{DCF621B2-47A4-490A-897D-C3593E2FB9C1}.Debug|Any CPU.ActiveCfg = Debug|Any CPU
		{DCF621B2-47A4-490A-897D-C3593E2FB9C1}.Debug|Any CPU.Build.0 = Debug|Any CPU
		{DCF621B2-47A4-490A-897D-C3593E2FB9C1}.Debug|Mixed Platforms.ActiveCfg = Debug|Any CPU
		{DCF621B2-47A4-490A-897D-C3593E2FB9C1}.Debug|Mixed Platforms.Build.0 = Debug|Any CPU
		{DCF621B2-47A4-490A-897D-C3593E2FB9C1}.Debug|Win32.ActiveCfg = Debug|Any CPU
		{DCF621B2-47A4-490A-897D-C3593E2FB9C1}.Debug|x86.ActiveCfg = Debug|Any CPU
		{DCF621B2-47A4-490A-897D-C3593E2FB9C1}.FastpathSim|Any CPU.ActiveCfg = Release|Any CPU
		{DCF621B2-47A4-490A-897D-C3593E2FB9C1}.FastpathSim|Any CPU.Build.0 = Release|Any CPU
		{DCF621B2-47A4-490A-897D-C3593E2FB9C1}.FastpathSim|Mixed Platforms.ActiveCfg = Release|Any CPU
		{DCF621B2-47A4-490A-897D-C3593E2FB9C1}.FastpathSim|Mixed Platforms.Build.0 = Release|Any CPU
		{DCF621B2-47A4-490A-897D-C3593E2FB9C1}.FastpathSim|Win32.ActiveCfg = Release|Any CPU
		{DCF621B2-47A4-490A-897D-C3593E2FB9C1}.FastpathSim|x86.ActiveCfg = Release|Any CPU
		{DCF621B2-47A4-490A-897D-C3593E2FB9C1}.NightlyDebug|Any CPU.ActiveCfg = Debug|Any CPU
		{DCF621B2-47A4-490A-897D-C3593E2FB9C1}.NightlyDebug|Any CPU.Build.0 = Debug|Any CPU
		{DCF621B2-47A4-490A-897D-C3593E2FB9C1}.NightlyDebug|Mixed Platforms.ActiveCfg = Debug|Any CPU
		{DCF621B2-47A4-490A-897D-C3593E2FB9C1}.NightlyDebug|Mixed Platforms.Build.0 = Debug|Any CPU
		{DCF621B2-47A4-490A-897D-C3593E2FB9C1}.NightlyDebug|Win32.ActiveCfg = Debug|Any CPU
		{DCF621B2-47A4-490A-897D-C3593E2FB9C1}.NightlyDebug|x86.ActiveCfg = Debug|Any CPU
		{DCF621B2-47A4-490A-897D-C3593E2FB9C1}.NightlyRelease|Any CPU.ActiveCfg = Release|Any CPU
		{DCF621B2-47A4-490A-897D-C3593E2FB9C1}.NightlyRelease|Any CPU.Build.0 = Release|Any CPU
		{DCF621B2-47A4-490A-897D-C3593E2FB9C1}.NightlyRelease|Mixed Platforms.ActiveCfg = Release|Any CPU
		{DCF621B2-47A4-490A-897D-C3593E2FB9C1}.NightlyRelease|Mixed Platforms.Build.0 = Release|Any CPU
		{DCF621B2-47A4-490A-897D-C3593E2FB9C1}.NightlyRelease|Win32.ActiveCfg = Release|Any CPU
		{DCF621B2-47A4-490A-897D-C3593E2FB9C1}.NightlyRelease|x86.ActiveCfg = Release|Any CPU
		{DCF621B2-47A4-490A-897D-C3593E2FB9C1}.Release|Any CPU.ActiveCfg = Release|Any CPU
		{DCF621B2-47A4-490A-897D-C3593E2FB9C1}.Release|Any CPU.Build.0 = Release|Any CPU
		{DCF621B2-47A4-490A-897D-C3593E2FB9C1}.Release|Mixed Platforms.ActiveCfg = Release|Any CPU
		{DCF621B2-47A4-490A-897D-C3593E2FB9C1}.Release|Mixed Platforms.Build.0 = Release|Any CPU
		{DCF621B2-47A4-490A-897D-C3593E2FB9C1}.Release|Win32.ActiveCfg = Release|Any CPU
		{DCF621B2-47A4-490A-897D-C3593E2FB9C1}.Release|x86.ActiveCfg = Release|Any CPU
		{E8818AD9-D332-4B6D-B33F-0C0B942647A0}.CompilerOnly|Any CPU.ActiveCfg = Release|Any CPU
		{E8818AD9-D332-4B6D-B33F-0C0B942647A0}.CompilerOnly|Any CPU.Build.0 = Release|Any CPU
		{E8818AD9-D332-4B6D-B33F-0C0B942647A0}.CompilerOnly|Mixed Platforms.ActiveCfg = Release|Any CPU
		{E8818AD9-D332-4B6D-B33F-0C0B942647A0}.CompilerOnly|Mixed Platforms.Build.0 = Release|Any CPU
		{E8818AD9-D332-4B6D-B33F-0C0B942647A0}.CompilerOnly|Win32.ActiveCfg = Release|Any CPU
		{E8818AD9-D332-4B6D-B33F-0C0B942647A0}.CompilerOnly|x86.ActiveCfg = Release|Any CPU
		{E8818AD9-D332-4B6D-B33F-0C0B942647A0}.Debug|Any CPU.ActiveCfg = Debug|Any CPU
		{E8818AD9-D332-4B6D-B33F-0C0B942647A0}.Debug|Any CPU.Build.0 = Debug|Any CPU
		{E8818AD9-D332-4B6D-B33F-0C0B942647A0}.Debug|Mixed Platforms.ActiveCfg = Debug|Any CPU
		{E8818AD9-D332-4B6D-B33F-0C0B942647A0}.Debug|Mixed Platforms.Build.0 = Debug|Any CPU
		{E8818AD9-D332-4B6D-B33F-0C0B942647A0}.Debug|Win32.ActiveCfg = Debug|Any CPU
		{E8818AD9-D332-4B6D-B33F-0C0B942647A0}.Debug|x86.ActiveCfg = Debug|Any CPU
		{E8818AD9-D332-4B6D-B33F-0C0B942647A0}.FastpathSim|Any CPU.ActiveCfg = Release|Any CPU
		{E8818AD9-D332-4B6D-B33F-0C0B942647A0}.FastpathSim|Any CPU.Build.0 = Release|Any CPU
		{E8818AD9-D332-4B6D-B33F-0C0B942647A0}.FastpathSim|Mixed Platforms.ActiveCfg = Release|Any CPU
		{E8818AD9-D332-4B6D-B33F-0C0B942647A0}.FastpathSim|Mixed Platforms.Build.0 = Release|Any CPU
		{E8818AD9-D332-4B6D-B33F-0C0B942647A0}.FastpathSim|Win32.ActiveCfg = Release|Any CPU
		{E8818AD9-D332-4B6D-B33F-0C0B942647A0}.FastpathSim|x86.ActiveCfg = Release|Any CPU
		{E8818AD9-D332-4B6D-B33F-0C0B942647A0}.NightlyDebug|Any CPU.ActiveCfg = Debug|Any CPU
		{E8818AD9-D332-4B6D-B33F-0C0B942647A0}.NightlyDebug|Any CPU.Build.0 = Debug|Any CPU
		{E8818AD9-D332-4B6D-B33F-0C0B942647A0}.NightlyDebug|Mixed Platforms.ActiveCfg = Debug|Any CPU
		{E8818AD9-D332-4B6D-B33F-0C0B942647A0}.NightlyDebug|Mixed Platforms.Build.0 = Debug|Any CPU
		{E8818AD9-D332-4B6D-B33F-0C0B942647A0}.NightlyDebug|Win32.ActiveCfg = Debug|Any CPU
		{E8818AD9-D332-4B6D-B33F-0C0B942647A0}.NightlyDebug|x86.ActiveCfg = Debug|Any CPU
		{E8818AD9-D332-4B6D-B33F-0C0B942647A0}.NightlyRelease|Any CPU.ActiveCfg = Release|Any CPU
		{E8818AD9-D332-4B6D-B33F-0C0B942647A0}.NightlyRelease|Any CPU.Build.0 = Release|Any CPU
		{E8818AD9-D332-4B6D-B33F-0C0B942647A0}.NightlyRelease|Mixed Platforms.ActiveCfg = Release|Any CPU
		{E8818AD9-D332-4B6D-B33F-0C0B942647A0}.NightlyRelease|Mixed Platforms.Build.0 = Release|Any CPU
		{E8818AD9-D332-4B6D-B33F-0C0B942647A0}.NightlyRelease|Win32.ActiveCfg = Release|Any CPU
		{E8818AD9-D332-4B6D-B33F-0C0B942647A0}.NightlyRelease|x86.ActiveCfg = Release|Any CPU
		{E8818AD9-D332-4B6D-B33F-0C0B942647A0}.Release|Any CPU.ActiveCfg = Release|Any CPU
		{E8818AD9-D332-4B6D-B33F-0C0B942647A0}.Release|Any CPU.Build.0 = Release|Any CPU
		{E8818AD9-D332-4B6D-B33F-0C0B942647A0}.Release|Mixed Platforms.ActiveCfg = Release|Any CPU
		{E8818AD9-D332-4B6D-B33F-0C0B942647A0}.Release|Mixed Platforms.Build.0 = Release|Any CPU
		{E8818AD9-D332-4B6D-B33F-0C0B942647A0}.Release|Win32.ActiveCfg = Release|Any CPU
		{E8818AD9-D332-4B6D-B33F-0C0B942647A0}.Release|x86.ActiveCfg = Release|Any CPU
		{AE704B90-7AC9-4567-B9BC-EB2C60EFD8AF}.CompilerOnly|Any CPU.ActiveCfg = Release|Any CPU
		{AE704B90-7AC9-4567-B9BC-EB2C60EFD8AF}.CompilerOnly|Any CPU.Build.0 = Release|Any CPU
		{AE704B90-7AC9-4567-B9BC-EB2C60EFD8AF}.CompilerOnly|Mixed Platforms.ActiveCfg = Release|Any CPU
		{AE704B90-7AC9-4567-B9BC-EB2C60EFD8AF}.CompilerOnly|Mixed Platforms.Build.0 = Release|Any CPU
		{AE704B90-7AC9-4567-B9BC-EB2C60EFD8AF}.CompilerOnly|Win32.ActiveCfg = Release|Any CPU
		{AE704B90-7AC9-4567-B9BC-EB2C60EFD8AF}.CompilerOnly|x86.ActiveCfg = Release|Any CPU
		{AE704B90-7AC9-4567-B9BC-EB2C60EFD8AF}.Debug|Any CPU.ActiveCfg = Debug|Any CPU
		{AE704B90-7AC9-4567-B9BC-EB2C60EFD8AF}.Debug|Any CPU.Build.0 = Debug|Any CPU
		{AE704B90-7AC9-4567-B9BC-EB2C60EFD8AF}.Debug|Mixed Platforms.ActiveCfg = Debug|Any CPU
		{AE704B90-7AC9-4567-B9BC-EB2C60EFD8AF}.Debug|Mixed Platforms.Build.0 = Debug|Any CPU
		{AE704B90-7AC9-4567-B9BC-EB2C60EFD8AF}.Debug|Win32.ActiveCfg = Debug|Any CPU
		{AE704B90-7AC9-4567-B9BC-EB2C60EFD8AF}.Debug|x86.ActiveCfg = Debug|Any CPU
		{AE704B90-7AC9-4567-B9BC-EB2C60EFD8AF}.FastpathSim|Any CPU.ActiveCfg = Release|Any CPU
		{AE704B90-7AC9-4567-B9BC-EB2C60EFD8AF}.FastpathSim|Any CPU.Build.0 = Release|Any CPU
		{AE704B90-7AC9-4567-B9BC-EB2C60EFD8AF}.FastpathSim|Mixed Platforms.ActiveCfg = Release|Any CPU
		{AE704B90-7AC9-4567-B9BC-EB2C60EFD8AF}.FastpathSim|Mixed Platforms.Build.0 = Release|Any CPU
		{AE704B90-7AC9-4567-B9BC-EB2C60EFD8AF}.FastpathSim|Win32.ActiveCfg = Release|Any CPU
		{AE704B90-7AC9-4567-B9BC-EB2C60EFD8AF}.FastpathSim|x86.ActiveCfg = Release|Any CPU
		{AE704B90-7AC9-4567-B9BC-EB2C60EFD8AF}.NightlyDebug|Any CPU.ActiveCfg = Debug|Any CPU
		{AE704B90-7AC9-4567-B9BC-EB2C60EFD8AF}.NightlyDebug|Any CPU.Build.0 = Debug|Any CPU
		{AE704B90-7AC9-4567-B9BC-EB2C60EFD8AF}.NightlyDebug|Mixed Platforms.ActiveCfg = Debug|Any CPU
		{AE704B90-7AC9-4567-B9BC-EB2C60EFD8AF}.NightlyDebug|Mixed Platforms.Build.0 = Debug|Any CPU
		{AE704B90-7AC9-4567-B9BC-EB2C60EFD8AF}.NightlyDebug|Win32.ActiveCfg = Debug|Any CPU
		{AE704B90-7AC9-4567-B9BC-EB2C60EFD8AF}.NightlyDebug|x86.ActiveCfg = Debug|Any CPU
		{AE704B90-7AC9-4567-B9BC-EB2C60EFD8AF}.NightlyRelease|Any CPU.ActiveCfg = Release|Any CPU
		{AE704B90-7AC9-4567-B9BC-EB2C60EFD8AF}.NightlyRelease|Any CPU.Build.0 = Release|Any CPU
		{AE704B90-7AC9-4567-B9BC-EB2C60EFD8AF}.NightlyRelease|Mixed Platforms.ActiveCfg = Release|Any CPU
		{AE704B90-7AC9-4567-B9BC-EB2C60EFD8AF}.NightlyRelease|Mixed Platforms.Build.0 = Release|Any CPU
		{AE704B90-7AC9-4567-B9BC-EB2C60EFD8AF}.NightlyRelease|Win32.ActiveCfg = Release|Any CPU
		{AE704B90-7AC9-4567-B9BC-EB2C60EFD8AF}.NightlyRelease|x86.ActiveCfg = Release|Any CPU
		{AE704B90-7AC9-4567-B9BC-EB2C60EFD8AF}.Release|Any CPU.ActiveCfg = Release|Any CPU
		{AE704B90-7AC9-4567-B9BC-EB2C60EFD8AF}.Release|Any CPU.Build.0 = Release|Any CPU
		{AE704B90-7AC9-4567-B9BC-EB2C60EFD8AF}.Release|Mixed Platforms.ActiveCfg = Release|Any CPU
		{AE704B90-7AC9-4567-B9BC-EB2C60EFD8AF}.Release|Mixed Platforms.Build.0 = Release|Any CPU
		{AE704B90-7AC9-4567-B9BC-EB2C60EFD8AF}.Release|Win32.ActiveCfg = Release|Any CPU
		{AE704B90-7AC9-4567-B9BC-EB2C60EFD8AF}.Release|x86.ActiveCfg = Release|Any CPU
		{980DEA7F-BE8A-4287-ACF1-1494602BBB8B}.CompilerOnly|Any CPU.ActiveCfg = Release|Any CPU
		{980DEA7F-BE8A-4287-ACF1-1494602BBB8B}.CompilerOnly|Any CPU.Build.0 = Release|Any CPU
		{980DEA7F-BE8A-4287-ACF1-1494602BBB8B}.CompilerOnly|Mixed Platforms.ActiveCfg = Release|Any CPU
		{980DEA7F-BE8A-4287-ACF1-1494602BBB8B}.CompilerOnly|Mixed Platforms.Build.0 = Release|Any CPU
		{980DEA7F-BE8A-4287-ACF1-1494602BBB8B}.CompilerOnly|Win32.ActiveCfg = Release|Any CPU
		{980DEA7F-BE8A-4287-ACF1-1494602BBB8B}.CompilerOnly|x86.ActiveCfg = Release|Any CPU
		{980DEA7F-BE8A-4287-ACF1-1494602BBB8B}.Debug|Any CPU.ActiveCfg = Debug|Any CPU
		{980DEA7F-BE8A-4287-ACF1-1494602BBB8B}.Debug|Any CPU.Build.0 = Debug|Any CPU
		{980DEA7F-BE8A-4287-ACF1-1494602BBB8B}.Debug|Mixed Platforms.ActiveCfg = Debug|Any CPU
		{980DEA7F-BE8A-4287-ACF1-1494602BBB8B}.Debug|Mixed Platforms.Build.0 = Debug|Any CPU
		{980DEA7F-BE8A-4287-ACF1-1494602BBB8B}.Debug|Win32.ActiveCfg = Debug|Any CPU
		{980DEA7F-BE8A-4287-ACF1-1494602BBB8B}.Debug|x86.ActiveCfg = Debug|Any CPU
		{980DEA7F-BE8A-4287-ACF1-1494602BBB8B}.FastpathSim|Any CPU.ActiveCfg = Release|Any CPU
		{980DEA7F-BE8A-4287-ACF1-1494602BBB8B}.FastpathSim|Any CPU.Build.0 = Release|Any CPU
		{980DEA7F-BE8A-4287-ACF1-1494602BBB8B}.FastpathSim|Mixed Platforms.ActiveCfg = Release|Any CPU
		{980DEA7F-BE8A-4287-ACF1-1494602BBB8B}.FastpathSim|Mixed Platforms.Build.0 = Release|Any CPU
		{980DEA7F-BE8A-4287-ACF1-1494602BBB8B}.FastpathSim|Win32.ActiveCfg = Release|Any CPU
		{980DEA7F-BE8A-4287-ACF1-1494602BBB8B}.FastpathSim|x86.ActiveCfg = Release|Any CPU
		{980DEA7F-BE8A-4287-ACF1-1494602BBB8B}.NightlyDebug|Any CPU.ActiveCfg = Debug|Any CPU
		{980DEA7F-BE8A-4287-ACF1-1494602BBB8B}.NightlyDebug|Any CPU.Build.0 = Debug|Any CPU
		{980DEA7F-BE8A-4287-ACF1-1494602BBB8B}.NightlyDebug|Mixed Platforms.ActiveCfg = Debug|Any CPU
		{980DEA7F-BE8A-4287-ACF1-1494602BBB8B}.NightlyDebug|Mixed Platforms.Build.0 = Debug|Any CPU
		{980DEA7F-BE8A-4287-ACF1-1494602BBB8B}.NightlyDebug|Win32.ActiveCfg = Debug|Any CPU
		{980DEA7F-BE8A-4287-ACF1-1494602BBB8B}.NightlyDebug|x86.ActiveCfg = Debug|Any CPU
		{980DEA7F-BE8A-4287-ACF1-1494602BBB8B}.NightlyRelease|Any CPU.ActiveCfg = Release|Any CPU
		{980DEA7F-BE8A-4287-ACF1-1494602BBB8B}.NightlyRelease|Any CPU.Build.0 = Release|Any CPU
		{980DEA7F-BE8A-4287-ACF1-1494602BBB8B}.NightlyRelease|Mixed Platforms.ActiveCfg = Release|Any CPU
		{980DEA7F-BE8A-4287-ACF1-1494602BBB8B}.NightlyRelease|Mixed Platforms.Build.0 = Release|Any CPU
		{980DEA7F-BE8A-4287-ACF1-1494602BBB8B}.NightlyRelease|Win32.ActiveCfg = Release|Any CPU
		{980DEA7F-BE8A-4287-ACF1-1494602BBB8B}.NightlyRelease|x86.ActiveCfg = Release|Any CPU
		{980DEA7F-BE8A-4287-ACF1-1494602BBB8B}.Release|Any CPU.ActiveCfg = Release|Any CPU
		{980DEA7F-BE8A-4287-ACF1-1494602BBB8B}.Release|Any CPU.Build.0 = Release|Any CPU
		{980DEA7F-BE8A-4287-ACF1-1494602BBB8B}.Release|Mixed Platforms.ActiveCfg = Release|Any CPU
		{980DEA7F-BE8A-4287-ACF1-1494602BBB8B}.Release|Mixed Platforms.Build.0 = Release|Any CPU
		{980DEA7F-BE8A-4287-ACF1-1494602BBB8B}.Release|Win32.ActiveCfg = Release|Any CPU
		{980DEA7F-BE8A-4287-ACF1-1494602BBB8B}.Release|x86.ActiveCfg = Release|Any CPU
		{91D3E48E-0CFC-4F86-8B1C-456428095B1C}.CompilerOnly|Any CPU.ActiveCfg = Release|Any CPU
		{91D3E48E-0CFC-4F86-8B1C-456428095B1C}.CompilerOnly|Any CPU.Build.0 = Release|Any CPU
		{91D3E48E-0CFC-4F86-8B1C-456428095B1C}.CompilerOnly|Mixed Platforms.ActiveCfg = Release|Any CPU
		{91D3E48E-0CFC-4F86-8B1C-456428095B1C}.CompilerOnly|Mixed Platforms.Build.0 = Release|Any CPU
		{91D3E48E-0CFC-4F86-8B1C-456428095B1C}.CompilerOnly|Win32.ActiveCfg = Release|Any CPU
		{91D3E48E-0CFC-4F86-8B1C-456428095B1C}.CompilerOnly|x86.ActiveCfg = Release|Any CPU
		{91D3E48E-0CFC-4F86-8B1C-456428095B1C}.Debug|Any CPU.ActiveCfg = Debug|Any CPU
		{91D3E48E-0CFC-4F86-8B1C-456428095B1C}.Debug|Any CPU.Build.0 = Debug|Any CPU
		{91D3E48E-0CFC-4F86-8B1C-456428095B1C}.Debug|Mixed Platforms.ActiveCfg = Debug|Any CPU
		{91D3E48E-0CFC-4F86-8B1C-456428095B1C}.Debug|Mixed Platforms.Build.0 = Debug|Any CPU
		{91D3E48E-0CFC-4F86-8B1C-456428095B1C}.Debug|Win32.ActiveCfg = Debug|Any CPU
		{91D3E48E-0CFC-4F86-8B1C-456428095B1C}.Debug|x86.ActiveCfg = Debug|Any CPU
		{91D3E48E-0CFC-4F86-8B1C-456428095B1C}.FastpathSim|Any CPU.ActiveCfg = Release|Any CPU
		{91D3E48E-0CFC-4F86-8B1C-456428095B1C}.FastpathSim|Any CPU.Build.0 = Release|Any CPU
		{91D3E48E-0CFC-4F86-8B1C-456428095B1C}.FastpathSim|Mixed Platforms.ActiveCfg = Release|Any CPU
		{91D3E48E-0CFC-4F86-8B1C-456428095B1C}.FastpathSim|Mixed Platforms.Build.0 = Release|Any CPU
		{91D3E48E-0CFC-4F86-8B1C-456428095B1C}.FastpathSim|Win32.ActiveCfg = Release|Any CPU
		{91D3E48E-0CFC-4F86-8B1C-456428095B1C}.FastpathSim|x86.ActiveCfg = Release|Any CPU
		{91D3E48E-0CFC-4F86-8B1C-456428095B1C}.NightlyDebug|Any CPU.ActiveCfg = Debug|Any CPU
		{91D3E48E-0CFC-4F86-8B1C-456428095B1C}.NightlyDebug|Any CPU.Build.0 = Debug|Any CPU
		{91D3E48E-0CFC-4F86-8B1C-456428095B1C}.NightlyDebug|Mixed Platforms.ActiveCfg = Debug|Any CPU
		{91D3E48E-0CFC-4F86-8B1C-456428095B1C}.NightlyDebug|Mixed Platforms.Build.0 = Debug|Any CPU
		{91D3E48E-0CFC-4F86-8B1C-456428095B1C}.NightlyDebug|Win32.ActiveCfg = Debug|Any CPU
		{91D3E48E-0CFC-4F86-8B1C-456428095B1C}.NightlyDebug|x86.ActiveCfg = Debug|Any CPU
		{91D3E48E-0CFC-4F86-8B1C-456428095B1C}.NightlyRelease|Any CPU.ActiveCfg = Release|Any CPU
		{91D3E48E-0CFC-4F86-8B1C-456428095B1C}.NightlyRelease|Any CPU.Build.0 = Release|Any CPU
		{91D3E48E-0CFC-4F86-8B1C-456428095B1C}.NightlyRelease|Mixed Platforms.ActiveCfg = Release|Any CPU
		{91D3E48E-0CFC-4F86-8B1C-456428095B1C}.NightlyRelease|Mixed Platforms.Build.0 = Release|Any CPU
		{91D3E48E-0CFC-4F86-8B1C-456428095B1C}.NightlyRelease|Win32.ActiveCfg = Release|Any CPU
		{91D3E48E-0CFC-4F86-8B1C-456428095B1C}.NightlyRelease|x86.ActiveCfg = Release|Any CPU
		{91D3E48E-0CFC-4F86-8B1C-456428095B1C}.Release|Any CPU.ActiveCfg = Release|Any CPU
		{91D3E48E-0CFC-4F86-8B1C-456428095B1C}.Release|Any CPU.Build.0 = Release|Any CPU
		{91D3E48E-0CFC-4F86-8B1C-456428095B1C}.Release|Mixed Platforms.ActiveCfg = Release|Any CPU
		{91D3E48E-0CFC-4F86-8B1C-456428095B1C}.Release|Mixed Platforms.Build.0 = Release|Any CPU
		{91D3E48E-0CFC-4F86-8B1C-456428095B1C}.Release|Win32.ActiveCfg = Release|Any CPU
		{91D3E48E-0CFC-4F86-8B1C-456428095B1C}.Release|x86.ActiveCfg = Release|Any CPU
		{C17FACB4-07E2-43F9-BFFE-7891F65928CF}.CompilerOnly|Any CPU.ActiveCfg = Release|Any CPU
		{C17FACB4-07E2-43F9-BFFE-7891F65928CF}.CompilerOnly|Any CPU.Build.0 = Release|Any CPU
		{C17FACB4-07E2-43F9-BFFE-7891F65928CF}.CompilerOnly|Mixed Platforms.ActiveCfg = Release|Any CPU
		{C17FACB4-07E2-43F9-BFFE-7891F65928CF}.CompilerOnly|Mixed Platforms.Build.0 = Release|Any CPU
		{C17FACB4-07E2-43F9-BFFE-7891F65928CF}.CompilerOnly|Win32.ActiveCfg = Release|Any CPU
		{C17FACB4-07E2-43F9-BFFE-7891F65928CF}.CompilerOnly|x86.ActiveCfg = Release|Any CPU
		{C17FACB4-07E2-43F9-BFFE-7891F65928CF}.Debug|Any CPU.ActiveCfg = Debug|Any CPU
		{C17FACB4-07E2-43F9-BFFE-7891F65928CF}.Debug|Any CPU.Build.0 = Debug|Any CPU
		{C17FACB4-07E2-43F9-BFFE-7891F65928CF}.Debug|Mixed Platforms.ActiveCfg = Debug|Any CPU
		{C17FACB4-07E2-43F9-BFFE-7891F65928CF}.Debug|Mixed Platforms.Build.0 = Debug|Any CPU
		{C17FACB4-07E2-43F9-BFFE-7891F65928CF}.Debug|Win32.ActiveCfg = Debug|Any CPU
		{C17FACB4-07E2-43F9-BFFE-7891F65928CF}.Debug|x86.ActiveCfg = Debug|Any CPU
		{C17FACB4-07E2-43F9-BFFE-7891F65928CF}.FastpathSim|Any CPU.ActiveCfg = Release|Any CPU
		{C17FACB4-07E2-43F9-BFFE-7891F65928CF}.FastpathSim|Any CPU.Build.0 = Release|Any CPU
		{C17FACB4-07E2-43F9-BFFE-7891F65928CF}.FastpathSim|Mixed Platforms.ActiveCfg = Release|Any CPU
		{C17FACB4-07E2-43F9-BFFE-7891F65928CF}.FastpathSim|Mixed Platforms.Build.0 = Release|Any CPU
		{C17FACB4-07E2-43F9-BFFE-7891F65928CF}.FastpathSim|Win32.ActiveCfg = Release|Any CPU
		{C17FACB4-07E2-43F9-BFFE-7891F65928CF}.FastpathSim|x86.ActiveCfg = Release|Any CPU
		{C17FACB4-07E2-43F9-BFFE-7891F65928CF}.NightlyDebug|Any CPU.ActiveCfg = Debug|Any CPU
		{C17FACB4-07E2-43F9-BFFE-7891F65928CF}.NightlyDebug|Any CPU.Build.0 = Debug|Any CPU
		{C17FACB4-07E2-43F9-BFFE-7891F65928CF}.NightlyDebug|Mixed Platforms.ActiveCfg = Debug|Any CPU
		{C17FACB4-07E2-43F9-BFFE-7891F65928CF}.NightlyDebug|Mixed Platforms.Build.0 = Debug|Any CPU
		{C17FACB4-07E2-43F9-BFFE-7891F65928CF}.NightlyDebug|Win32.ActiveCfg = Debug|Any CPU
		{C17FACB4-07E2-43F9-BFFE-7891F65928CF}.NightlyDebug|x86.ActiveCfg = Debug|Any CPU
		{C17FACB4-07E2-43F9-BFFE-7891F65928CF}.NightlyRelease|Any CPU.ActiveCfg = Release|Any CPU
		{C17FACB4-07E2-43F9-BFFE-7891F65928CF}.NightlyRelease|Any CPU.Build.0 = Release|Any CPU
		{C17FACB4-07E2-43F9-BFFE-7891F65928CF}.NightlyRelease|Mixed Platforms.ActiveCfg = Release|Any CPU
		{C17FACB4-07E2-43F9-BFFE-7891F65928CF}.NightlyRelease|Mixed Platforms.Build.0 = Release|Any CPU
		{C17FACB4-07E2-43F9-BFFE-7891F65928CF}.NightlyRelease|Win32.ActiveCfg = Release|Any CPU
		{C17FACB4-07E2-43F9-BFFE-7891F65928CF}.NightlyRelease|x86.ActiveCfg = Release|Any CPU
		{C17FACB4-07E2-43F9-BFFE-7891F65928CF}.Release|Any CPU.ActiveCfg = Release|Any CPU
		{C17FACB4-07E2-43F9-BFFE-7891F65928CF}.Release|Any CPU.Build.0 = Release|Any CPU
		{C17FACB4-07E2-43F9-BFFE-7891F65928CF}.Release|Mixed Platforms.ActiveCfg = Release|Any CPU
		{C17FACB4-07E2-43F9-BFFE-7891F65928CF}.Release|Mixed Platforms.Build.0 = Release|Any CPU
		{C17FACB4-07E2-43F9-BFFE-7891F65928CF}.Release|Win32.ActiveCfg = Release|Any CPU
		{C17FACB4-07E2-43F9-BFFE-7891F65928CF}.Release|x86.ActiveCfg = Release|Any CPU
		{CB0A7510-EEB3-4402-9EEE-A04E16B20D3D}.CompilerOnly|Any CPU.ActiveCfg = Release|Any CPU
		{CB0A7510-EEB3-4402-9EEE-A04E16B20D3D}.CompilerOnly|Any CPU.Build.0 = Release|Any CPU
		{CB0A7510-EEB3-4402-9EEE-A04E16B20D3D}.CompilerOnly|Mixed Platforms.ActiveCfg = Release|Any CPU
		{CB0A7510-EEB3-4402-9EEE-A04E16B20D3D}.CompilerOnly|Mixed Platforms.Build.0 = Release|Any CPU
		{CB0A7510-EEB3-4402-9EEE-A04E16B20D3D}.CompilerOnly|Win32.ActiveCfg = Release|Any CPU
		{CB0A7510-EEB3-4402-9EEE-A04E16B20D3D}.CompilerOnly|x86.ActiveCfg = Release|Any CPU
		{CB0A7510-EEB3-4402-9EEE-A04E16B20D3D}.Debug|Any CPU.ActiveCfg = Debug|Any CPU
		{CB0A7510-EEB3-4402-9EEE-A04E16B20D3D}.Debug|Any CPU.Build.0 = Debug|Any CPU
		{CB0A7510-EEB3-4402-9EEE-A04E16B20D3D}.Debug|Mixed Platforms.ActiveCfg = Debug|Any CPU
		{CB0A7510-EEB3-4402-9EEE-A04E16B20D3D}.Debug|Mixed Platforms.Build.0 = Debug|Any CPU
		{CB0A7510-EEB3-4402-9EEE-A04E16B20D3D}.Debug|Win32.ActiveCfg = Debug|Any CPU
		{CB0A7510-EEB3-4402-9EEE-A04E16B20D3D}.Debug|x86.ActiveCfg = Debug|Any CPU
		{CB0A7510-EEB3-4402-9EEE-A04E16B20D3D}.FastpathSim|Any CPU.ActiveCfg = Release|Any CPU
		{CB0A7510-EEB3-4402-9EEE-A04E16B20D3D}.FastpathSim|Any CPU.Build.0 = Release|Any CPU
		{CB0A7510-EEB3-4402-9EEE-A04E16B20D3D}.FastpathSim|Mixed Platforms.ActiveCfg = Release|Any CPU
		{CB0A7510-EEB3-4402-9EEE-A04E16B20D3D}.FastpathSim|Mixed Platforms.Build.0 = Release|Any CPU
		{CB0A7510-EEB3-4402-9EEE-A04E16B20D3D}.FastpathSim|Win32.ActiveCfg = Release|Any CPU
		{CB0A7510-EEB3-4402-9EEE-A04E16B20D3D}.FastpathSim|x86.ActiveCfg = Release|Any CPU
		{CB0A7510-EEB3-4402-9EEE-A04E16B20D3D}.NightlyDebug|Any CPU.ActiveCfg = Debug|Any CPU
		{CB0A7510-EEB3-4402-9EEE-A04E16B20D3D}.NightlyDebug|Any CPU.Build.0 = Debug|Any CPU
		{CB0A7510-EEB3-4402-9EEE-A04E16B20D3D}.NightlyDebug|Mixed Platforms.ActiveCfg = Debug|Any CPU
		{CB0A7510-EEB3-4402-9EEE-A04E16B20D3D}.NightlyDebug|Mixed Platforms.Build.0 = Debug|Any CPU
		{CB0A7510-EEB3-4402-9EEE-A04E16B20D3D}.NightlyDebug|Win32.ActiveCfg = Debug|Any CPU
		{CB0A7510-EEB3-4402-9EEE-A04E16B20D3D}.NightlyDebug|x86.ActiveCfg = Debug|Any CPU
		{CB0A7510-EEB3-4402-9EEE-A04E16B20D3D}.NightlyRelease|Any CPU.ActiveCfg = Release|Any CPU
		{CB0A7510-EEB3-4402-9EEE-A04E16B20D3D}.NightlyRelease|Any CPU.Build.0 = Release|Any CPU
		{CB0A7510-EEB3-4402-9EEE-A04E16B20D3D}.NightlyRelease|Mixed Platforms.ActiveCfg = Release|Any CPU
		{CB0A7510-EEB3-4402-9EEE-A04E16B20D3D}.NightlyRelease|Mixed Platforms.Build.0 = Release|Any CPU
		{CB0A7510-EEB3-4402-9EEE-A04E16B20D3D}.NightlyRelease|Win32.ActiveCfg = Release|Any CPU
		{CB0A7510-EEB3-4402-9EEE-A04E16B20D3D}.NightlyRelease|x86.ActiveCfg = Release|Any CPU
		{CB0A7510-EEB3-4402-9EEE-A04E16B20D3D}.Release|Any CPU.ActiveCfg = Release|Any CPU
		{CB0A7510-EEB3-4402-9EEE-A04E16B20D3D}.Release|Any CPU.Build.0 = Release|Any CPU
		{CB0A7510-EEB3-4402-9EEE-A04E16B20D3D}.Release|Mixed Platforms.ActiveCfg = Release|Any CPU
		{CB0A7510-EEB3-4402-9EEE-A04E16B20D3D}.Release|Mixed Platforms.Build.0 = Release|Any CPU
		{CB0A7510-EEB3-4402-9EEE-A04E16B20D3D}.Release|Win32.ActiveCfg = Release|Any CPU
		{CB0A7510-EEB3-4402-9EEE-A04E16B20D3D}.Release|x86.ActiveCfg = Release|Any CPU
		{C934A124-5208-4BF9-A1F0-B514287AD541}.CompilerOnly|Any CPU.ActiveCfg = Release|Any CPU
		{C934A124-5208-4BF9-A1F0-B514287AD541}.CompilerOnly|Any CPU.Build.0 = Release|Any CPU
		{C934A124-5208-4BF9-A1F0-B514287AD541}.CompilerOnly|Mixed Platforms.ActiveCfg = Release|Any CPU
		{C934A124-5208-4BF9-A1F0-B514287AD541}.CompilerOnly|Mixed Platforms.Build.0 = Release|Any CPU
		{C934A124-5208-4BF9-A1F0-B514287AD541}.CompilerOnly|Win32.ActiveCfg = Release|Any CPU
		{C934A124-5208-4BF9-A1F0-B514287AD541}.CompilerOnly|x86.ActiveCfg = Release|Any CPU
		{C934A124-5208-4BF9-A1F0-B514287AD541}.Debug|Any CPU.ActiveCfg = Debug|Any CPU
		{C934A124-5208-4BF9-A1F0-B514287AD541}.Debug|Any CPU.Build.0 = Debug|Any CPU
		{C934A124-5208-4BF9-A1F0-B514287AD541}.Debug|Mixed Platforms.ActiveCfg = Debug|Any CPU
		{C934A124-5208-4BF9-A1F0-B514287AD541}.Debug|Mixed Platforms.Build.0 = Debug|Any CPU
		{C934A124-5208-4BF9-A1F0-B514287AD541}.Debug|Win32.ActiveCfg = Debug|Any CPU
		{C934A124-5208-4BF9-A1F0-B514287AD541}.Debug|x86.ActiveCfg = Debug|Any CPU
		{C934A124-5208-4BF9-A1F0-B514287AD541}.FastpathSim|Any CPU.ActiveCfg = Release|Any CPU
		{C934A124-5208-4BF9-A1F0-B514287AD541}.FastpathSim|Any CPU.Build.0 = Release|Any CPU
		{C934A124-5208-4BF9-A1F0-B514287AD541}.FastpathSim|Mixed Platforms.ActiveCfg = Release|Any CPU
		{C934A124-5208-4BF9-A1F0-B514287AD541}.FastpathSim|Mixed Platforms.Build.0 = Release|Any CPU
		{C934A124-5208-4BF9-A1F0-B514287AD541}.FastpathSim|Win32.ActiveCfg = Release|Any CPU
		{C934A124-5208-4BF9-A1F0-B514287AD541}.FastpathSim|x86.ActiveCfg = Release|Any CPU
		{C934A124-5208-4BF9-A1F0-B514287AD541}.NightlyDebug|Any CPU.ActiveCfg = Debug|Any CPU
		{C934A124-5208-4BF9-A1F0-B514287AD541}.NightlyDebug|Any CPU.Build.0 = Debug|Any CPU
		{C934A124-5208-4BF9-A1F0-B514287AD541}.NightlyDebug|Mixed Platforms.ActiveCfg = Debug|Any CPU
		{C934A124-5208-4BF9-A1F0-B514287AD541}.NightlyDebug|Mixed Platforms.Build.0 = Debug|Any CPU
		{C934A124-5208-4BF9-A1F0-B514287AD541}.NightlyDebug|Win32.ActiveCfg = Debug|Any CPU
		{C934A124-5208-4BF9-A1F0-B514287AD541}.NightlyDebug|x86.ActiveCfg = Debug|Any CPU
		{C934A124-5208-4BF9-A1F0-B514287AD541}.NightlyRelease|Any CPU.ActiveCfg = Release|Any CPU
		{C934A124-5208-4BF9-A1F0-B514287AD541}.NightlyRelease|Any CPU.Build.0 = Release|Any CPU
		{C934A124-5208-4BF9-A1F0-B514287AD541}.NightlyRelease|Mixed Platforms.ActiveCfg = Release|Any CPU
		{C934A124-5208-4BF9-A1F0-B514287AD541}.NightlyRelease|Mixed Platforms.Build.0 = Release|Any CPU
		{C934A124-5208-4BF9-A1F0-B514287AD541}.NightlyRelease|Win32.ActiveCfg = Release|Any CPU
		{C934A124-5208-4BF9-A1F0-B514287AD541}.NightlyRelease|x86.ActiveCfg = Release|Any CPU
		{C934A124-5208-4BF9-A1F0-B514287AD541}.Release|Any CPU.ActiveCfg = Release|Any CPU
		{C934A124-5208-4BF9-A1F0-B514287AD541}.Release|Any CPU.Build.0 = Release|Any CPU
		{C934A124-5208-4BF9-A1F0-B514287AD541}.Release|Mixed Platforms.ActiveCfg = Release|Any CPU
		{C934A124-5208-4BF9-A1F0-B514287AD541}.Release|Mixed Platforms.Build.0 = Release|Any CPU
		{C934A124-5208-4BF9-A1F0-B514287AD541}.Release|Win32.ActiveCfg = Release|Any CPU
		{C934A124-5208-4BF9-A1F0-B514287AD541}.Release|x86.ActiveCfg = Release|Any CPU
	EndGlobalSection
	GlobalSection(SolutionProperties) = preSolution
		HideSolutionNode = FALSE
	EndGlobalSection
	GlobalSection(NestedProjects) = preSolution
		{4A34A3C5-6176-49D7-A4C5-B2B671247F8F} = {0CDA2B39-B891-49AE-B67F-59E70534EE2B}
		{33CAB640-0D03-43DF-81BD-22CDC6C0A597} = {0CDA2B39-B891-49AE-B67F-59E70534EE2B}
		{B114E5FF-F2A2-4BE7-8AF1-936FC87030F0} = {0CDA2B39-B891-49AE-B67F-59E70534EE2B}
		{319E151C-8F33-49E7-81C9-30F02F9BA90A} = {0CDA2B39-B891-49AE-B67F-59E70534EE2B}
		{A6A31B03-7C3D-4DE6-AA73-BE88116BC40A} = {0CDA2B39-B891-49AE-B67F-59E70534EE2B}
		{6D83F687-ABB5-40B3-915E-CA53DA0EB7F3} = {0CDA2B39-B891-49AE-B67F-59E70534EE2B}
		{34B9A0CE-DF18-4CBC-8F7A-90C2B74338D5} = {0CDA2B39-B891-49AE-B67F-59E70534EE2B}
		{304A8B0B-851B-4AA6-A17D-5F87F39C5E5C} = {0CDA2B39-B891-49AE-B67F-59E70534EE2B}
		{4B0054FD-124A-4037-9965-BDB55E6BF389} = {0CDA2B39-B891-49AE-B67F-59E70534EE2B}
		{08156C78-403A-4112-AD81-8646AC51CD2F} = {0CDA2B39-B891-49AE-B67F-59E70534EE2B}
		{0DD0DE4A-10AC-4A3F-A3C6-4C96B902D819} = {B709D2A5-9303-401B-AF1B-0313C050FBC5}
		{CE2C2FFD-7195-4F8B-911A-42445EBAFFB9} = {B709D2A5-9303-401B-AF1B-0313C050FBC5}
		{6AC26EC8-2CA8-431C-89F2-954A2DD6B4D4} = {B709D2A5-9303-401B-AF1B-0313C050FBC5}
		{DCF621B2-47A4-490A-897D-C3593E2FB9C1} = {0DD0DE4A-10AC-4A3F-A3C6-4C96B902D819}
		{E8818AD9-D332-4B6D-B33F-0C0B942647A0} = {0DD0DE4A-10AC-4A3F-A3C6-4C96B902D819}
		{AE704B90-7AC9-4567-B9BC-EB2C60EFD8AF} = {0DD0DE4A-10AC-4A3F-A3C6-4C96B902D819}
		{980DEA7F-BE8A-4287-ACF1-1494602BBB8B} = {0DD0DE4A-10AC-4A3F-A3C6-4C96B902D819}
		{91D3E48E-0CFC-4F86-8B1C-456428095B1C} = {CE2C2FFD-7195-4F8B-911A-42445EBAFFB9}
		{C17FACB4-07E2-43F9-BFFE-7891F65928CF} = {CE2C2FFD-7195-4F8B-911A-42445EBAFFB9}
		{CB0A7510-EEB3-4402-9EEE-A04E16B20D3D} = {CE2C2FFD-7195-4F8B-911A-42445EBAFFB9}
		{C934A124-5208-4BF9-A1F0-B514287AD541} = {6AC26EC8-2CA8-431C-89F2-954A2DD6B4D4}
	EndGlobalSection
EndGlobal
