
Microsoft Visual Studio Solution File, Format Version 11.00
# Visual Studio 2010
Project("{FAE04EC0-301F-11D3-BF4B-00C04F79EFBC}") = "libSmoz", "src\libSmoz\libSmoz.csproj", "{18FE98B5-02BA-4738-ADC2-8E7C4BC7A580}"
EndProject
Project("{FAE04EC0-301F-11D3-BF4B-00C04F79EFBC}") = "testHarness", "src\testHarness\testHarness.csproj", "{DF22B70F-B2EF-46C9-AB8B-A270E4DCB6CB}"
EndProject
Project("{FAE04EC0-301F-11D3-BF4B-00C04F79EFBC}") = "SMOz.Tests", "src\SMOz.Tests\SMOz.Tests.csproj", "{31FF2C35-2B58-4147-8206-A90C6B3E6B48}"
EndProject
Project("{FAE04EC0-301F-11D3-BF4B-00C04F79EFBC}") = "SMOz.CLI", "src\SMOz.CLI\SMOz.CLI.csproj", "{FB985F22-BF17-4320-90D8-2934B8035CD8}"
EndProject
Project("{FAE04EC0-301F-11D3-BF4B-00C04F79EFBC}") = "SMOz.WPF", "src\SMOz.WPF\SMOz.WPF.csproj", "{8F4532A7-983A-4202-9010-4A88F2EC0F21}"
EndProject
Project("{FAE04EC0-301F-11D3-BF4B-00C04F79EFBC}") = "CSharpOptParse", "lib\CSharpOptParse-Source 1.0.1\CSharpOptParse.csproj", "{EA550970-C2A0-4B5A-BBE2-7745638FBB85}"
EndProject
Project("{FAE04EC0-301F-11D3-BF4B-00C04F79EFBC}") = "fastJSON", "lib\fastJSON\fastJSON.csproj", "{207E91B1-C9F8-4913-88E1-3549EF5F3273}"
EndProject
Project("{FAE04EC0-301F-11D3-BF4B-00C04F79EFBC}") = "Zip Reduced", "lib\DotNetZip\Zip Reduced\Zip Reduced.csproj", "{49A128D3-C3F2-46B1-8F7A-EECD209EA860}"
EndProject
Global
	GlobalSection(SolutionConfigurationPlatforms) = preSolution
		Debug|Any CPU = Debug|Any CPU
		Debug|Mixed Platforms = Debug|Mixed Platforms
		Debug|x86 = Debug|x86
		Release|Any CPU = Release|Any CPU
		Release|Mixed Platforms = Release|Mixed Platforms
		Release|x86 = Release|x86
	EndGlobalSection
	GlobalSection(ProjectConfigurationPlatforms) = postSolution
		{18FE98B5-02BA-4738-ADC2-8E7C4BC7A580}.Debug|Any CPU.ActiveCfg = Debug|Any CPU
		{18FE98B5-02BA-4738-ADC2-8E7C4BC7A580}.Debug|Any CPU.Build.0 = Debug|Any CPU
		{18FE98B5-02BA-4738-ADC2-8E7C4BC7A580}.Debug|Mixed Platforms.ActiveCfg = Debug|Any CPU
		{18FE98B5-02BA-4738-ADC2-8E7C4BC7A580}.Debug|Mixed Platforms.Build.0 = Debug|Any CPU
		{18FE98B5-02BA-4738-ADC2-8E7C4BC7A580}.Debug|x86.ActiveCfg = Debug|Any CPU
		{18FE98B5-02BA-4738-ADC2-8E7C4BC7A580}.Release|Any CPU.ActiveCfg = Release|Any CPU
		{18FE98B5-02BA-4738-ADC2-8E7C4BC7A580}.Release|Any CPU.Build.0 = Release|Any CPU
		{18FE98B5-02BA-4738-ADC2-8E7C4BC7A580}.Release|Mixed Platforms.ActiveCfg = Release|Any CPU
		{18FE98B5-02BA-4738-ADC2-8E7C4BC7A580}.Release|Mixed Platforms.Build.0 = Release|Any CPU
		{18FE98B5-02BA-4738-ADC2-8E7C4BC7A580}.Release|x86.ActiveCfg = Release|Any CPU
		{DF22B70F-B2EF-46C9-AB8B-A270E4DCB6CB}.Debug|Any CPU.ActiveCfg = Debug|Any CPU
		{DF22B70F-B2EF-46C9-AB8B-A270E4DCB6CB}.Debug|Any CPU.Build.0 = Debug|Any CPU
		{DF22B70F-B2EF-46C9-AB8B-A270E4DCB6CB}.Debug|Mixed Platforms.ActiveCfg = Debug|Any CPU
		{DF22B70F-B2EF-46C9-AB8B-A270E4DCB6CB}.Debug|Mixed Platforms.Build.0 = Debug|Any CPU
		{DF22B70F-B2EF-46C9-AB8B-A270E4DCB6CB}.Debug|x86.ActiveCfg = Debug|Any CPU
		{DF22B70F-B2EF-46C9-AB8B-A270E4DCB6CB}.Release|Any CPU.ActiveCfg = Release|Any CPU
		{DF22B70F-B2EF-46C9-AB8B-A270E4DCB6CB}.Release|Any CPU.Build.0 = Release|Any CPU
		{DF22B70F-B2EF-46C9-AB8B-A270E4DCB6CB}.Release|Mixed Platforms.ActiveCfg = Release|Any CPU
		{DF22B70F-B2EF-46C9-AB8B-A270E4DCB6CB}.Release|Mixed Platforms.Build.0 = Release|Any CPU
		{DF22B70F-B2EF-46C9-AB8B-A270E4DCB6CB}.Release|x86.ActiveCfg = Release|Any CPU
		{31FF2C35-2B58-4147-8206-A90C6B3E6B48}.Debug|Any CPU.ActiveCfg = Debug|Any CPU
		{31FF2C35-2B58-4147-8206-A90C6B3E6B48}.Debug|Any CPU.Build.0 = Debug|Any CPU
		{31FF2C35-2B58-4147-8206-A90C6B3E6B48}.Debug|Mixed Platforms.ActiveCfg = Debug|Any CPU
		{31FF2C35-2B58-4147-8206-A90C6B3E6B48}.Debug|Mixed Platforms.Build.0 = Debug|Any CPU
		{31FF2C35-2B58-4147-8206-A90C6B3E6B48}.Debug|x86.ActiveCfg = Debug|Any CPU
		{31FF2C35-2B58-4147-8206-A90C6B3E6B48}.Release|Any CPU.ActiveCfg = Release|Any CPU
		{31FF2C35-2B58-4147-8206-A90C6B3E6B48}.Release|Any CPU.Build.0 = Release|Any CPU
		{31FF2C35-2B58-4147-8206-A90C6B3E6B48}.Release|Mixed Platforms.ActiveCfg = Release|Any CPU
		{31FF2C35-2B58-4147-8206-A90C6B3E6B48}.Release|Mixed Platforms.Build.0 = Release|Any CPU
		{31FF2C35-2B58-4147-8206-A90C6B3E6B48}.Release|x86.ActiveCfg = Release|Any CPU
		{FB985F22-BF17-4320-90D8-2934B8035CD8}.Debug|Any CPU.ActiveCfg = Debug|x86
		{FB985F22-BF17-4320-90D8-2934B8035CD8}.Debug|Mixed Platforms.ActiveCfg = Debug|x86
		{FB985F22-BF17-4320-90D8-2934B8035CD8}.Debug|Mixed Platforms.Build.0 = Debug|x86
		{FB985F22-BF17-4320-90D8-2934B8035CD8}.Debug|x86.ActiveCfg = Debug|x86
		{FB985F22-BF17-4320-90D8-2934B8035CD8}.Debug|x86.Build.0 = Debug|x86
		{FB985F22-BF17-4320-90D8-2934B8035CD8}.Release|Any CPU.ActiveCfg = Release|x86
		{FB985F22-BF17-4320-90D8-2934B8035CD8}.Release|Mixed Platforms.ActiveCfg = Release|x86
		{FB985F22-BF17-4320-90D8-2934B8035CD8}.Release|Mixed Platforms.Build.0 = Release|x86
		{FB985F22-BF17-4320-90D8-2934B8035CD8}.Release|x86.ActiveCfg = Release|x86
		{FB985F22-BF17-4320-90D8-2934B8035CD8}.Release|x86.Build.0 = Release|x86
		{8F4532A7-983A-4202-9010-4A88F2EC0F21}.Debug|Any CPU.ActiveCfg = Debug|Any CPU
		{8F4532A7-983A-4202-9010-4A88F2EC0F21}.Debug|Any CPU.Build.0 = Debug|Any CPU
		{8F4532A7-983A-4202-9010-4A88F2EC0F21}.Debug|Mixed Platforms.ActiveCfg = Debug|Any CPU
		{8F4532A7-983A-4202-9010-4A88F2EC0F21}.Debug|Mixed Platforms.Build.0 = Debug|Any CPU
		{8F4532A7-983A-4202-9010-4A88F2EC0F21}.Debug|x86.ActiveCfg = Debug|Any CPU
		{8F4532A7-983A-4202-9010-4A88F2EC0F21}.Release|Any CPU.ActiveCfg = Release|Any CPU
		{8F4532A7-983A-4202-9010-4A88F2EC0F21}.Release|Any CPU.Build.0 = Release|Any CPU
		{8F4532A7-983A-4202-9010-4A88F2EC0F21}.Release|Mixed Platforms.ActiveCfg = Release|Any CPU
		{8F4532A7-983A-4202-9010-4A88F2EC0F21}.Release|Mixed Platforms.Build.0 = Release|Any CPU
		{8F4532A7-983A-4202-9010-4A88F2EC0F21}.Release|x86.ActiveCfg = Release|Any CPU
		{EA550970-C2A0-4B5A-BBE2-7745638FBB85}.Debug|Any CPU.ActiveCfg = Debug|Any CPU
		{EA550970-C2A0-4B5A-BBE2-7745638FBB85}.Debug|Any CPU.Build.0 = Debug|Any CPU
		{EA550970-C2A0-4B5A-BBE2-7745638FBB85}.Debug|Mixed Platforms.ActiveCfg = Debug|Any CPU
		{EA550970-C2A0-4B5A-BBE2-7745638FBB85}.Debug|Mixed Platforms.Build.0 = Debug|Any CPU
		{EA550970-C2A0-4B5A-BBE2-7745638FBB85}.Debug|x86.ActiveCfg = Debug|Any CPU
		{EA550970-C2A0-4B5A-BBE2-7745638FBB85}.Release|Any CPU.ActiveCfg = Release|Any CPU
		{EA550970-C2A0-4B5A-BBE2-7745638FBB85}.Release|Any CPU.Build.0 = Release|Any CPU
		{EA550970-C2A0-4B5A-BBE2-7745638FBB85}.Release|Mixed Platforms.ActiveCfg = Release|Any CPU
		{EA550970-C2A0-4B5A-BBE2-7745638FBB85}.Release|Mixed Platforms.Build.0 = Release|Any CPU
		{EA550970-C2A0-4B5A-BBE2-7745638FBB85}.Release|x86.ActiveCfg = Release|Any CPU
		{207E91B1-C9F8-4913-88E1-3549EF5F3273}.Debug|Any CPU.ActiveCfg = Debug|Any CPU
		{207E91B1-C9F8-4913-88E1-3549EF5F3273}.Debug|Any CPU.Build.0 = Debug|Any CPU
		{207E91B1-C9F8-4913-88E1-3549EF5F3273}.Debug|Mixed Platforms.ActiveCfg = Debug|Any CPU
		{207E91B1-C9F8-4913-88E1-3549EF5F3273}.Debug|Mixed Platforms.Build.0 = Debug|Any CPU
		{207E91B1-C9F8-4913-88E1-3549EF5F3273}.Debug|x86.ActiveCfg = Debug|Any CPU
		{207E91B1-C9F8-4913-88E1-3549EF5F3273}.Release|Any CPU.ActiveCfg = Release|Any CPU
		{207E91B1-C9F8-4913-88E1-3549EF5F3273}.Release|Any CPU.Build.0 = Release|Any CPU
		{207E91B1-C9F8-4913-88E1-3549EF5F3273}.Release|Mixed Platforms.ActiveCfg = Release|Any CPU
		{207E91B1-C9F8-4913-88E1-3549EF5F3273}.Release|Mixed Platforms.Build.0 = Release|Any CPU
		{207E91B1-C9F8-4913-88E1-3549EF5F3273}.Release|x86.ActiveCfg = Release|Any CPU
		{49A128D3-C3F2-46B1-8F7A-EECD209EA860}.Debug|Any CPU.ActiveCfg = Debug|Any CPU
		{49A128D3-C3F2-46B1-8F7A-EECD209EA860}.Debug|Any CPU.Build.0 = Debug|Any CPU
		{49A128D3-C3F2-46B1-8F7A-EECD209EA860}.Debug|Mixed Platforms.ActiveCfg = Debug|Any CPU
		{49A128D3-C3F2-46B1-8F7A-EECD209EA860}.Debug|Mixed Platforms.Build.0 = Debug|Any CPU
		{49A128D3-C3F2-46B1-8F7A-EECD209EA860}.Debug|x86.ActiveCfg = Debug|Any CPU
		{49A128D3-C3F2-46B1-8F7A-EECD209EA860}.Release|Any CPU.ActiveCfg = Release|Any CPU
		{49A128D3-C3F2-46B1-8F7A-EECD209EA860}.Release|Any CPU.Build.0 = Release|Any CPU
		{49A128D3-C3F2-46B1-8F7A-EECD209EA860}.Release|Mixed Platforms.ActiveCfg = Release|Any CPU
		{49A128D3-C3F2-46B1-8F7A-EECD209EA860}.Release|Mixed Platforms.Build.0 = Release|Any CPU
		{49A128D3-C3F2-46B1-8F7A-EECD209EA860}.Release|x86.ActiveCfg = Release|Any CPU
	EndGlobalSection
	GlobalSection(SolutionProperties) = preSolution
		HideSolutionNode = FALSE
	EndGlobalSection
EndGlobal
