
Microsoft Visual Studio Solution File, Format Version 10.00
# Visual Studio 2008
Project("{FAE04EC0-301F-11D3-BF4B-00C04F79EFBC}") = "libSmoz", "src\libSmoz\libSmoz.csproj", "{18FE98B5-02BA-4738-ADC2-8E7C4BC7A580}"
EndProject
Project("{FAE04EC0-301F-11D3-BF4B-00C04F79EFBC}") = "smoz-wpf", "src\smoz-wpf\smoz-wpf.csproj", "{8F4532A7-983A-4202-9010-4A88F2EC0F21}"
EndProject
Global
	GlobalSection(SolutionConfigurationPlatforms) = preSolution
		Debug|Any CPU = Debug|Any CPU
		Release|Any CPU = Release|Any CPU
	EndGlobalSection
	GlobalSection(ProjectConfigurationPlatforms) = postSolution
		{18FE98B5-02BA-4738-ADC2-8E7C4BC7A580}.Debug|Any CPU.ActiveCfg = Debug|Any CPU
		{18FE98B5-02BA-4738-ADC2-8E7C4BC7A580}.Debug|Any CPU.Build.0 = Debug|Any CPU
		{18FE98B5-02BA-4738-ADC2-8E7C4BC7A580}.Release|Any CPU.ActiveCfg = Release|Any CPU
		{18FE98B5-02BA-4738-ADC2-8E7C4BC7A580}.Release|Any CPU.Build.0 = Release|Any CPU
		{8F4532A7-983A-4202-9010-4A88F2EC0F21}.Debug|Any CPU.ActiveCfg = Debug|Any CPU
		{8F4532A7-983A-4202-9010-4A88F2EC0F21}.Debug|Any CPU.Build.0 = Debug|Any CPU
		{8F4532A7-983A-4202-9010-4A88F2EC0F21}.Release|Any CPU.ActiveCfg = Release|Any CPU
		{8F4532A7-983A-4202-9010-4A88F2EC0F21}.Release|Any CPU.Build.0 = Release|Any CPU
	EndGlobalSection
	GlobalSection(SolutionProperties) = preSolution
		HideSolutionNode = FALSE
	EndGlobalSection
EndGlobal
